// !$*UTF8*$!
{
	archiveVersion = 1;
	classes = {
	};
	objectVersion = 54;
	objects = {

/* Begin PBXAggregateTarget section */
		754EA4482C73E437004BBC13 /* Soup (All) */ = {
			isa = PBXAggregateTarget;
			buildConfigurationList = 754EA4492C73E438004BBC13 /* Build configuration list for PBXAggregateTarget "Soup (All)" */;
			buildPhases = (
			);
			dependencies = (
				754EA44D2C73E446004BBC13 /* PBXTargetDependency */,
				754EA44F2C73E446004BBC13 /* PBXTargetDependency */,
				754EA4552C73E446004BBC13 /* PBXTargetDependency */,
			);
			name = "Soup (All)";
			productName = "Soup (All)";
		};
/* End PBXAggregateTarget section */

/* Begin PBXBuildFile section */
		7543242D20A39B5C006EE620 /* addresses.m in Sources */ = {isa = PBXBuildFile; fileRef = 7543242C20A39B5C006EE620 /* addresses.m */; };
		7580B785218188FE00D1E62F /* ILMemorySoup.m in Sources */ = {isa = PBXBuildFile; fileRef = 754323EC20A2C055006EE620 /* ILMemorySoup.m */; };
		7580B786218188FE00D1E62F /* ILFileSoup.m in Sources */ = {isa = PBXBuildFile; fileRef = 754323EE20A2C0B7006EE620 /* ILFileSoup.m */; };
		7580B787218188FE00D1E62F /* ILSoupStock.m in Sources */ = {isa = PBXBuildFile; fileRef = 7543242220A384C9006EE620 /* ILSoupStock.m */; };
		7580B788218188FE00D1E62F /* ILStockIndex.m in Sources */ = {isa = PBXBuildFile; fileRef = 7543243B20A3A2E4006EE620 /* ILStockIndex.m */; };
		7580B789218188FE00D1E62F /* ILUnionSoup.m in Sources */ = {isa = PBXBuildFile; fileRef = 754323F720A373F3006EE620 /* ILUnionSoup.m */; };
		7580B78B218188FE00D1E62F /* ILStockEntry.m in Sources */ = {isa = PBXBuildFile; fileRef = 7543243620A3A153006EE620 /* ILStockEntry.m */; };
		7580B78C218188FE00D1E62F /* ILStockSequence.m in Sources */ = {isa = PBXBuildFile; fileRef = 7543243F20A3A312006EE620 /* ILStockSequence.m */; };
		7580B78D218188FE00D1E62F /* ILSynchedSoup.m in Sources */ = {isa = PBXBuildFile; fileRef = 7543244320A8B289006EE620 /* ILSynchedSoup.m */; };
		7580B78F218188FE00D1E62F /* ILQueuedSoup.m in Sources */ = {isa = PBXBuildFile; fileRef = 754324B820AE39FF006EE620 /* ILQueuedSoup.m */; };
		7580B794218188FE00D1E62F /* Soup.h in Headers */ = {isa = PBXBuildFile; fileRef = 7543240220A37870006EE620 /* Soup.h */; settings = {ATTRIBUTES = (Public, ); }; };
		7580B795218188FE00D1E62F /* ILSoup.h in Headers */ = {isa = PBXBuildFile; fileRef = 754323E820A2BF56006EE620 /* ILSoup.h */; settings = {ATTRIBUTES = (Public, ); }; };
		7580B796218188FE00D1E62F /* ILSoupEntry.h in Headers */ = {isa = PBXBuildFile; fileRef = 754323F320A2C3D0006EE620 /* ILSoupEntry.h */; settings = {ATTRIBUTES = (Public, ); }; };
		7580B797218188FE00D1E62F /* ILSoupIndex.h in Headers */ = {isa = PBXBuildFile; fileRef = 754323F420A2C77B006EE620 /* ILSoupIndex.h */; settings = {ATTRIBUTES = (Public, ); }; };
		7580B798218188FE00D1E62F /* ILSynchedSoup.h in Headers */ = {isa = PBXBuildFile; fileRef = 7543244220A8B289006EE620 /* ILSynchedSoup.h */; settings = {ATTRIBUTES = (Public, ); }; };
		7580B799218188FE00D1E62F /* ILSoupSequence.h in Headers */ = {isa = PBXBuildFile; fileRef = 754323F520A2C7E5006EE620 /* ILSoupSequence.h */; settings = {ATTRIBUTES = (Public, ); }; };
		7580B79A218188FE00D1E62F /* ILSoupStock.h in Headers */ = {isa = PBXBuildFile; fileRef = 7543242120A384C9006EE620 /* ILSoupStock.h */; settings = {ATTRIBUTES = (Public, ); }; };
		7580B79B218188FE00D1E62F /* ILStockEntry.h in Headers */ = {isa = PBXBuildFile; fileRef = 7543243520A3A153006EE620 /* ILStockEntry.h */; settings = {ATTRIBUTES = (Public, ); }; };
		7580B79C218188FE00D1E62F /* ILStockIndex.h in Headers */ = {isa = PBXBuildFile; fileRef = 7543243A20A3A2E4006EE620 /* ILStockIndex.h */; settings = {ATTRIBUTES = (Public, ); }; };
		7580B79D218188FE00D1E62F /* ILStockSequence.h in Headers */ = {isa = PBXBuildFile; fileRef = 7543243E20A3A312006EE620 /* ILStockSequence.h */; settings = {ATTRIBUTES = (Public, ); }; };
		7580B79E218188FE00D1E62F /* ILMemorySoup.h in Headers */ = {isa = PBXBuildFile; fileRef = 754323EB20A2C055006EE620 /* ILMemorySoup.h */; settings = {ATTRIBUTES = (Public, ); }; };
		7580B79F218188FE00D1E62F /* ILFileSoup.h in Headers */ = {isa = PBXBuildFile; fileRef = 754323ED20A2C0B7006EE620 /* ILFileSoup.h */; settings = {ATTRIBUTES = (Public, ); }; };
		7580B7A0218188FE00D1E62F /* ILUnionSoup.h in Headers */ = {isa = PBXBuildFile; fileRef = 754323F620A373F3006EE620 /* ILUnionSoup.h */; settings = {ATTRIBUTES = (Public, ); }; };
		7580B7A4218188FE00D1E62F /* ILQueuedSoup.h in Headers */ = {isa = PBXBuildFile; fileRef = 754324B720AE39FF006EE620 /* ILQueuedSoup.h */; settings = {ATTRIBUTES = (Public, ); }; };
		758C8CE52267E8B7001B366E /* ILSoupTime.h in Headers */ = {isa = PBXBuildFile; fileRef = 758C8CE42267E8B7001B366E /* ILSoupTime.h */; settings = {ATTRIBUTES = (Public, ); }; };
		758C8CEA2267ED79001B366E /* ILSoupClock.h in Headers */ = {isa = PBXBuildFile; fileRef = 758C8CE82267ED79001B366E /* ILSoupClock.h */; settings = {ATTRIBUTES = (Public, ); }; };
		758C8CED2267ED79001B366E /* ILSoupClock.m in Sources */ = {isa = PBXBuildFile; fileRef = 758C8CE92267ED79001B366E /* ILSoupClock.m */; };
		75945A482DDD323000EBE1B8 /* ILSoupSnapshot.m in Sources */ = {isa = PBXBuildFile; fileRef = 75945A462DDD323000EBE1B8 /* ILSoupSnapshot.m */; };
		759602C42DDD58300037C92F /* ILSoupSnapshot.h in Headers */ = {isa = PBXBuildFile; fileRef = 75F1DB7C2DDD1E69006B74B7 /* ILSoupSnapshot.h */; settings = {ATTRIBUTES = (Public, ); }; };
		75967A9C2963838E00BE394B /* SoupTests.swift in Sources */ = {isa = PBXBuildFile; fileRef = 75967A9B2963838E00BE394B /* SoupTests.swift */; };
		75A72A962DB3F2A1003F6532 /* NSDictionary+Soup.m in Sources */ = {isa = PBXBuildFile; fileRef = 75A72A952DB3F2A1003F6532 /* NSDictionary+Soup.m */; };
		75A73D632DC02F7D00186BC3 /* ILFoundation.framework in Frameworks */ = {isa = PBXBuildFile; fileRef = 75A73D622DC02F7D00186BC3 /* ILFoundation.framework */; };
		75A73D662DC02F8400186BC3 /* ILFoundation.framework in Frameworks */ = {isa = PBXBuildFile; fileRef = 75A73D622DC02F7D00186BC3 /* ILFoundation.framework */; };
		75A73D6A2DC02FA100186BC3 /* Soup.framework in Frameworks */ = {isa = PBXBuildFile; fileRef = 7580B7A9218188FE00D1E62F /* Soup.framework */; };
		75A73D6B2DC02FA100186BC3 /* Soup.framework in Embed Frameworks */ = {isa = PBXBuildFile; fileRef = 7580B7A9218188FE00D1E62F /* Soup.framework */; settings = {ATTRIBUTES = (CodeSignOnCopy, RemoveHeadersOnCopy, ); }; };
		75A73D6E2DC02FA100186BC3 /* ILFoundation.framework in Frameworks */ = {isa = PBXBuildFile; fileRef = 75A73D622DC02F7D00186BC3 /* ILFoundation.framework */; };
		75A73D6F2DC02FA100186BC3 /* ILFoundation.framework in Embed Frameworks */ = {isa = PBXBuildFile; fileRef = 75A73D622DC02F7D00186BC3 /* ILFoundation.framework */; settings = {ATTRIBUTES = (CodeSignOnCopy, RemoveHeadersOnCopy, ); }; };
		75A73D702DC02FA100186BC3 /* ILFoundationSwift.framework in Frameworks */ = {isa = PBXBuildFile; fileRef = 75A73D692DC02FA100186BC3 /* ILFoundationSwift.framework */; };
		75A73D712DC02FA100186BC3 /* ILFoundationSwift.framework in Embed Frameworks */ = {isa = PBXBuildFile; fileRef = 75A73D692DC02FA100186BC3 /* ILFoundationSwift.framework */; settings = {ATTRIBUTES = (CodeSignOnCopy, RemoveHeadersOnCopy, ); }; };
		75A73D722DC02FBC00186BC3 /* ILFoundation.framework in Frameworks */ = {isa = PBXBuildFile; fileRef = 75A73D622DC02F7D00186BC3 /* ILFoundation.framework */; };
		75A73D762DC02FD000186BC3 /* ILFoundationSwift.framework in Frameworks */ = {isa = PBXBuildFile; fileRef = 75A73D752DC02FD000186BC3 /* ILFoundationSwift.framework */; };
		75D12D712378BF40003F2899 /* CanneryDelegate.swift in Sources */ = {isa = PBXBuildFile; fileRef = 75D12D702378BF40003F2899 /* CanneryDelegate.swift */; };
		75D12D732378BF40003F2899 /* CanneryBrowser.swift in Sources */ = {isa = PBXBuildFile; fileRef = 75D12D722378BF40003F2899 /* CanneryBrowser.swift */; };
		75D12D752378BF42003F2899 /* Assets.xcassets in Resources */ = {isa = PBXBuildFile; fileRef = 75D12D742378BF42003F2899 /* Assets.xcassets */; };
		75D12D782378BF42003F2899 /* Main.storyboard in Resources */ = {isa = PBXBuildFile; fileRef = 75D12D762378BF42003F2899 /* Main.storyboard */; };
		75D12D842378BF42003F2899 /* CanneryTests.swift in Sources */ = {isa = PBXBuildFile; fileRef = 75D12D832378BF42003F2899 /* CanneryTests.swift */; };
		75D12D9423791C9D003F2899 /* CanneryBrowser.xib in Resources */ = {isa = PBXBuildFile; fileRef = 75D12D9323791C9D003F2899 /* CanneryBrowser.xib */; };
		75E291852DBEB0FB00531D08 /* NSArray+Soup.h in Headers */ = {isa = PBXBuildFile; fileRef = 75E291842DBEB0FB00531D08 /* NSArray+Soup.h */; settings = {ATTRIBUTES = (Public, ); }; };
		75E291872DBEB10600531D08 /* NSArray+Soup.m in Sources */ = {isa = PBXBuildFile; fileRef = 75E291862DBEB10600531D08 /* NSArray+Soup.m */; };
		75E2A20B2DB19B3D007EB907 /* NSDictionary+Soup.h in Headers */ = {isa = PBXBuildFile; fileRef = 75E2A2082DB19B3D007EB907 /* NSDictionary+Soup.h */; settings = {ATTRIBUTES = (Public, ); }; };
		75E2A2142DB1A629007EB907 /* Soup.framework in Frameworks */ = {isa = PBXBuildFile; fileRef = 7580B7A9218188FE00D1E62F /* Soup.framework */; };
		75E2A22B2DB1A662007EB907 /* Soup.framework in Frameworks */ = {isa = PBXBuildFile; fileRef = 7580B7A9218188FE00D1E62F /* Soup.framework */; };
/* End PBXBuildFile section */

/* Begin PBXContainerItemProxy section */
		754EA44C2C73E446004BBC13 /* PBXContainerItemProxy */ = {
			isa = PBXContainerItemProxy;
			containerPortal = 75EA39B61B20D5A00058E49D /* Project object */;
			proxyType = 1;
			remoteGlobalIDString = 75D12D6D2378BF40003F2899;
			remoteInfo = Cannery;
		};
		754EA44E2C73E446004BBC13 /* PBXContainerItemProxy */ = {
			isa = PBXContainerItemProxy;
			containerPortal = 75EA39B61B20D5A00058E49D /* Project object */;
			proxyType = 1;
			remoteGlobalIDString = 7580B783218188FE00D1E62F;
			remoteInfo = "Soup (iOS)";
		};
		754EA4542C73E446004BBC13 /* PBXContainerItemProxy */ = {
			isa = PBXContainerItemProxy;
			containerPortal = 75EA39B61B20D5A00058E49D /* Project object */;
			proxyType = 1;
			remoteGlobalIDString = 7543242920A39B5B006EE620;
			remoteInfo = addresses;
		};
		75A73D7B2DC02FF100186BC3 /* PBXContainerItemProxy */ = {
			isa = PBXContainerItemProxy;
			containerPortal = 75A73D782DC02FF100186BC3 /* ILFoundation.xcodeproj */;
			proxyType = 1;
			remoteGlobalIDString = 7582F6692D3F642F008588DD;
			remoteInfo = ILFoundation;
		};
		75A73D802DC02FF200186BC3 /* PBXContainerItemProxy */ = {
			isa = PBXContainerItemProxy;
			containerPortal = 75A73D782DC02FF100186BC3 /* ILFoundation.xcodeproj */;
			proxyType = 2;
			remoteGlobalIDString = 7582F67B2D3F642F008588DD;
			remoteInfo = ILFoundation;
		};
		75A73D822DC02FF200186BC3 /* PBXContainerItemProxy */ = {
			isa = PBXContainerItemProxy;
			containerPortal = 75A73D782DC02FF100186BC3 /* ILFoundation.xcodeproj */;
			proxyType = 2;
			remoteGlobalIDString = 75EEF6A92D638CFB00B2EE80;
			remoteInfo = ILFoundationSwift;
		};
		75A73D842DC02FF200186BC3 /* PBXContainerItemProxy */ = {
			isa = PBXContainerItemProxy;
			containerPortal = 75A73D782DC02FF100186BC3 /* ILFoundation.xcodeproj */;
			proxyType = 2;
			remoteGlobalIDString = 75CB089F2C9B945D00B83BC3;
			remoteInfo = ILFoundationTests;
		};
		75A73D862DC02FFA00186BC3 /* PBXContainerItemProxy */ = {
			isa = PBXContainerItemProxy;
			containerPortal = 75EA39B61B20D5A00058E49D /* Project object */;
			proxyType = 1;
			remoteGlobalIDString = 7580B783218188FE00D1E62F;
			remoteInfo = Soup;
		};
		75D12D802378BF42003F2899 /* PBXContainerItemProxy */ = {
			isa = PBXContainerItemProxy;
			containerPortal = 75EA39B61B20D5A00058E49D /* Project object */;
			proxyType = 1;
			remoteGlobalIDString = 75D12D6D2378BF40003F2899;
			remoteInfo = Cannery;
		};
		75E2A2122DB1A620007EB907 /* PBXContainerItemProxy */ = {
			isa = PBXContainerItemProxy;
			containerPortal = 75EA39B61B20D5A00058E49D /* Project object */;
			proxyType = 1;
			remoteGlobalIDString = 7580B783218188FE00D1E62F;
			remoteInfo = Soup;
		};
		75E2A2292DB1A656007EB907 /* PBXContainerItemProxy */ = {
			isa = PBXContainerItemProxy;
			containerPortal = 75EA39B61B20D5A00058E49D /* Project object */;
			proxyType = 1;
			remoteGlobalIDString = 7580B783218188FE00D1E62F;
			remoteInfo = Soup;
		};
		75F1DB0C2DDA75C8006B74B7 /* PBXContainerItemProxy */ = {
			isa = PBXContainerItemProxy;
			containerPortal = 75A73D5F2DC02F6E00186BC3 /* ILFoundation.xcodeproj */;
			proxyType = 2;
			remoteGlobalIDString = 7582F67B2D3F642F008588DD;
			remoteInfo = ILFoundation;
		};
		75F1DB0E2DDA75C8006B74B7 /* PBXContainerItemProxy */ = {
			isa = PBXContainerItemProxy;
			containerPortal = 75A73D5F2DC02F6E00186BC3 /* ILFoundation.xcodeproj */;
			proxyType = 2;
			remoteGlobalIDString = 75EEF6A92D638CFB00B2EE80;
			remoteInfo = ILFoundationSwift;
		};
		75F1DB102DDA75C8006B74B7 /* PBXContainerItemProxy */ = {
			isa = PBXContainerItemProxy;
			containerPortal = 75A73D5F2DC02F6E00186BC3 /* ILFoundation.xcodeproj */;
			proxyType = 2;
			remoteGlobalIDString = 75CB089F2C9B945D00B83BC3;
			remoteInfo = ILFoundationTests;
		};
/* End PBXContainerItemProxy section */

/* Begin PBXCopyFilesBuildPhase section */
		7543242820A39B5B006EE620 /* CopyFiles */ = {
			isa = PBXCopyFilesBuildPhase;
			buildActionMask = 12;
			dstPath = "";
			dstSubfolderSpec = 16;
			files = (
			);
			runOnlyForDeploymentPostprocessing = 0;
		};
		75D12D922378C099003F2899 /* Embed Frameworks */ = {
			isa = PBXCopyFilesBuildPhase;
			buildActionMask = 2147483647;
			dstPath = "";
			dstSubfolderSpec = 10;
			files = (
				75A73D6F2DC02FA100186BC3 /* ILFoundation.framework in Embed Frameworks */,
				75A73D712DC02FA100186BC3 /* ILFoundationSwift.framework in Embed Frameworks */,
				75A73D6B2DC02FA100186BC3 /* Soup.framework in Embed Frameworks */,
			);
			name = "Embed Frameworks";
			runOnlyForDeploymentPostprocessing = 0;
		};
/* End PBXCopyFilesBuildPhase section */

/* Begin PBXFileReference section */
		7519C115277567C600EACA50 /* Readme.md */ = {isa = PBXFileReference; lastKnownFileType = net.daringfireball.markdown; path = Readme.md; sourceTree = "<group>"; };
		7542328121AD1E7B008004E0 /* Makefile */ = {isa = PBXFileReference; lastKnownFileType = sourcecode.make; path = Makefile; sourceTree = "<group>"; };
		754323E820A2BF56006EE620 /* ILSoup.h */ = {isa = PBXFileReference; lastKnownFileType = sourcecode.c.h; path = ILSoup.h; sourceTree = "<group>"; };
		754323EB20A2C055006EE620 /* ILMemorySoup.h */ = {isa = PBXFileReference; lastKnownFileType = sourcecode.c.h; path = ILMemorySoup.h; sourceTree = "<group>"; };
		754323EC20A2C055006EE620 /* ILMemorySoup.m */ = {isa = PBXFileReference; lastKnownFileType = sourcecode.c.objc; path = ILMemorySoup.m; sourceTree = "<group>"; };
		754323ED20A2C0B7006EE620 /* ILFileSoup.h */ = {isa = PBXFileReference; lastKnownFileType = sourcecode.c.h; path = ILFileSoup.h; sourceTree = "<group>"; };
		754323EE20A2C0B7006EE620 /* ILFileSoup.m */ = {isa = PBXFileReference; lastKnownFileType = sourcecode.c.objc; path = ILFileSoup.m; sourceTree = "<group>"; };
		754323F320A2C3D0006EE620 /* ILSoupEntry.h */ = {isa = PBXFileReference; lastKnownFileType = sourcecode.c.h; path = ILSoupEntry.h; sourceTree = "<group>"; };
		754323F420A2C77B006EE620 /* ILSoupIndex.h */ = {isa = PBXFileReference; lastKnownFileType = sourcecode.c.h; path = ILSoupIndex.h; sourceTree = "<group>"; };
		754323F520A2C7E5006EE620 /* ILSoupSequence.h */ = {isa = PBXFileReference; lastKnownFileType = sourcecode.c.h; path = ILSoupSequence.h; sourceTree = "<group>"; };
		754323F620A373F3006EE620 /* ILUnionSoup.h */ = {isa = PBXFileReference; lastKnownFileType = sourcecode.c.h; path = ILUnionSoup.h; sourceTree = "<group>"; };
		754323F720A373F3006EE620 /* ILUnionSoup.m */ = {isa = PBXFileReference; lastKnownFileType = sourcecode.c.objc; path = ILUnionSoup.m; sourceTree = "<group>"; };
		7543240220A37870006EE620 /* Soup.h */ = {isa = PBXFileReference; lastKnownFileType = sourcecode.c.h; path = Soup.h; sourceTree = "<group>"; };
		7543240320A37870006EE620 /* Info.plist */ = {isa = PBXFileReference; lastKnownFileType = text.plist.xml; path = Info.plist; sourceTree = "<group>"; };
		7543242120A384C9006EE620 /* ILSoupStock.h */ = {isa = PBXFileReference; lastKnownFileType = sourcecode.c.h; path = ILSoupStock.h; sourceTree = "<group>"; };
		7543242220A384C9006EE620 /* ILSoupStock.m */ = {isa = PBXFileReference; lastKnownFileType = sourcecode.c.objc; path = ILSoupStock.m; sourceTree = "<group>"; };
		7543242A20A39B5B006EE620 /* addresses */ = {isa = PBXFileReference; explicitFileType = "compiled.mach-o.executable"; includeInIndex = 0; path = addresses; sourceTree = BUILT_PRODUCTS_DIR; };
		7543242C20A39B5C006EE620 /* addresses.m */ = {isa = PBXFileReference; lastKnownFileType = sourcecode.c.objc; path = addresses.m; sourceTree = "<group>"; };
		7543243520A3A153006EE620 /* ILStockEntry.h */ = {isa = PBXFileReference; lastKnownFileType = sourcecode.c.h; path = ILStockEntry.h; sourceTree = "<group>"; };
		7543243620A3A153006EE620 /* ILStockEntry.m */ = {isa = PBXFileReference; lastKnownFileType = sourcecode.c.objc; path = ILStockEntry.m; sourceTree = "<group>"; };
		7543243A20A3A2E4006EE620 /* ILStockIndex.h */ = {isa = PBXFileReference; lastKnownFileType = sourcecode.c.h; path = ILStockIndex.h; sourceTree = "<group>"; };
		7543243B20A3A2E4006EE620 /* ILStockIndex.m */ = {isa = PBXFileReference; lastKnownFileType = sourcecode.c.objc; path = ILStockIndex.m; sourceTree = "<group>"; };
		7543243E20A3A312006EE620 /* ILStockSequence.h */ = {isa = PBXFileReference; lastKnownFileType = sourcecode.c.h; path = ILStockSequence.h; sourceTree = "<group>"; };
		7543243F20A3A312006EE620 /* ILStockSequence.m */ = {isa = PBXFileReference; lastKnownFileType = sourcecode.c.objc; path = ILStockSequence.m; sourceTree = "<group>"; };
		7543244220A8B289006EE620 /* ILSynchedSoup.h */ = {isa = PBXFileReference; lastKnownFileType = sourcecode.c.h; path = ILSynchedSoup.h; sourceTree = "<group>"; };
		7543244320A8B289006EE620 /* ILSynchedSoup.m */ = {isa = PBXFileReference; lastKnownFileType = sourcecode.c.objc; path = ILSynchedSoup.m; sourceTree = "<group>"; };
		754324B720AE39FF006EE620 /* ILQueuedSoup.h */ = {isa = PBXFileReference; lastKnownFileType = sourcecode.c.h; path = ILQueuedSoup.h; sourceTree = "<group>"; };
		754324B820AE39FF006EE620 /* ILQueuedSoup.m */ = {isa = PBXFileReference; lastKnownFileType = sourcecode.c.objc; path = ILQueuedSoup.m; sourceTree = "<group>"; };
		754EA4472C73E3E7004BBC13 /* Package.swift */ = {isa = PBXFileReference; lastKnownFileType = sourcecode.swift; path = Package.swift; sourceTree = "<group>"; };
		7580B7A9218188FE00D1E62F /* Soup.framework */ = {isa = PBXFileReference; explicitFileType = wrapper.framework; includeInIndex = 0; path = Soup.framework; sourceTree = BUILT_PRODUCTS_DIR; };
		758C8CE42267E8B7001B366E /* ILSoupTime.h */ = {isa = PBXFileReference; lastKnownFileType = sourcecode.c.h; path = ILSoupTime.h; sourceTree = "<group>"; };
		758C8CE82267ED79001B366E /* ILSoupClock.h */ = {isa = PBXFileReference; lastKnownFileType = sourcecode.c.h; path = ILSoupClock.h; sourceTree = "<group>"; };
		758C8CE92267ED79001B366E /* ILSoupClock.m */ = {isa = PBXFileReference; lastKnownFileType = sourcecode.c.objc; path = ILSoupClock.m; sourceTree = "<group>"; };
		75945A462DDD323000EBE1B8 /* ILSoupSnapshot.m */ = {isa = PBXFileReference; lastKnownFileType = sourcecode.c.objc; path = ILSoupSnapshot.m; sourceTree = "<group>"; };
		75967A992963838E00BE394B /* SoupTests.xctest */ = {isa = PBXFileReference; explicitFileType = wrapper.cfbundle; includeInIndex = 0; path = SoupTests.xctest; sourceTree = BUILT_PRODUCTS_DIR; };
		75967A9B2963838E00BE394B /* SoupTests.swift */ = {isa = PBXFileReference; lastKnownFileType = sourcecode.swift; path = SoupTests.swift; sourceTree = "<group>"; };
		75A72A952DB3F2A1003F6532 /* NSDictionary+Soup.m */ = {isa = PBXFileReference; lastKnownFileType = sourcecode.c.objc; path = "NSDictionary+Soup.m"; sourceTree = "<group>"; };
		75A73D5F2DC02F6E00186BC3 /* ILFoundation.xcodeproj */ = {isa = PBXFileReference; lastKnownFileType = "wrapper.pb-project"; name = ILFoundation.xcodeproj; path = ../ILFoundation/ILFoundation.xcodeproj; sourceTree = SOURCE_ROOT; };
		75A73D622DC02F7D00186BC3 /* ILFoundation.framework */ = {isa = PBXFileReference; explicitFileType = wrapper.framework; path = ILFoundation.framework; sourceTree = BUILT_PRODUCTS_DIR; };
		75A73D692DC02FA100186BC3 /* ILFoundationSwift.framework */ = {isa = PBXFileReference; explicitFileType = wrapper.framework; path = ILFoundationSwift.framework; sourceTree = BUILT_PRODUCTS_DIR; };
		75A73D752DC02FD000186BC3 /* ILFoundationSwift.framework */ = {isa = PBXFileReference; explicitFileType = wrapper.framework; path = ILFoundationSwift.framework; sourceTree = BUILT_PRODUCTS_DIR; };
		75A73D782DC02FF100186BC3 /* ILFoundation.xcodeproj */ = {isa = PBXFileReference; lastKnownFileType = "wrapper.pb-project"; name = ILFoundation.xcodeproj; path = /Users/alf/Developer/ILFoundation/ILFoundation.xcodeproj; sourceTree = "<absolute>"; };
		75D12D6E2378BF40003F2899 /* Cannery.app */ = {isa = PBXFileReference; explicitFileType = wrapper.application; includeInIndex = 0; path = Cannery.app; sourceTree = BUILT_PRODUCTS_DIR; };
		75D12D702378BF40003F2899 /* CanneryDelegate.swift */ = {isa = PBXFileReference; lastKnownFileType = sourcecode.swift; path = CanneryDelegate.swift; sourceTree = "<group>"; };
		75D12D722378BF40003F2899 /* CanneryBrowser.swift */ = {isa = PBXFileReference; lastKnownFileType = sourcecode.swift; path = CanneryBrowser.swift; sourceTree = "<group>"; };
		75D12D742378BF42003F2899 /* Assets.xcassets */ = {isa = PBXFileReference; lastKnownFileType = folder.assetcatalog; path = Assets.xcassets; sourceTree = "<group>"; };
		75D12D772378BF42003F2899 /* Base */ = {isa = PBXFileReference; lastKnownFileType = file.storyboard; name = Base; path = Base.lproj/Main.storyboard; sourceTree = "<group>"; };
		75D12D792378BF42003F2899 /* Info.plist */ = {isa = PBXFileReference; lastKnownFileType = text.plist.xml; path = Info.plist; sourceTree = "<group>"; };
		75D12D7A2378BF42003F2899 /* Cannery.entitlements */ = {isa = PBXFileReference; lastKnownFileType = text.plist.entitlements; path = Cannery.entitlements; sourceTree = "<group>"; };
		75D12D7F2378BF42003F2899 /* CanneryTests.xctest */ = {isa = PBXFileReference; explicitFileType = wrapper.cfbundle; includeInIndex = 0; path = CanneryTests.xctest; sourceTree = BUILT_PRODUCTS_DIR; };
		75D12D832378BF42003F2899 /* CanneryTests.swift */ = {isa = PBXFileReference; lastKnownFileType = sourcecode.swift; path = CanneryTests.swift; sourceTree = "<group>"; };
		75D12D852378BF42003F2899 /* Info.plist */ = {isa = PBXFileReference; lastKnownFileType = text.plist.xml; path = Info.plist; sourceTree = "<group>"; };
		75D12D9323791C9D003F2899 /* CanneryBrowser.xib */ = {isa = PBXFileReference; lastKnownFileType = file.xib; path = CanneryBrowser.xib; sourceTree = "<group>"; };
		75E291842DBEB0FB00531D08 /* NSArray+Soup.h */ = {isa = PBXFileReference; lastKnownFileType = sourcecode.c.h; path = "NSArray+Soup.h"; sourceTree = "<group>"; };
		75E291862DBEB10600531D08 /* NSArray+Soup.m */ = {isa = PBXFileReference; lastKnownFileType = sourcecode.c.objc; path = "NSArray+Soup.m"; sourceTree = "<group>"; };
		75E2A2082DB19B3D007EB907 /* NSDictionary+Soup.h */ = {isa = PBXFileReference; lastKnownFileType = sourcecode.c.h; path = "NSDictionary+Soup.h"; sourceTree = "<group>"; };
		75EA39BC1B20D6340058E49D /* Readme.md */ = {isa = PBXFileReference; lastKnownFileType = net.daringfireball.markdown; path = Readme.md; sourceTree = "<group>"; };
		75F1DB7C2DDD1E69006B74B7 /* ILSoupSnapshot.h */ = {isa = PBXFileReference; lastKnownFileType = sourcecode.c.h; path = ILSoupSnapshot.h; sourceTree = "<group>"; };
/* End PBXFileReference section */

/* Begin PBXFrameworksBuildPhase section */
		7543242720A39B5B006EE620 /* Frameworks */ = {
			isa = PBXFrameworksBuildPhase;
			buildActionMask = 2147483647;
			files = (
				75A73D662DC02F8400186BC3 /* ILFoundation.framework in Frameworks */,
				75E2A2142DB1A629007EB907 /* Soup.framework in Frameworks */,
			);
			runOnlyForDeploymentPostprocessing = 0;
		};
		7580B791218188FE00D1E62F /* Frameworks */ = {
			isa = PBXFrameworksBuildPhase;
			buildActionMask = 2147483647;
			files = (
				75A73D632DC02F7D00186BC3 /* ILFoundation.framework in Frameworks */,
			);
			runOnlyForDeploymentPostprocessing = 0;
		};
		75967A962963838E00BE394B /* Frameworks */ = {
			isa = PBXFrameworksBuildPhase;
			buildActionMask = 2147483647;
			files = (
				75A73D722DC02FBC00186BC3 /* ILFoundation.framework in Frameworks */,
				75A73D762DC02FD000186BC3 /* ILFoundationSwift.framework in Frameworks */,
				75E2A22B2DB1A662007EB907 /* Soup.framework in Frameworks */,
			);
			runOnlyForDeploymentPostprocessing = 0;
		};
		75D12D6B2378BF40003F2899 /* Frameworks */ = {
			isa = PBXFrameworksBuildPhase;
			buildActionMask = 2147483647;
			files = (
				75A73D6E2DC02FA100186BC3 /* ILFoundation.framework in Frameworks */,
				75A73D702DC02FA100186BC3 /* ILFoundationSwift.framework in Frameworks */,
				75A73D6A2DC02FA100186BC3 /* Soup.framework in Frameworks */,
			);
			runOnlyForDeploymentPostprocessing = 0;
		};
		75D12D7C2378BF42003F2899 /* Frameworks */ = {
			isa = PBXFrameworksBuildPhase;
			buildActionMask = 2147483647;
			files = (
			);
			runOnlyForDeploymentPostprocessing = 0;
		};
/* End PBXFrameworksBuildPhase section */

/* Begin PBXGroup section */
		7543240020A3786F006EE620 /* Products */ = {
			isa = PBXGroup;
			children = (
				7543242A20A39B5B006EE620 /* addresses */,
				7580B7A9218188FE00D1E62F /* Soup.framework */,
				75D12D6E2378BF40003F2899 /* Cannery.app */,
				75D12D7F2378BF42003F2899 /* CanneryTests.xctest */,
				75967A992963838E00BE394B /* SoupTests.xctest */,
			);
			name = Products;
			sourceTree = "<group>";
		};
		7543242B20A39B5C006EE620 /* addresses */ = {
			isa = PBXGroup;
			children = (
				7543242C20A39B5C006EE620 /* addresses.m */,
			);
			path = addresses;
			sourceTree = "<group>";
		};
		754EA4442C73E339004BBC13 /* include */ = {
			isa = PBXGroup;
			children = (
				7543240220A37870006EE620 /* Soup.h */,
				754323ED20A2C0B7006EE620 /* ILFileSoup.h */,
				754323EB20A2C055006EE620 /* ILMemorySoup.h */,
				754324B720AE39FF006EE620 /* ILQueuedSoup.h */,
				754323E820A2BF56006EE620 /* ILSoup.h */,
				758C8CE82267ED79001B366E /* ILSoupClock.h */,
				754323F320A2C3D0006EE620 /* ILSoupEntry.h */,
				754323F420A2C77B006EE620 /* ILSoupIndex.h */,
				754323F520A2C7E5006EE620 /* ILSoupSequence.h */,
				75F1DB7C2DDD1E69006B74B7 /* ILSoupSnapshot.h */,
				7543242120A384C9006EE620 /* ILSoupStock.h */,
				758C8CE42267E8B7001B366E /* ILSoupTime.h */,
				7543243520A3A153006EE620 /* ILStockEntry.h */,
				7543243A20A3A2E4006EE620 /* ILStockIndex.h */,
				7543243E20A3A312006EE620 /* ILStockSequence.h */,
				7543244220A8B289006EE620 /* ILSynchedSoup.h */,
				754323F620A373F3006EE620 /* ILUnionSoup.h */,
				75E291842DBEB0FB00531D08 /* NSArray+Soup.h */,
				75E2A2082DB19B3D007EB907 /* NSDictionary+Soup.h */,
			);
			path = include;
			sourceTree = "<group>";
		};
		754EA4452C73E339004BBC13 /* Soup */ = {
			isa = PBXGroup;
			children = (
				754323EE20A2C0B7006EE620 /* ILFileSoup.m */,
				754323EC20A2C055006EE620 /* ILMemorySoup.m */,
				754324B820AE39FF006EE620 /* ILQueuedSoup.m */,
				758C8CE92267ED79001B366E /* ILSoupClock.m */,
				75945A462DDD323000EBE1B8 /* ILSoupSnapshot.m */,
				7543242220A384C9006EE620 /* ILSoupStock.m */,
				7543243620A3A153006EE620 /* ILStockEntry.m */,
				7543243B20A3A2E4006EE620 /* ILStockIndex.m */,
				7543243F20A3A312006EE620 /* ILStockSequence.m */,
				7543244320A8B289006EE620 /* ILSynchedSoup.m */,
				754323F720A373F3006EE620 /* ILUnionSoup.m */,
				754EA4442C73E339004BBC13 /* include */,
				7543240320A37870006EE620 /* Info.plist */,
				75E291862DBEB10600531D08 /* NSArray+Soup.m */,
				75A72A952DB3F2A1003F6532 /* NSDictionary+Soup.m */,
			);
			path = Soup;
			sourceTree = "<group>";
		};
		754EA4462C73E339004BBC13 /* Source */ = {
			isa = PBXGroup;
			children = (
				754EA4452C73E339004BBC13 /* Soup */,
				75967A9A2963838E00BE394B /* SoupTests */,
				75D12D6F2378BF40003F2899 /* Cannery */,
				75D12D822378BF42003F2899 /* CanneryTests */,
				7543242B20A39B5C006EE620 /* addresses */,
			);
			path = Source;
			sourceTree = "<group>";
		};
		75967A9A2963838E00BE394B /* SoupTests */ = {
			isa = PBXGroup;
			children = (
				75967A9B2963838E00BE394B /* SoupTests.swift */,
			);
			path = SoupTests;
			sourceTree = "<group>";
		};
		75A73D5E2DC02F5A00186BC3 /* Frameworks */ = {
			isa = PBXGroup;
			children = (
				75A73D752DC02FD000186BC3 /* ILFoundationSwift.framework */,
				75A73D692DC02FA100186BC3 /* ILFoundationSwift.framework */,
				75A73D622DC02F7D00186BC3 /* ILFoundation.framework */,
				75A73D5F2DC02F6E00186BC3 /* ILFoundation.xcodeproj */,
			);
			path = Frameworks;
			sourceTree = "<group>";
		};
		75A73D792DC02FF100186BC3 /* Products */ = {
			isa = PBXGroup;
			children = (
				75A73D812DC02FF200186BC3 /* ILFoundation.framework */,
				75A73D832DC02FF200186BC3 /* ILFoundationSwift.framework */,
				75A73D852DC02FF200186BC3 /* ILFoundationTests.xctest */,
			);
			name = Products;
			sourceTree = "<group>";
		};
		75D12D6F2378BF40003F2899 /* Cannery */ = {
			isa = PBXGroup;
			children = (
				75D12D792378BF42003F2899 /* Info.plist */,
				7519C115277567C600EACA50 /* Readme.md */,
				75D12D7A2378BF42003F2899 /* Cannery.entitlements */,
				75D12D702378BF40003F2899 /* CanneryDelegate.swift */,
				75D12D722378BF40003F2899 /* CanneryBrowser.swift */,
				75D12D9323791C9D003F2899 /* CanneryBrowser.xib */,
				75D12D762378BF42003F2899 /* Main.storyboard */,
				75D12D742378BF42003F2899 /* Assets.xcassets */,
			);
			path = Cannery;
			sourceTree = "<group>";
		};
		75D12D822378BF42003F2899 /* CanneryTests */ = {
			isa = PBXGroup;
			children = (
				75D12D832378BF42003F2899 /* CanneryTests.swift */,
				75D12D852378BF42003F2899 /* Info.plist */,
			);
			path = CanneryTests;
			sourceTree = "<group>";
		};
		75EA39B51B20D5A00058E49D = {
			isa = PBXGroup;
			children = (
				75A73D5E2DC02F5A00186BC3 /* Frameworks */,
				7542328121AD1E7B008004E0 /* Makefile */,
				75EA39BC1B20D6340058E49D /* Readme.md */,
				754EA4472C73E3E7004BBC13 /* Package.swift */,
				754EA4462C73E339004BBC13 /* Source */,
				7543240020A3786F006EE620 /* Products */,
				75A73D782DC02FF100186BC3 /* ILFoundation.xcodeproj */,
			);
			sourceTree = "<group>";
		};
		75F1DB072DDA75C8006B74B7 /* Products */ = {
			isa = PBXGroup;
			children = (
				75F1DB0D2DDA75C8006B74B7 /* ILFoundation.framework */,
				75F1DB0F2DDA75C8006B74B7 /* ILFoundationSwift.framework */,
				75F1DB112DDA75C8006B74B7 /* ILFoundationTests.xctest */,
			);
			name = Products;
			sourceTree = "<group>";
		};
/* End PBXGroup section */

/* Begin PBXHeadersBuildPhase section */
		7580B793218188FE00D1E62F /* Headers */ = {
			isa = PBXHeadersBuildPhase;
			buildActionMask = 2147483647;
			files = (
				7580B794218188FE00D1E62F /* Soup.h in Headers */,
				7580B79F218188FE00D1E62F /* ILFileSoup.h in Headers */,
				7580B79E218188FE00D1E62F /* ILMemorySoup.h in Headers */,
				7580B7A4218188FE00D1E62F /* ILQueuedSoup.h in Headers */,
				7580B7A0218188FE00D1E62F /* ILUnionSoup.h in Headers */,
				7580B795218188FE00D1E62F /* ILSoup.h in Headers */,
				7580B796218188FE00D1E62F /* ILSoupEntry.h in Headers */,
				7580B797218188FE00D1E62F /* ILSoupIndex.h in Headers */,
				7580B799218188FE00D1E62F /* ILSoupSequence.h in Headers */,
				7580B79A218188FE00D1E62F /* ILSoupStock.h in Headers */,
				758C8CE52267E8B7001B366E /* ILSoupTime.h in Headers */,
				758C8CEA2267ED79001B366E /* ILSoupClock.h in Headers */,
				7580B79B218188FE00D1E62F /* ILStockEntry.h in Headers */,
				7580B79C218188FE00D1E62F /* ILStockIndex.h in Headers */,
				7580B79D218188FE00D1E62F /* ILStockSequence.h in Headers */,
				759602C42DDD58300037C92F /* ILSoupSnapshot.h in Headers */,
				75E291852DBEB0FB00531D08 /* NSArray+Soup.h in Headers */,
				7580B798218188FE00D1E62F /* ILSynchedSoup.h in Headers */,
				75E2A20B2DB19B3D007EB907 /* NSDictionary+Soup.h in Headers */,
			);
			runOnlyForDeploymentPostprocessing = 0;
		};
/* End PBXHeadersBuildPhase section */

/* Begin PBXNativeTarget section */
		7543242920A39B5B006EE620 /* addresses */ = {
			isa = PBXNativeTarget;
			buildConfigurationList = 7543242E20A39B5C006EE620 /* Build configuration list for PBXNativeTarget "addresses" */;
			buildPhases = (
				7543242620A39B5B006EE620 /* Sources */,
				7543242720A39B5B006EE620 /* Frameworks */,
				7543242820A39B5B006EE620 /* CopyFiles */,
			);
			buildRules = (
			);
			dependencies = (
				75E2A2132DB1A620007EB907 /* PBXTargetDependency */,
			);
			name = addresses;
			productName = addresses;
			productReference = 7543242A20A39B5B006EE620 /* addresses */;
			productType = "com.apple.product-type.tool";
		};
		7580B783218188FE00D1E62F /* Soup */ = {
			isa = PBXNativeTarget;
			buildConfigurationList = 7580B7A6218188FE00D1E62F /* Build configuration list for PBXNativeTarget "Soup" */;
			buildPhases = (
				7580B784218188FE00D1E62F /* Sources */,
				7580B791218188FE00D1E62F /* Frameworks */,
				7580B793218188FE00D1E62F /* Headers */,
				7580B7A5218188FE00D1E62F /* Resources */,
			);
			buildRules = (
			);
			dependencies = (
				75A73D7C2DC02FF100186BC3 /* PBXTargetDependency */,
			);
			name = Soup;
			productName = Soup;
			productReference = 7580B7A9218188FE00D1E62F /* Soup.framework */;
			productType = "com.apple.product-type.framework";
		};
		75967A982963838E00BE394B /* SoupTests */ = {
			isa = PBXNativeTarget;
			buildConfigurationList = 75967AA22963838E00BE394B /* Build configuration list for PBXNativeTarget "SoupTests" */;
			buildPhases = (
				75967A952963838E00BE394B /* Sources */,
				75967A962963838E00BE394B /* Frameworks */,
				75967A972963838E00BE394B /* Resources */,
			);
			buildRules = (
			);
			dependencies = (
				75E2A22A2DB1A656007EB907 /* PBXTargetDependency */,
			);
			name = SoupTests;
			productName = SoupTests;
			productReference = 75967A992963838E00BE394B /* SoupTests.xctest */;
			productType = "com.apple.product-type.bundle.unit-test";
		};
		75D12D6D2378BF40003F2899 /* Cannery */ = {
			isa = PBXNativeTarget;
			buildConfigurationList = 75D12D8A2378BF42003F2899 /* Build configuration list for PBXNativeTarget "Cannery" */;
			buildPhases = (
				75D12D6A2378BF40003F2899 /* Sources */,
				75D12D6B2378BF40003F2899 /* Frameworks */,
				75D12D6C2378BF40003F2899 /* Resources */,
				75D12D922378C099003F2899 /* Embed Frameworks */,
			);
			buildRules = (
			);
			dependencies = (
				75A73D872DC02FFA00186BC3 /* PBXTargetDependency */,
			);
			name = Cannery;
			productName = Cannery;
			productReference = 75D12D6E2378BF40003F2899 /* Cannery.app */;
			productType = "com.apple.product-type.application";
		};
		75D12D7E2378BF42003F2899 /* CanneryTests */ = {
			isa = PBXNativeTarget;
			buildConfigurationList = 75D12D8B2378BF42003F2899 /* Build configuration list for PBXNativeTarget "CanneryTests" */;
			buildPhases = (
				75D12D7B2378BF42003F2899 /* Sources */,
				75D12D7C2378BF42003F2899 /* Frameworks */,
				75D12D7D2378BF42003F2899 /* Resources */,
			);
			buildRules = (
			);
			dependencies = (
				75D12D812378BF42003F2899 /* PBXTargetDependency */,
			);
			name = CanneryTests;
			productName = CanneryTests;
			productReference = 75D12D7F2378BF42003F2899 /* CanneryTests.xctest */;
			productType = "com.apple.product-type.bundle.unit-test";
		};
/* End PBXNativeTarget section */

/* Begin PBXProject section */
		75EA39B61B20D5A00058E49D /* Project object */ = {
			isa = PBXProject;
			attributes = {
				BuildIndependentTargetsInParallel = YES;
				LastSwiftUpdateCheck = 1420;
				LastUpgradeCheck = 1630;
				TargetAttributes = {
					7543242920A39B5B006EE620 = {
						CreatedOnToolsVersion = 9.3;
						DevelopmentTeam = E8G8ARB44Z;
						ProvisioningStyle = Automatic;
					};
					754EA4482C73E437004BBC13 = {
						CreatedOnToolsVersion = 15.4;
					};
					7580B783218188FE00D1E62F = {
						LastSwiftMigration = 1330;
						ProvisioningStyle = Manual;
					};
					75967A982963838E00BE394B = {
						CreatedOnToolsVersion = 14.2;
						DevelopmentTeam = E8G8ARB44Z;
						LastSwiftMigration = 1630;
						ProvisioningStyle = Automatic;
					};
					75D12D6D2378BF40003F2899 = {
						CreatedOnToolsVersion = 11.2;
						DevelopmentTeam = E8G8ARB44Z;
						ProvisioningStyle = Automatic;
					};
					75D12D7E2378BF42003F2899 = {
						CreatedOnToolsVersion = 11.2;
						DevelopmentTeam = E8G8ARB44Z;
						ProvisioningStyle = Automatic;
						TestTargetID = 75D12D6D2378BF40003F2899;
					};
				};
			};
			buildConfigurationList = 75EA39B91B20D5A00058E49D /* Build configuration list for PBXProject "Soup" */;
			compatibilityVersion = "Xcode 3.2";
			developmentRegion = en;
			hasScannedForEncodings = 0;
			knownRegions = (
				en,
				Base,
			);
			mainGroup = 75EA39B51B20D5A00058E49D;
			packageReferences = (
			);
			productRefGroup = 7543240020A3786F006EE620 /* Products */;
			projectDirPath = "";
			projectReferences = (
				{
					ProductGroup = 75F1DB072DDA75C8006B74B7 /* Products */;
					ProjectRef = 75A73D5F2DC02F6E00186BC3 /* ILFoundation.xcodeproj */;
				},
				{
					ProductGroup = 75A73D792DC02FF100186BC3 /* Products */;
					ProjectRef = 75A73D782DC02FF100186BC3 /* ILFoundation.xcodeproj */;
				},
			);
			projectRoot = "";
			targets = (
				754EA4482C73E437004BBC13 /* Soup (All) */,
				7580B783218188FE00D1E62F /* Soup */,
				7543242920A39B5B006EE620 /* addresses */,
				75D12D6D2378BF40003F2899 /* Cannery */,
				75D12D7E2378BF42003F2899 /* CanneryTests */,
				75967A982963838E00BE394B /* SoupTests */,
			);
		};
/* End PBXProject section */

/* Begin PBXReferenceProxy section */
		75A73D812DC02FF200186BC3 /* ILFoundation.framework */ = {
			isa = PBXReferenceProxy;
			fileType = wrapper.framework;
			path = ILFoundation.framework;
			remoteRef = 75A73D802DC02FF200186BC3 /* PBXContainerItemProxy */;
			sourceTree = BUILT_PRODUCTS_DIR;
		};
		75A73D832DC02FF200186BC3 /* ILFoundationSwift.framework */ = {
			isa = PBXReferenceProxy;
			fileType = wrapper.framework;
			path = ILFoundationSwift.framework;
			remoteRef = 75A73D822DC02FF200186BC3 /* PBXContainerItemProxy */;
			sourceTree = BUILT_PRODUCTS_DIR;
		};
		75A73D852DC02FF200186BC3 /* ILFoundationTests.xctest */ = {
			isa = PBXReferenceProxy;
			fileType = wrapper.cfbundle;
			path = ILFoundationTests.xctest;
			remoteRef = 75A73D842DC02FF200186BC3 /* PBXContainerItemProxy */;
			sourceTree = BUILT_PRODUCTS_DIR;
		};
		75F1DB0D2DDA75C8006B74B7 /* ILFoundation.framework */ = {
			isa = PBXReferenceProxy;
			fileType = wrapper.framework;
			path = ILFoundation.framework;
			remoteRef = 75F1DB0C2DDA75C8006B74B7 /* PBXContainerItemProxy */;
			sourceTree = BUILT_PRODUCTS_DIR;
		};
		75F1DB0F2DDA75C8006B74B7 /* ILFoundationSwift.framework */ = {
			isa = PBXReferenceProxy;
			fileType = wrapper.framework;
			path = ILFoundationSwift.framework;
			remoteRef = 75F1DB0E2DDA75C8006B74B7 /* PBXContainerItemProxy */;
			sourceTree = BUILT_PRODUCTS_DIR;
		};
		75F1DB112DDA75C8006B74B7 /* ILFoundationTests.xctest */ = {
			isa = PBXReferenceProxy;
			fileType = wrapper.cfbundle;
			path = ILFoundationTests.xctest;
			remoteRef = 75F1DB102DDA75C8006B74B7 /* PBXContainerItemProxy */;
			sourceTree = BUILT_PRODUCTS_DIR;
		};
/* End PBXReferenceProxy section */

/* Begin PBXResourcesBuildPhase section */
		7580B7A5218188FE00D1E62F /* Resources */ = {
			isa = PBXResourcesBuildPhase;
			buildActionMask = 2147483647;
			files = (
			);
			runOnlyForDeploymentPostprocessing = 0;
		};
		75967A972963838E00BE394B /* Resources */ = {
			isa = PBXResourcesBuildPhase;
			buildActionMask = 2147483647;
			files = (
			);
			runOnlyForDeploymentPostprocessing = 0;
		};
		75D12D6C2378BF40003F2899 /* Resources */ = {
			isa = PBXResourcesBuildPhase;
			buildActionMask = 2147483647;
			files = (
				75D12D752378BF42003F2899 /* Assets.xcassets in Resources */,
				75D12D9423791C9D003F2899 /* CanneryBrowser.xib in Resources */,
				75D12D782378BF42003F2899 /* Main.storyboard in Resources */,
			);
			runOnlyForDeploymentPostprocessing = 0;
		};
		75D12D7D2378BF42003F2899 /* Resources */ = {
			isa = PBXResourcesBuildPhase;
			buildActionMask = 2147483647;
			files = (
			);
			runOnlyForDeploymentPostprocessing = 0;
		};
/* End PBXResourcesBuildPhase section */

/* Begin PBXSourcesBuildPhase section */
		7543242620A39B5B006EE620 /* Sources */ = {
			isa = PBXSourcesBuildPhase;
			buildActionMask = 2147483647;
			files = (
				7543242D20A39B5C006EE620 /* addresses.m in Sources */,
			);
			runOnlyForDeploymentPostprocessing = 0;
		};
		7580B784218188FE00D1E62F /* Sources */ = {
			isa = PBXSourcesBuildPhase;
			buildActionMask = 2147483647;
			files = (
				7580B785218188FE00D1E62F /* ILMemorySoup.m in Sources */,
				7580B786218188FE00D1E62F /* ILFileSoup.m in Sources */,
				7580B787218188FE00D1E62F /* ILSoupStock.m in Sources */,
				7580B788218188FE00D1E62F /* ILStockIndex.m in Sources */,
				7580B789218188FE00D1E62F /* ILUnionSoup.m in Sources */,
				7580B78B218188FE00D1E62F /* ILStockEntry.m in Sources */,
				7580B78C218188FE00D1E62F /* ILStockSequence.m in Sources */,
				75E291872DBEB10600531D08 /* NSArray+Soup.m in Sources */,
				758C8CED2267ED79001B366E /* ILSoupClock.m in Sources */,
				75945A482DDD323000EBE1B8 /* ILSoupSnapshot.m in Sources */,
				7580B78D218188FE00D1E62F /* ILSynchedSoup.m in Sources */,
				7580B78F218188FE00D1E62F /* ILQueuedSoup.m in Sources */,
				75A72A962DB3F2A1003F6532 /* NSDictionary+Soup.m in Sources */,
			);
			runOnlyForDeploymentPostprocessing = 0;
		};
		75967A952963838E00BE394B /* Sources */ = {
			isa = PBXSourcesBuildPhase;
			buildActionMask = 2147483647;
			files = (
				75967A9C2963838E00BE394B /* SoupTests.swift in Sources */,
			);
			runOnlyForDeploymentPostprocessing = 0;
		};
		75D12D6A2378BF40003F2899 /* Sources */ = {
			isa = PBXSourcesBuildPhase;
			buildActionMask = 2147483647;
			files = (
				75D12D732378BF40003F2899 /* CanneryBrowser.swift in Sources */,
				75D12D712378BF40003F2899 /* CanneryDelegate.swift in Sources */,
			);
			runOnlyForDeploymentPostprocessing = 0;
		};
		75D12D7B2378BF42003F2899 /* Sources */ = {
			isa = PBXSourcesBuildPhase;
			buildActionMask = 2147483647;
			files = (
				75D12D842378BF42003F2899 /* CanneryTests.swift in Sources */,
			);
			runOnlyForDeploymentPostprocessing = 0;
		};
/* End PBXSourcesBuildPhase section */

/* Begin PBXTargetDependency section */
		754EA44D2C73E446004BBC13 /* PBXTargetDependency */ = {
			isa = PBXTargetDependency;
			target = 75D12D6D2378BF40003F2899 /* Cannery */;
			targetProxy = 754EA44C2C73E446004BBC13 /* PBXContainerItemProxy */;
		};
		754EA44F2C73E446004BBC13 /* PBXTargetDependency */ = {
			isa = PBXTargetDependency;
			target = 7580B783218188FE00D1E62F /* Soup */;
			targetProxy = 754EA44E2C73E446004BBC13 /* PBXContainerItemProxy */;
		};
		754EA4552C73E446004BBC13 /* PBXTargetDependency */ = {
			isa = PBXTargetDependency;
			target = 7543242920A39B5B006EE620 /* addresses */;
			targetProxy = 754EA4542C73E446004BBC13 /* PBXContainerItemProxy */;
		};
		75A73D7C2DC02FF100186BC3 /* PBXTargetDependency */ = {
			isa = PBXTargetDependency;
			name = ILFoundation;
			targetProxy = 75A73D7B2DC02FF100186BC3 /* PBXContainerItemProxy */;
		};
		75A73D872DC02FFA00186BC3 /* PBXTargetDependency */ = {
			isa = PBXTargetDependency;
			target = 7580B783218188FE00D1E62F /* Soup */;
			targetProxy = 75A73D862DC02FFA00186BC3 /* PBXContainerItemProxy */;
		};
		75D12D812378BF42003F2899 /* PBXTargetDependency */ = {
			isa = PBXTargetDependency;
			target = 75D12D6D2378BF40003F2899 /* Cannery */;
			targetProxy = 75D12D802378BF42003F2899 /* PBXContainerItemProxy */;
		};
		75E2A2132DB1A620007EB907 /* PBXTargetDependency */ = {
			isa = PBXTargetDependency;
			target = 7580B783218188FE00D1E62F /* Soup */;
			targetProxy = 75E2A2122DB1A620007EB907 /* PBXContainerItemProxy */;
		};
		75E2A22A2DB1A656007EB907 /* PBXTargetDependency */ = {
			isa = PBXTargetDependency;
			target = 7580B783218188FE00D1E62F /* Soup */;
			targetProxy = 75E2A2292DB1A656007EB907 /* PBXContainerItemProxy */;
		};
/* End PBXTargetDependency section */

/* Begin PBXVariantGroup section */
		75D12D762378BF42003F2899 /* Main.storyboard */ = {
			isa = PBXVariantGroup;
			children = (
				75D12D772378BF42003F2899 /* Base */,
			);
			name = Main.storyboard;
			sourceTree = "<group>";
		};
/* End PBXVariantGroup section */

/* Begin XCBuildConfiguration section */
		7543242F20A39B5C006EE620 /* Debug */ = {
			isa = XCBuildConfiguration;
			buildSettings = {
				ALWAYS_SEARCH_USER_PATHS = NO;
				CLANG_ANALYZER_NONNULL = YES;
				CLANG_ANALYZER_NUMBER_OBJECT_CONVERSION = YES_AGGRESSIVE;
				CLANG_CXX_LANGUAGE_STANDARD = "gnu++14";
				CLANG_CXX_LIBRARY = "libc++";
				CLANG_ENABLE_MODULES = YES;
				CLANG_ENABLE_OBJC_ARC = YES;
				CLANG_ENABLE_OBJC_WEAK = YES;
				CLANG_WARN_BLOCK_CAPTURE_AUTORELEASING = YES;
				CLANG_WARN_BOOL_CONVERSION = YES;
				CLANG_WARN_COMMA = YES;
				CLANG_WARN_CONSTANT_CONVERSION = YES;
				CLANG_WARN_DEPRECATED_OBJC_IMPLEMENTATIONS = YES;
				CLANG_WARN_DIRECT_OBJC_ISA_USAGE = YES_ERROR;
				CLANG_WARN_DOCUMENTATION_COMMENTS = YES;
				CLANG_WARN_EMPTY_BODY = YES;
				CLANG_WARN_ENUM_CONVERSION = YES;
				CLANG_WARN_INFINITE_RECURSION = YES;
				CLANG_WARN_INT_CONVERSION = YES;
				CLANG_WARN_NON_LITERAL_NULL_CONVERSION = YES;
				CLANG_WARN_OBJC_IMPLICIT_RETAIN_SELF = YES;
				CLANG_WARN_OBJC_LITERAL_CONVERSION = YES;
				CLANG_WARN_OBJC_ROOT_CLASS = YES_ERROR;
				CLANG_WARN_RANGE_LOOP_ANALYSIS = YES;
				CLANG_WARN_STRICT_PROTOTYPES = YES;
				CLANG_WARN_SUSPICIOUS_MOVE = YES;
				CLANG_WARN_UNGUARDED_AVAILABILITY = YES_AGGRESSIVE;
				CLANG_WARN_UNREACHABLE_CODE = YES;
				CLANG_WARN__DUPLICATE_METHOD_MATCH = YES;
				CODE_SIGN_IDENTITY = "Mac Developer";
				CODE_SIGN_STYLE = Automatic;
				COPY_PHASE_STRIP = NO;
				DEAD_CODE_STRIPPING = YES;
				DEBUG_INFORMATION_FORMAT = dwarf;
				DEVELOPMENT_TEAM = E8G8ARB44Z;
				ENABLE_HARDENED_RUNTIME = YES;
				ENABLE_STRICT_OBJC_MSGSEND = YES;
				ENABLE_TESTABILITY = YES;
				GCC_C_LANGUAGE_STANDARD = gnu11;
				GCC_DYNAMIC_NO_PIC = NO;
				GCC_NO_COMMON_BLOCKS = YES;
				GCC_OPTIMIZATION_LEVEL = 0;
				GCC_PREPROCESSOR_DEFINITIONS = (
					"DEBUG=1",
					"$(inherited)",
				);
				GCC_WARN_64_TO_32_BIT_CONVERSION = YES;
				GCC_WARN_ABOUT_RETURN_TYPE = YES_ERROR;
				GCC_WARN_UNDECLARED_SELECTOR = YES;
				GCC_WARN_UNINITIALIZED_AUTOS = YES_AGGRESSIVE;
				GCC_WARN_UNUSED_FUNCTION = YES;
				GCC_WARN_UNUSED_VARIABLE = YES;
				MACOSX_DEPLOYMENT_TARGET = 11.0;
				MTL_ENABLE_DEBUG_INFO = YES;
				ONLY_ACTIVE_ARCH = YES;
				PRODUCT_NAME = "$(TARGET_NAME)";
				SDKROOT = macosx;
			};
			name = Debug;
		};
		7543243020A39B5C006EE620 /* Release */ = {
			isa = XCBuildConfiguration;
			buildSettings = {
				ALWAYS_SEARCH_USER_PATHS = NO;
				CLANG_ANALYZER_NONNULL = YES;
				CLANG_ANALYZER_NUMBER_OBJECT_CONVERSION = YES_AGGRESSIVE;
				CLANG_CXX_LANGUAGE_STANDARD = "gnu++14";
				CLANG_CXX_LIBRARY = "libc++";
				CLANG_ENABLE_MODULES = YES;
				CLANG_ENABLE_OBJC_ARC = YES;
				CLANG_ENABLE_OBJC_WEAK = YES;
				CLANG_WARN_BLOCK_CAPTURE_AUTORELEASING = YES;
				CLANG_WARN_BOOL_CONVERSION = YES;
				CLANG_WARN_COMMA = YES;
				CLANG_WARN_CONSTANT_CONVERSION = YES;
				CLANG_WARN_DEPRECATED_OBJC_IMPLEMENTATIONS = YES;
				CLANG_WARN_DIRECT_OBJC_ISA_USAGE = YES_ERROR;
				CLANG_WARN_DOCUMENTATION_COMMENTS = YES;
				CLANG_WARN_EMPTY_BODY = YES;
				CLANG_WARN_ENUM_CONVERSION = YES;
				CLANG_WARN_INFINITE_RECURSION = YES;
				CLANG_WARN_INT_CONVERSION = YES;
				CLANG_WARN_NON_LITERAL_NULL_CONVERSION = YES;
				CLANG_WARN_OBJC_IMPLICIT_RETAIN_SELF = YES;
				CLANG_WARN_OBJC_LITERAL_CONVERSION = YES;
				CLANG_WARN_OBJC_ROOT_CLASS = YES_ERROR;
				CLANG_WARN_RANGE_LOOP_ANALYSIS = YES;
				CLANG_WARN_STRICT_PROTOTYPES = YES;
				CLANG_WARN_SUSPICIOUS_MOVE = YES;
				CLANG_WARN_UNGUARDED_AVAILABILITY = YES_AGGRESSIVE;
				CLANG_WARN_UNREACHABLE_CODE = YES;
				CLANG_WARN__DUPLICATE_METHOD_MATCH = YES;
				CODE_SIGN_IDENTITY = "Mac Developer";
				CODE_SIGN_STYLE = Automatic;
				COPY_PHASE_STRIP = NO;
				DEAD_CODE_STRIPPING = YES;
				DEBUG_INFORMATION_FORMAT = "dwarf-with-dsym";
				DEVELOPMENT_TEAM = E8G8ARB44Z;
				ENABLE_HARDENED_RUNTIME = YES;
				ENABLE_NS_ASSERTIONS = NO;
				ENABLE_STRICT_OBJC_MSGSEND = YES;
				GCC_C_LANGUAGE_STANDARD = gnu11;
				GCC_NO_COMMON_BLOCKS = YES;
				GCC_WARN_64_TO_32_BIT_CONVERSION = YES;
				GCC_WARN_ABOUT_RETURN_TYPE = YES_ERROR;
				GCC_WARN_UNDECLARED_SELECTOR = YES;
				GCC_WARN_UNINITIALIZED_AUTOS = YES_AGGRESSIVE;
				GCC_WARN_UNUSED_FUNCTION = YES;
				GCC_WARN_UNUSED_VARIABLE = YES;
				MACOSX_DEPLOYMENT_TARGET = 11.0;
				MTL_ENABLE_DEBUG_INFO = NO;
				PRODUCT_NAME = "$(TARGET_NAME)";
				SDKROOT = macosx;
			};
			name = Release;
		};
		754EA44A2C73E438004BBC13 /* Debug */ = {
			isa = XCBuildConfiguration;
			buildSettings = {
				CLANG_ENABLE_OBJC_WEAK = YES;
				CODE_SIGN_STYLE = Automatic;
				MACOSX_DEPLOYMENT_TARGET = 11.0;
				PRODUCT_NAME = "$(TARGET_NAME)";
			};
			name = Debug;
		};
		754EA44B2C73E438004BBC13 /* Release */ = {
			isa = XCBuildConfiguration;
			buildSettings = {
				CLANG_ENABLE_OBJC_WEAK = YES;
				CODE_SIGN_STYLE = Automatic;
				MACOSX_DEPLOYMENT_TARGET = 11.0;
				PRODUCT_NAME = "$(TARGET_NAME)";
			};
			name = Release;
		};
		7580B7A7218188FE00D1E62F /* Debug */ = {
			isa = XCBuildConfiguration;
			buildSettings = {
				ALLOW_TARGET_PLATFORM_SPECIALIZATION = YES;
				CLANG_ANALYZER_GCD_PERFORMANCE = YES;
				CLANG_ANALYZER_NONNULL = YES;
				CLANG_ANALYZER_NUMBER_OBJECT_CONVERSION = YES_AGGRESSIVE;
				CLANG_ENABLE_MODULES = YES;
				CLANG_ENABLE_OBJC_ARC = YES;
				CLANG_ENABLE_OBJC_WEAK = YES;
				CLANG_WARN_BLOCK_CAPTURE_AUTORELEASING = YES;
				CLANG_WARN_BOOL_CONVERSION = YES;
				CLANG_WARN_COMMA = YES;
				CLANG_WARN_CONSTANT_CONVERSION = YES;
				CLANG_WARN_DEPRECATED_OBJC_IMPLEMENTATIONS = YES;
				CLANG_WARN_DIRECT_OBJC_ISA_USAGE = YES_ERROR;
				CLANG_WARN_DOCUMENTATION_COMMENTS = YES;
				CLANG_WARN_EMPTY_BODY = YES;
				CLANG_WARN_ENUM_CONVERSION = YES;
				CLANG_WARN_INFINITE_RECURSION = YES;
				CLANG_WARN_INT_CONVERSION = YES;
				CLANG_WARN_NON_LITERAL_NULL_CONVERSION = YES;
				CLANG_WARN_OBJC_EXPLICIT_OWNERSHIP_TYPE = YES;
				CLANG_WARN_OBJC_IMPLICIT_ATOMIC_PROPERTIES = YES;
				CLANG_WARN_OBJC_IMPLICIT_RETAIN_SELF = YES;
				CLANG_WARN_OBJC_INTERFACE_IVARS = YES;
				CLANG_WARN_OBJC_LITERAL_CONVERSION = YES;
				CLANG_WARN_OBJC_MISSING_PROPERTY_SYNTHESIS = NO;
				CLANG_WARN_OBJC_REPEATED_USE_OF_WEAK = YES;
				CLANG_WARN_OBJC_ROOT_CLASS = YES_ERROR;
				CLANG_WARN_RANGE_LOOP_ANALYSIS = YES;
				CLANG_WARN_STRICT_PROTOTYPES = YES;
				CLANG_WARN_SUSPICIOUS_MOVE = YES;
				CLANG_WARN_UNGUARDED_AVAILABILITY = YES_AGGRESSIVE;
				CLANG_WARN_UNREACHABLE_CODE = YES;
				CLANG_WARN__DUPLICATE_METHOD_MATCH = YES;
				COPY_PHASE_STRIP = NO;
				CURRENT_PROJECT_VERSION = 1;
				DEBUG_INFORMATION_FORMAT = dwarf;
				DEFINES_MODULE = YES;
				DYLIB_COMPATIBILITY_VERSION = 1;
				DYLIB_CURRENT_VERSION = 1;
				DYLIB_INSTALL_NAME_BASE = "@rpath";
				ENABLE_MODULE_VERIFIER = YES;
				ENABLE_STRICT_OBJC_MSGSEND = NO;
				ENABLE_TESTABILITY = YES;
				FRAMEWORK_VERSION = A;
				GCC_OPTIMIZATION_LEVEL = 0;
				GCC_PREPROCESSOR_DEFINITIONS = (
					"DEBUG=1",
					"$(inherited)",
				);
				GCC_WARN_64_TO_32_BIT_CONVERSION = YES;
				GCC_WARN_ABOUT_RETURN_TYPE = YES_ERROR;
				GCC_WARN_STRICT_SELECTOR_MATCH = YES;
				GCC_WARN_UNDECLARED_SELECTOR = YES;
				GCC_WARN_UNINITIALIZED_AUTOS = YES_AGGRESSIVE;
				GCC_WARN_UNUSED_FUNCTION = YES;
				GCC_WARN_UNUSED_VARIABLE = YES;
				INFOPLIST_FILE = Source/Soup/Info.plist;
				LD_RUNPATH_SEARCH_PATHS = (
					"$(inherited)",
					"@executable_path/../Frameworks",
					"@loader_path/Frameworks",
				);
				ONLY_ACTIVE_ARCH = YES;
				PRODUCT_BUNDLE_IDENTIFIER = net.istumbler.labs.soup;
				PRODUCT_NAME = Soup;
				STRIP_SWIFT_SYMBOLS = NO;
				SUPPORTED_PLATFORMS = "xrsimulator xros watchsimulator watchos macosx iphonesimulator iphoneos driverkit appletvsimulator appletvos";
				TARGETED_DEVICE_FAMILY = "1,2,3,4,6,7";
				VERSIONING_SYSTEM = "apple-generic";
				VERSION_INFO_PREFIX = "";
			};
			name = Debug;
		};
		7580B7A8218188FE00D1E62F /* Release */ = {
			isa = XCBuildConfiguration;
			buildSettings = {
				ALLOW_TARGET_PLATFORM_SPECIALIZATION = YES;
				CLANG_ANALYZER_GCD_PERFORMANCE = YES;
				CLANG_ANALYZER_NONNULL = YES;
				CLANG_ANALYZER_NUMBER_OBJECT_CONVERSION = YES_AGGRESSIVE;
				CLANG_ENABLE_MODULES = YES;
				CLANG_ENABLE_OBJC_ARC = YES;
				CLANG_ENABLE_OBJC_WEAK = YES;
				CLANG_WARN_BLOCK_CAPTURE_AUTORELEASING = YES;
				CLANG_WARN_BOOL_CONVERSION = YES;
				CLANG_WARN_COMMA = YES;
				CLANG_WARN_CONSTANT_CONVERSION = YES;
				CLANG_WARN_DEPRECATED_OBJC_IMPLEMENTATIONS = YES;
				CLANG_WARN_DIRECT_OBJC_ISA_USAGE = YES_ERROR;
				CLANG_WARN_DOCUMENTATION_COMMENTS = YES;
				CLANG_WARN_EMPTY_BODY = YES;
				CLANG_WARN_ENUM_CONVERSION = YES;
				CLANG_WARN_INFINITE_RECURSION = YES;
				CLANG_WARN_INT_CONVERSION = YES;
				CLANG_WARN_NON_LITERAL_NULL_CONVERSION = YES;
				CLANG_WARN_OBJC_EXPLICIT_OWNERSHIP_TYPE = YES;
				CLANG_WARN_OBJC_IMPLICIT_ATOMIC_PROPERTIES = YES;
				CLANG_WARN_OBJC_IMPLICIT_RETAIN_SELF = YES;
				CLANG_WARN_OBJC_INTERFACE_IVARS = YES;
				CLANG_WARN_OBJC_LITERAL_CONVERSION = YES;
				CLANG_WARN_OBJC_MISSING_PROPERTY_SYNTHESIS = NO;
				CLANG_WARN_OBJC_REPEATED_USE_OF_WEAK = YES;
				CLANG_WARN_OBJC_ROOT_CLASS = YES_ERROR;
				CLANG_WARN_RANGE_LOOP_ANALYSIS = YES;
				CLANG_WARN_STRICT_PROTOTYPES = YES;
				CLANG_WARN_SUSPICIOUS_MOVE = YES;
				CLANG_WARN_UNGUARDED_AVAILABILITY = YES_AGGRESSIVE;
				CLANG_WARN_UNREACHABLE_CODE = YES;
				CLANG_WARN__DUPLICATE_METHOD_MATCH = YES;
				COPY_PHASE_STRIP = NO;
				CURRENT_PROJECT_VERSION = 1;
				DEBUG_INFORMATION_FORMAT = "dwarf-with-dsym";
				DEFINES_MODULE = YES;
				DYLIB_COMPATIBILITY_VERSION = 1;
				DYLIB_CURRENT_VERSION = 1;
				DYLIB_INSTALL_NAME_BASE = "@rpath";
				ENABLE_MODULE_VERIFIER = YES;
				ENABLE_NS_ASSERTIONS = NO;
				ENABLE_STRICT_OBJC_MSGSEND = NO;
				FRAMEWORK_VERSION = A;
				GCC_WARN_64_TO_32_BIT_CONVERSION = YES;
				GCC_WARN_ABOUT_RETURN_TYPE = YES_ERROR;
				GCC_WARN_STRICT_SELECTOR_MATCH = YES;
				GCC_WARN_UNDECLARED_SELECTOR = YES;
				GCC_WARN_UNINITIALIZED_AUTOS = YES_AGGRESSIVE;
				GCC_WARN_UNUSED_FUNCTION = YES;
				GCC_WARN_UNUSED_VARIABLE = YES;
				INFOPLIST_FILE = Source/Soup/Info.plist;
				LD_RUNPATH_SEARCH_PATHS = (
					"$(inherited)",
					"@executable_path/../Frameworks",
					"@loader_path/Frameworks",
				);
				PRODUCT_BUNDLE_IDENTIFIER = net.istumbler.labs.soup;
				PRODUCT_NAME = Soup;
				STRIP_SWIFT_SYMBOLS = NO;
				SUPPORTED_PLATFORMS = "xrsimulator xros watchsimulator watchos macosx iphonesimulator iphoneos driverkit appletvsimulator appletvos";
				TARGETED_DEVICE_FAMILY = "1,2,3,4,6,7";
				VERSIONING_SYSTEM = "apple-generic";
				VERSION_INFO_PREFIX = "";
			};
			name = Release;
		};
		75967AA02963838E00BE394B /* Debug */ = {
			isa = XCBuildConfiguration;
			buildSettings = {
				ALWAYS_SEARCH_USER_PATHS = NO;
				CLANG_ANALYZER_NONNULL = YES;
				CLANG_ANALYZER_NUMBER_OBJECT_CONVERSION = YES_AGGRESSIVE;
				CLANG_CXX_LANGUAGE_STANDARD = "gnu++20";
				CLANG_ENABLE_MODULES = YES;
				CLANG_ENABLE_OBJC_ARC = YES;
				CLANG_ENABLE_OBJC_WEAK = YES;
				CLANG_WARN_DIRECT_OBJC_ISA_USAGE = YES_ERROR;
				CLANG_WARN_DOCUMENTATION_COMMENTS = YES;
				CLANG_WARN_OBJC_ROOT_CLASS = YES_ERROR;
				CLANG_WARN_UNGUARDED_AVAILABILITY = YES_AGGRESSIVE;
				CODE_SIGN_STYLE = Automatic;
				COPY_PHASE_STRIP = NO;
				CURRENT_PROJECT_VERSION = 1;
				DEBUG_INFORMATION_FORMAT = dwarf;
				DEVELOPMENT_TEAM = E8G8ARB44Z;
				GCC_C_LANGUAGE_STANDARD = gnu11;
				GCC_DYNAMIC_NO_PIC = NO;
				GCC_OPTIMIZATION_LEVEL = 0;
				GCC_PREPROCESSOR_DEFINITIONS = (
					"DEBUG=1",
					"$(inherited)",
				);
				GCC_WARN_ABOUT_RETURN_TYPE = YES_ERROR;
				GCC_WARN_UNINITIALIZED_AUTOS = YES_AGGRESSIVE;
				GENERATE_INFOPLIST_FILE = YES;
				MACOSX_DEPLOYMENT_TARGET = 13.1;
				MARKETING_VERSION = 1.0;
				MTL_ENABLE_DEBUG_INFO = INCLUDE_SOURCE;
				MTL_FAST_MATH = YES;
				PRODUCT_BUNDLE_IDENTIFIER = net.istumbler.SoupTests;
				PRODUCT_NAME = "$(TARGET_NAME)";
				SDKROOT = macosx;
				SWIFT_ACTIVE_COMPILATION_CONDITIONS = DEBUG;
				SWIFT_EMIT_LOC_STRINGS = NO;
				SWIFT_OPTIMIZATION_LEVEL = "-Onone";
				SWIFT_VERSION = 5.0;
			};
			name = Debug;
		};
		75967AA12963838E00BE394B /* Release */ = {
			isa = XCBuildConfiguration;
			buildSettings = {
				ALWAYS_SEARCH_USER_PATHS = NO;
				CLANG_ANALYZER_NONNULL = YES;
				CLANG_ANALYZER_NUMBER_OBJECT_CONVERSION = YES_AGGRESSIVE;
				CLANG_CXX_LANGUAGE_STANDARD = "gnu++20";
				CLANG_ENABLE_MODULES = YES;
				CLANG_ENABLE_OBJC_ARC = YES;
				CLANG_ENABLE_OBJC_WEAK = YES;
				CLANG_WARN_DIRECT_OBJC_ISA_USAGE = YES_ERROR;
				CLANG_WARN_DOCUMENTATION_COMMENTS = YES;
				CLANG_WARN_OBJC_ROOT_CLASS = YES_ERROR;
				CLANG_WARN_UNGUARDED_AVAILABILITY = YES_AGGRESSIVE;
				CODE_SIGN_STYLE = Automatic;
				COPY_PHASE_STRIP = NO;
				CURRENT_PROJECT_VERSION = 1;
				DEBUG_INFORMATION_FORMAT = "dwarf-with-dsym";
				DEVELOPMENT_TEAM = E8G8ARB44Z;
				ENABLE_NS_ASSERTIONS = NO;
				GCC_C_LANGUAGE_STANDARD = gnu11;
				GCC_WARN_ABOUT_RETURN_TYPE = YES_ERROR;
				GCC_WARN_UNINITIALIZED_AUTOS = YES_AGGRESSIVE;
				GENERATE_INFOPLIST_FILE = YES;
				MACOSX_DEPLOYMENT_TARGET = 13.1;
				MARKETING_VERSION = 1.0;
				MTL_ENABLE_DEBUG_INFO = NO;
				MTL_FAST_MATH = YES;
				PRODUCT_BUNDLE_IDENTIFIER = net.istumbler.SoupTests;
				PRODUCT_NAME = "$(TARGET_NAME)";
				SDKROOT = macosx;
				SWIFT_EMIT_LOC_STRINGS = NO;
				SWIFT_OPTIMIZATION_LEVEL = "-O";
				SWIFT_VERSION = 5.0;
			};
			name = Release;
		};
		75D12D862378BF42003F2899 /* Debug */ = {
			isa = XCBuildConfiguration;
			buildSettings = {
				ALWAYS_SEARCH_USER_PATHS = NO;
				ASSETCATALOG_COMPILER_APPICON_NAME = AppIcon;
				CLANG_ANALYZER_NONNULL = YES;
				CLANG_ANALYZER_NUMBER_OBJECT_CONVERSION = YES_AGGRESSIVE;
				CLANG_CXX_LANGUAGE_STANDARD = "gnu++14";
				CLANG_CXX_LIBRARY = "libc++";
				CLANG_ENABLE_MODULES = YES;
				CLANG_ENABLE_OBJC_ARC = YES;
				CLANG_ENABLE_OBJC_WEAK = YES;
				CLANG_WARN_BLOCK_CAPTURE_AUTORELEASING = YES;
				CLANG_WARN_BOOL_CONVERSION = YES;
				CLANG_WARN_COMMA = YES;
				CLANG_WARN_CONSTANT_CONVERSION = YES;
				CLANG_WARN_DEPRECATED_OBJC_IMPLEMENTATIONS = YES;
				CLANG_WARN_DIRECT_OBJC_ISA_USAGE = YES_ERROR;
				CLANG_WARN_DOCUMENTATION_COMMENTS = YES;
				CLANG_WARN_EMPTY_BODY = YES;
				CLANG_WARN_ENUM_CONVERSION = YES;
				CLANG_WARN_INFINITE_RECURSION = YES;
				CLANG_WARN_INT_CONVERSION = YES;
				CLANG_WARN_NON_LITERAL_NULL_CONVERSION = YES;
				CLANG_WARN_OBJC_IMPLICIT_RETAIN_SELF = YES;
				CLANG_WARN_OBJC_LITERAL_CONVERSION = YES;
				CLANG_WARN_OBJC_ROOT_CLASS = YES_ERROR;
				CLANG_WARN_RANGE_LOOP_ANALYSIS = YES;
				CLANG_WARN_STRICT_PROTOTYPES = YES;
				CLANG_WARN_SUSPICIOUS_MOVE = YES;
				CLANG_WARN_UNGUARDED_AVAILABILITY = YES_AGGRESSIVE;
				CLANG_WARN_UNREACHABLE_CODE = YES;
				CLANG_WARN__DUPLICATE_METHOD_MATCH = YES;
				CODE_SIGN_ENTITLEMENTS = Source/Cannery/Cannery.entitlements;
				CODE_SIGN_IDENTITY = "Apple Development";
				CODE_SIGN_STYLE = Automatic;
				COMBINE_HIDPI_IMAGES = YES;
				COPY_PHASE_STRIP = NO;
				DEAD_CODE_STRIPPING = YES;
				DEBUG_INFORMATION_FORMAT = dwarf;
				DEVELOPMENT_TEAM = E8G8ARB44Z;
				ENABLE_HARDENED_RUNTIME = YES;
				ENABLE_STRICT_OBJC_MSGSEND = YES;
				ENABLE_TESTABILITY = YES;
				GCC_C_LANGUAGE_STANDARD = gnu11;
				GCC_DYNAMIC_NO_PIC = NO;
				GCC_NO_COMMON_BLOCKS = YES;
				GCC_OPTIMIZATION_LEVEL = 0;
				GCC_PREPROCESSOR_DEFINITIONS = (
					"DEBUG=1",
					"$(inherited)",
				);
				GCC_WARN_64_TO_32_BIT_CONVERSION = YES;
				GCC_WARN_ABOUT_RETURN_TYPE = YES_ERROR;
				GCC_WARN_UNDECLARED_SELECTOR = YES;
				GCC_WARN_UNINITIALIZED_AUTOS = YES_AGGRESSIVE;
				GCC_WARN_UNUSED_FUNCTION = YES;
				GCC_WARN_UNUSED_VARIABLE = YES;
				INFOPLIST_FILE = Source/Cannery/Info.plist;
				LD_RUNPATH_SEARCH_PATHS = (
					"$(inherited)",
					"@executable_path/../Frameworks",
				);
				MACOSX_DEPLOYMENT_TARGET = 11.0;
				MARKETING_VERSION = 1.0.0;
				MTL_ENABLE_DEBUG_INFO = INCLUDE_SOURCE;
				MTL_FAST_MATH = YES;
				ONLY_ACTIVE_ARCH = YES;
				PRODUCT_BUNDLE_IDENTIFIER = net.istumbler.labs.cannery;
				PRODUCT_NAME = "$(TARGET_NAME)";
				PROVISIONING_PROFILE_SPECIFIER = "";
				SDKROOT = macosx;
				SWIFT_ACTIVE_COMPILATION_CONDITIONS = DEBUG;
				SWIFT_OPTIMIZATION_LEVEL = "-Onone";
				SWIFT_VERSION = 5.0;
			};
			name = Debug;
		};
		75D12D872378BF42003F2899 /* Release */ = {
			isa = XCBuildConfiguration;
			buildSettings = {
				ALWAYS_SEARCH_USER_PATHS = NO;
				ASSETCATALOG_COMPILER_APPICON_NAME = AppIcon;
				CLANG_ANALYZER_NONNULL = YES;
				CLANG_ANALYZER_NUMBER_OBJECT_CONVERSION = YES_AGGRESSIVE;
				CLANG_CXX_LANGUAGE_STANDARD = "gnu++14";
				CLANG_CXX_LIBRARY = "libc++";
				CLANG_ENABLE_MODULES = YES;
				CLANG_ENABLE_OBJC_ARC = YES;
				CLANG_ENABLE_OBJC_WEAK = YES;
				CLANG_WARN_BLOCK_CAPTURE_AUTORELEASING = YES;
				CLANG_WARN_BOOL_CONVERSION = YES;
				CLANG_WARN_COMMA = YES;
				CLANG_WARN_CONSTANT_CONVERSION = YES;
				CLANG_WARN_DEPRECATED_OBJC_IMPLEMENTATIONS = YES;
				CLANG_WARN_DIRECT_OBJC_ISA_USAGE = YES_ERROR;
				CLANG_WARN_DOCUMENTATION_COMMENTS = YES;
				CLANG_WARN_EMPTY_BODY = YES;
				CLANG_WARN_ENUM_CONVERSION = YES;
				CLANG_WARN_INFINITE_RECURSION = YES;
				CLANG_WARN_INT_CONVERSION = YES;
				CLANG_WARN_NON_LITERAL_NULL_CONVERSION = YES;
				CLANG_WARN_OBJC_IMPLICIT_RETAIN_SELF = YES;
				CLANG_WARN_OBJC_LITERAL_CONVERSION = YES;
				CLANG_WARN_OBJC_ROOT_CLASS = YES_ERROR;
				CLANG_WARN_RANGE_LOOP_ANALYSIS = YES;
				CLANG_WARN_STRICT_PROTOTYPES = YES;
				CLANG_WARN_SUSPICIOUS_MOVE = YES;
				CLANG_WARN_UNGUARDED_AVAILABILITY = YES_AGGRESSIVE;
				CLANG_WARN_UNREACHABLE_CODE = YES;
				CLANG_WARN__DUPLICATE_METHOD_MATCH = YES;
				CODE_SIGN_ENTITLEMENTS = Source/Cannery/Cannery.entitlements;
				CODE_SIGN_IDENTITY = "Apple Development";
				CODE_SIGN_STYLE = Automatic;
				COMBINE_HIDPI_IMAGES = YES;
				COPY_PHASE_STRIP = NO;
				DEAD_CODE_STRIPPING = YES;
				DEBUG_INFORMATION_FORMAT = "dwarf-with-dsym";
				DEVELOPMENT_TEAM = E8G8ARB44Z;
				ENABLE_HARDENED_RUNTIME = YES;
				ENABLE_NS_ASSERTIONS = NO;
				ENABLE_STRICT_OBJC_MSGSEND = YES;
				GCC_C_LANGUAGE_STANDARD = gnu11;
				GCC_NO_COMMON_BLOCKS = YES;
				GCC_WARN_64_TO_32_BIT_CONVERSION = YES;
				GCC_WARN_ABOUT_RETURN_TYPE = YES_ERROR;
				GCC_WARN_UNDECLARED_SELECTOR = YES;
				GCC_WARN_UNINITIALIZED_AUTOS = YES_AGGRESSIVE;
				GCC_WARN_UNUSED_FUNCTION = YES;
				GCC_WARN_UNUSED_VARIABLE = YES;
				INFOPLIST_FILE = Source/Cannery/Info.plist;
				LD_RUNPATH_SEARCH_PATHS = (
					"$(inherited)",
					"@executable_path/../Frameworks",
				);
				MACOSX_DEPLOYMENT_TARGET = 11.0;
				MARKETING_VERSION = 1.0.0;
				MTL_ENABLE_DEBUG_INFO = NO;
				MTL_FAST_MATH = YES;
				PRODUCT_BUNDLE_IDENTIFIER = net.istumbler.labs.cannery;
				PRODUCT_NAME = "$(TARGET_NAME)";
				PROVISIONING_PROFILE_SPECIFIER = "";
				SDKROOT = macosx;
				SWIFT_COMPILATION_MODE = wholemodule;
				SWIFT_OPTIMIZATION_LEVEL = "-O";
				SWIFT_VERSION = 5.0;
			};
			name = Release;
		};
		75D12D882378BF42003F2899 /* Debug */ = {
			isa = XCBuildConfiguration;
			buildSettings = {
				ALWAYS_SEARCH_USER_PATHS = NO;
				BUNDLE_LOADER = "$(TEST_HOST)";
				CLANG_ANALYZER_NONNULL = YES;
				CLANG_ANALYZER_NUMBER_OBJECT_CONVERSION = YES_AGGRESSIVE;
				CLANG_CXX_LANGUAGE_STANDARD = "gnu++14";
				CLANG_CXX_LIBRARY = "libc++";
				CLANG_ENABLE_MODULES = YES;
				CLANG_ENABLE_OBJC_ARC = YES;
				CLANG_ENABLE_OBJC_WEAK = YES;
				CLANG_WARN_BLOCK_CAPTURE_AUTORELEASING = YES;
				CLANG_WARN_BOOL_CONVERSION = YES;
				CLANG_WARN_COMMA = YES;
				CLANG_WARN_CONSTANT_CONVERSION = YES;
				CLANG_WARN_DEPRECATED_OBJC_IMPLEMENTATIONS = YES;
				CLANG_WARN_DIRECT_OBJC_ISA_USAGE = YES_ERROR;
				CLANG_WARN_DOCUMENTATION_COMMENTS = YES;
				CLANG_WARN_EMPTY_BODY = YES;
				CLANG_WARN_ENUM_CONVERSION = YES;
				CLANG_WARN_INFINITE_RECURSION = YES;
				CLANG_WARN_INT_CONVERSION = YES;
				CLANG_WARN_NON_LITERAL_NULL_CONVERSION = YES;
				CLANG_WARN_OBJC_IMPLICIT_RETAIN_SELF = YES;
				CLANG_WARN_OBJC_LITERAL_CONVERSION = YES;
				CLANG_WARN_OBJC_ROOT_CLASS = YES_ERROR;
				CLANG_WARN_RANGE_LOOP_ANALYSIS = YES;
				CLANG_WARN_STRICT_PROTOTYPES = YES;
				CLANG_WARN_SUSPICIOUS_MOVE = YES;
				CLANG_WARN_UNGUARDED_AVAILABILITY = YES_AGGRESSIVE;
				CLANG_WARN_UNREACHABLE_CODE = YES;
				CLANG_WARN__DUPLICATE_METHOD_MATCH = YES;
				CODE_SIGN_IDENTITY = "Apple Development";
				CODE_SIGN_STYLE = Automatic;
				COMBINE_HIDPI_IMAGES = YES;
				COPY_PHASE_STRIP = NO;
				DEAD_CODE_STRIPPING = YES;
				DEBUG_INFORMATION_FORMAT = dwarf;
				DEVELOPMENT_TEAM = E8G8ARB44Z;
				ENABLE_STRICT_OBJC_MSGSEND = YES;
				ENABLE_TESTABILITY = YES;
				GCC_C_LANGUAGE_STANDARD = gnu11;
				GCC_DYNAMIC_NO_PIC = NO;
				GCC_NO_COMMON_BLOCKS = YES;
				GCC_OPTIMIZATION_LEVEL = 0;
				GCC_PREPROCESSOR_DEFINITIONS = (
					"DEBUG=1",
					"$(inherited)",
				);
				GCC_WARN_64_TO_32_BIT_CONVERSION = YES;
				GCC_WARN_ABOUT_RETURN_TYPE = YES_ERROR;
				GCC_WARN_UNDECLARED_SELECTOR = YES;
				GCC_WARN_UNINITIALIZED_AUTOS = YES_AGGRESSIVE;
				GCC_WARN_UNUSED_FUNCTION = YES;
				GCC_WARN_UNUSED_VARIABLE = YES;
				INFOPLIST_FILE = CanneryTests/Info.plist;
				LD_RUNPATH_SEARCH_PATHS = (
					"$(inherited)",
					"@executable_path/../Frameworks",
					"@loader_path/../Frameworks",
				);
				MACOSX_DEPLOYMENT_TARGET = 11.0;
				MTL_ENABLE_DEBUG_INFO = INCLUDE_SOURCE;
				MTL_FAST_MATH = YES;
				ONLY_ACTIVE_ARCH = YES;
				PRODUCT_BUNDLE_IDENTIFIER = net.istumbler.labs.CanneryTests;
				PRODUCT_NAME = "$(TARGET_NAME)";
				PROVISIONING_PROFILE_SPECIFIER = "";
				SDKROOT = macosx;
				SWIFT_ACTIVE_COMPILATION_CONDITIONS = DEBUG;
				SWIFT_OPTIMIZATION_LEVEL = "-Onone";
				SWIFT_VERSION = 5.0;
				TEST_HOST = "$(BUILT_PRODUCTS_DIR)/Cannery.app/Contents/MacOS/Cannery";
			};
			name = Debug;
		};
		75D12D892378BF42003F2899 /* Release */ = {
			isa = XCBuildConfiguration;
			buildSettings = {
				ALWAYS_SEARCH_USER_PATHS = NO;
				BUNDLE_LOADER = "$(TEST_HOST)";
				CLANG_ANALYZER_NONNULL = YES;
				CLANG_ANALYZER_NUMBER_OBJECT_CONVERSION = YES_AGGRESSIVE;
				CLANG_CXX_LANGUAGE_STANDARD = "gnu++14";
				CLANG_CXX_LIBRARY = "libc++";
				CLANG_ENABLE_MODULES = YES;
				CLANG_ENABLE_OBJC_ARC = YES;
				CLANG_ENABLE_OBJC_WEAK = YES;
				CLANG_WARN_BLOCK_CAPTURE_AUTORELEASING = YES;
				CLANG_WARN_BOOL_CONVERSION = YES;
				CLANG_WARN_COMMA = YES;
				CLANG_WARN_CONSTANT_CONVERSION = YES;
				CLANG_WARN_DEPRECATED_OBJC_IMPLEMENTATIONS = YES;
				CLANG_WARN_DIRECT_OBJC_ISA_USAGE = YES_ERROR;
				CLANG_WARN_DOCUMENTATION_COMMENTS = YES;
				CLANG_WARN_EMPTY_BODY = YES;
				CLANG_WARN_ENUM_CONVERSION = YES;
				CLANG_WARN_INFINITE_RECURSION = YES;
				CLANG_WARN_INT_CONVERSION = YES;
				CLANG_WARN_NON_LITERAL_NULL_CONVERSION = YES;
				CLANG_WARN_OBJC_IMPLICIT_RETAIN_SELF = YES;
				CLANG_WARN_OBJC_LITERAL_CONVERSION = YES;
				CLANG_WARN_OBJC_ROOT_CLASS = YES_ERROR;
				CLANG_WARN_RANGE_LOOP_ANALYSIS = YES;
				CLANG_WARN_STRICT_PROTOTYPES = YES;
				CLANG_WARN_SUSPICIOUS_MOVE = YES;
				CLANG_WARN_UNGUARDED_AVAILABILITY = YES_AGGRESSIVE;
				CLANG_WARN_UNREACHABLE_CODE = YES;
				CLANG_WARN__DUPLICATE_METHOD_MATCH = YES;
				CODE_SIGN_IDENTITY = "Apple Development";
				CODE_SIGN_STYLE = Automatic;
				COMBINE_HIDPI_IMAGES = YES;
				COPY_PHASE_STRIP = NO;
				DEAD_CODE_STRIPPING = YES;
				DEBUG_INFORMATION_FORMAT = "dwarf-with-dsym";
				DEVELOPMENT_TEAM = E8G8ARB44Z;
				ENABLE_NS_ASSERTIONS = NO;
				ENABLE_STRICT_OBJC_MSGSEND = YES;
				GCC_C_LANGUAGE_STANDARD = gnu11;
				GCC_NO_COMMON_BLOCKS = YES;
				GCC_WARN_64_TO_32_BIT_CONVERSION = YES;
				GCC_WARN_ABOUT_RETURN_TYPE = YES_ERROR;
				GCC_WARN_UNDECLARED_SELECTOR = YES;
				GCC_WARN_UNINITIALIZED_AUTOS = YES_AGGRESSIVE;
				GCC_WARN_UNUSED_FUNCTION = YES;
				GCC_WARN_UNUSED_VARIABLE = YES;
				INFOPLIST_FILE = CanneryTests/Info.plist;
				LD_RUNPATH_SEARCH_PATHS = (
					"$(inherited)",
					"@executable_path/../Frameworks",
					"@loader_path/../Frameworks",
				);
				MACOSX_DEPLOYMENT_TARGET = 11.0;
				MTL_ENABLE_DEBUG_INFO = NO;
				MTL_FAST_MATH = YES;
				PRODUCT_BUNDLE_IDENTIFIER = net.istumbler.labs.CanneryTests;
				PRODUCT_NAME = "$(TARGET_NAME)";
				PROVISIONING_PROFILE_SPECIFIER = "";
				SDKROOT = macosx;
				SWIFT_COMPILATION_MODE = wholemodule;
				SWIFT_OPTIMIZATION_LEVEL = "-O";
				SWIFT_VERSION = 5.0;
				TEST_HOST = "$(BUILT_PRODUCTS_DIR)/Cannery.app/Contents/MacOS/Cannery";
			};
			name = Release;
		};
		75EA39BA1B20D5A00058E49D /* Debug */ = {
			isa = XCBuildConfiguration;
			buildSettings = {
				CLANG_ANALYZER_LOCALIZABILITY_NONLOCALIZED = YES;
				CLANG_WARN_BLOCK_CAPTURE_AUTORELEASING = YES;
				CLANG_WARN_BOOL_CONVERSION = YES;
				CLANG_WARN_COMMA = YES;
				CLANG_WARN_CONSTANT_CONVERSION = YES;
				CLANG_WARN_DEPRECATED_OBJC_IMPLEMENTATIONS = YES;
				CLANG_WARN_EMPTY_BODY = YES;
				CLANG_WARN_ENUM_CONVERSION = YES;
				CLANG_WARN_INFINITE_RECURSION = YES;
				CLANG_WARN_INT_CONVERSION = YES;
				CLANG_WARN_NON_LITERAL_NULL_CONVERSION = YES;
				CLANG_WARN_OBJC_IMPLICIT_RETAIN_SELF = YES;
				CLANG_WARN_OBJC_LITERAL_CONVERSION = YES;
				CLANG_WARN_QUOTED_INCLUDE_IN_FRAMEWORK_HEADER = YES;
				CLANG_WARN_RANGE_LOOP_ANALYSIS = YES;
				CLANG_WARN_STRICT_PROTOTYPES = YES;
				CLANG_WARN_SUSPICIOUS_MOVE = YES;
				CLANG_WARN_UNREACHABLE_CODE = YES;
				CLANG_WARN__DUPLICATE_METHOD_MATCH = YES;
				DEAD_CODE_STRIPPING = YES;
				ENABLE_STRICT_OBJC_MSGSEND = YES;
				ENABLE_TESTABILITY = YES;
				ENABLE_USER_SCRIPT_SANDBOXING = YES;
				GCC_NO_COMMON_BLOCKS = YES;
				GCC_WARN_64_TO_32_BIT_CONVERSION = YES;
				GCC_WARN_ABOUT_RETURN_TYPE = YES;
				GCC_WARN_UNDECLARED_SELECTOR = YES;
				GCC_WARN_UNINITIALIZED_AUTOS = YES;
				GCC_WARN_UNUSED_FUNCTION = YES;
				GCC_WARN_UNUSED_VARIABLE = YES;
				IPHONEOS_DEPLOYMENT_TARGET = 14.7;
				MACOSX_DEPLOYMENT_TARGET = 10.15;
				ONLY_ACTIVE_ARCH = YES;
				TVOS_DEPLOYMENT_TARGET = 14.7;
				WATCHOS_DEPLOYMENT_TARGET = 4.0;
			};
			name = Debug;
		};
		75EA39BB1B20D5A00058E49D /* Release */ = {
			isa = XCBuildConfiguration;
			buildSettings = {
				CLANG_ANALYZER_LOCALIZABILITY_NONLOCALIZED = YES;
				CLANG_WARN_BLOCK_CAPTURE_AUTORELEASING = YES;
				CLANG_WARN_BOOL_CONVERSION = YES;
				CLANG_WARN_COMMA = YES;
				CLANG_WARN_CONSTANT_CONVERSION = YES;
				CLANG_WARN_DEPRECATED_OBJC_IMPLEMENTATIONS = YES;
				CLANG_WARN_EMPTY_BODY = YES;
				CLANG_WARN_ENUM_CONVERSION = YES;
				CLANG_WARN_INFINITE_RECURSION = YES;
				CLANG_WARN_INT_CONVERSION = YES;
				CLANG_WARN_NON_LITERAL_NULL_CONVERSION = YES;
				CLANG_WARN_OBJC_IMPLICIT_RETAIN_SELF = YES;
				CLANG_WARN_OBJC_LITERAL_CONVERSION = YES;
				CLANG_WARN_QUOTED_INCLUDE_IN_FRAMEWORK_HEADER = YES;
				CLANG_WARN_RANGE_LOOP_ANALYSIS = YES;
				CLANG_WARN_STRICT_PROTOTYPES = YES;
				CLANG_WARN_SUSPICIOUS_MOVE = YES;
				CLANG_WARN_UNREACHABLE_CODE = YES;
				CLANG_WARN__DUPLICATE_METHOD_MATCH = YES;
				DEAD_CODE_STRIPPING = YES;
				ENABLE_STRICT_OBJC_MSGSEND = YES;
				ENABLE_USER_SCRIPT_SANDBOXING = YES;
				GCC_NO_COMMON_BLOCKS = YES;
				GCC_WARN_64_TO_32_BIT_CONVERSION = YES;
				GCC_WARN_ABOUT_RETURN_TYPE = YES;
				GCC_WARN_UNDECLARED_SELECTOR = YES;
				GCC_WARN_UNINITIALIZED_AUTOS = YES;
				GCC_WARN_UNUSED_FUNCTION = YES;
				GCC_WARN_UNUSED_VARIABLE = YES;
				IPHONEOS_DEPLOYMENT_TARGET = 14.7;
				MACOSX_DEPLOYMENT_TARGET = 10.15;
				SWIFT_COMPILATION_MODE = wholemodule;
				TVOS_DEPLOYMENT_TARGET = 14.7;
				WATCHOS_DEPLOYMENT_TARGET = 4.0;
			};
			name = Release;
		};
/* End XCBuildConfiguration section */

/* Begin XCConfigurationList section */
		7543242E20A39B5C006EE620 /* Build configuration list for PBXNativeTarget "addresses" */ = {
			isa = XCConfigurationList;
			buildConfigurations = (
				7543242F20A39B5C006EE620 /* Debug */,
				7543243020A39B5C006EE620 /* Release */,
			);
			defaultConfigurationIsVisible = 0;
			defaultConfigurationName = Release;
		};
		754EA4492C73E438004BBC13 /* Build configuration list for PBXAggregateTarget "Soup (All)" */ = {
			isa = XCConfigurationList;
			buildConfigurations = (
				754EA44A2C73E438004BBC13 /* Debug */,
				754EA44B2C73E438004BBC13 /* Release */,
			);
			defaultConfigurationIsVisible = 0;
			defaultConfigurationName = Release;
		};
		7580B7A6218188FE00D1E62F /* Build configuration list for PBXNativeTarget "Soup" */ = {
			isa = XCConfigurationList;
			buildConfigurations = (
				7580B7A7218188FE00D1E62F /* Debug */,
				7580B7A8218188FE00D1E62F /* Release */,
			);
			defaultConfigurationIsVisible = 0;
			defaultConfigurationName = Release;
		};
		75967AA22963838E00BE394B /* Build configuration list for PBXNativeTarget "SoupTests" */ = {
			isa = XCConfigurationList;
			buildConfigurations = (
				75967AA02963838E00BE394B /* Debug */,
				75967AA12963838E00BE394B /* Release */,
			);
			defaultConfigurationIsVisible = 0;
			defaultConfigurationName = Release;
		};
		75D12D8A2378BF42003F2899 /* Build configuration list for PBXNativeTarget "Cannery" */ = {
			isa = XCConfigurationList;
			buildConfigurations = (
				75D12D862378BF42003F2899 /* Debug */,
				75D12D872378BF42003F2899 /* Release */,
			);
			defaultConfigurationIsVisible = 0;
			defaultConfigurationName = Release;
		};
		75D12D8B2378BF42003F2899 /* Build configuration list for PBXNativeTarget "CanneryTests" */ = {
			isa = XCConfigurationList;
			buildConfigurations = (
				75D12D882378BF42003F2899 /* Debug */,
				75D12D892378BF42003F2899 /* Release */,
			);
			defaultConfigurationIsVisible = 0;
			defaultConfigurationName = Release;
		};
		75EA39B91B20D5A00058E49D /* Build configuration list for PBXProject "Soup" */ = {
			isa = XCConfigurationList;
			buildConfigurations = (
				75EA39BA1B20D5A00058E49D /* Debug */,
				75EA39BB1B20D5A00058E49D /* Release */,
			);
			defaultConfigurationIsVisible = 0;
			defaultConfigurationName = Release;
		};
/* End XCConfigurationList section */
	};
	rootObject = 75EA39B61B20D5A00058E49D /* Project object */;
}
