// !$*UTF8*$!
{
	archiveVersion = 1;
	classes = {
	};
	objectVersion = 46;
	objects = {

/* Begin PBXFileReference section */
		758A1A7E20886B6300122965 /* Reference */ = {isa = PBXFileReference; lastKnownFileType = folder; path = Reference; sourceTree = "<group>"; };
		75EA39BC1B20D6340058E49D /* Readme.md */ = {isa = PBXFileReference; lastKnownFileType = net.daringfireball.markdown; path = Readme.md; sourceTree = "<group>"; };
/* End PBXFileReference section */

/* Begin PBXGroup section */
		75EA39B51B20D5A00058E49D = {
			isa = PBXGroup;
			children = (
				75EA39BC1B20D6340058E49D /* Readme.md */,
				758A1A7E20886B6300122965 /* Reference */,
			);
			sourceTree = "<group>";
		};
/* End PBXGroup section */

/* Begin PBXProject section */
		75EA39B61B20D5A00058E49D /* Project object */ = {
			isa = PBXProject;
			attributes = {
				LastUpgradeCheck = 0630;
			};
			buildConfigurationList = 75EA39B91B20D5A00058E49D /* Build configuration list for PBXProject "Soup" */;
			compatibilityVersion = "Xcode 3.2";
			developmentRegion = English;
			hasScannedForEncodings = 0;
			knownRegions = (
				en,
			);
			mainGroup = 75EA39B51B20D5A00058E49D;
			projectDirPath = "";
			projectRoot = "";
			targets = (
			);
		};
/* End PBXProject section */

/* Begin XCBuildConfiguration section */
		75EA39BA1B20D5A00058E49D /* Debug */ = {
			isa = XCBuildConfiguration;
			buildSettings = {
			};
			name = Debug;
		};
		75EA39BB1B20D5A00058E49D /* Release */ = {
			isa = XCBuildConfiguration;
			buildSettings = {
			};
			name = Release;
		};
/* End XCBuildConfiguration section */

/* Begin XCConfigurationList section */
		75EA39B91B20D5A00058E49D /* Build configuration list for PBXProject "Soup" */ = {
			isa = XCConfigurationList;
			buildConfigurations = (
				75EA39BA1B20D5A00058E49D /* Debug */,
				75EA39BB1B20D5A00058E49D /* Release */,
			);
			defaultConfigurationIsVisible = 0;
			defaultConfigurationName = Release;
		};
/* End XCConfigurationList section */
	};
	rootObject = 75EA39B61B20D5A00058E49D /* Project object */;
}
