// !$*UTF8*$!
{
	archiveVersion = 1;
	classes = {
	};
	objectVersion = 46;
	objects = {

/* Begin PBXAggregateTarget section */
		7507526F21A9F2AF00DA776A /* Soup */ = {
			isa = PBXAggregateTarget;
			buildConfigurationList = 7507527221A9F2AF00DA776A /* Build configuration list for PBXAggregateTarget "Soup" */;
			buildPhases = (
			);
			dependencies = (
				7507527421A9F2BA00DA776A /* PBXTargetDependency */,
				7507527621A9F2BA00DA776A /* PBXTargetDependency */,
				7507527821A9F2BA00DA776A /* PBXTargetDependency */,
			);
			name = Soup;
			productName = "All Variants";
		};
/* End PBXAggregateTarget section */

/* Begin PBXBuildFile section */
		7543240420A37870006EE620 /* Soup.h in Headers */ = {isa = PBXBuildFile; fileRef = 7543240220A37870006EE620 /* Soup.h */; settings = {ATTRIBUTES = (Public, ); }; };
		7543240A20A37902006EE620 /* Foundation.framework in Frameworks */ = {isa = PBXBuildFile; fileRef = 7543240920A37902006EE620 /* Foundation.framework */; };
		7543240B20A3792B006EE620 /* ILSoup.h in Headers */ = {isa = PBXBuildFile; fileRef = 754323E820A2BF56006EE620 /* ILSoup.h */; settings = {ATTRIBUTES = (Public, ); }; };
		7543240C20A3792B006EE620 /* ILSoupEntry.h in Headers */ = {isa = PBXBuildFile; fileRef = 754323F320A2C3D0006EE620 /* ILSoupEntry.h */; settings = {ATTRIBUTES = (Public, ); }; };
		7543240D20A3792B006EE620 /* ILSoupIndex.h in Headers */ = {isa = PBXBuildFile; fileRef = 754323F420A2C77B006EE620 /* ILSoupIndex.h */; settings = {ATTRIBUTES = (Public, ); }; };
		7543240E20A3792B006EE620 /* ILSoupSequence.h in Headers */ = {isa = PBXBuildFile; fileRef = 754323F520A2C7E5006EE620 /* ILSoupSequence.h */; settings = {ATTRIBUTES = (Public, ); }; };
		7543240F20A3792B006EE620 /* ILMemorySoup.h in Headers */ = {isa = PBXBuildFile; fileRef = 754323EB20A2C055006EE620 /* ILMemorySoup.h */; settings = {ATTRIBUTES = (Public, ); }; };
		7543241020A3792B006EE620 /* ILFileSoup.h in Headers */ = {isa = PBXBuildFile; fileRef = 754323ED20A2C0B7006EE620 /* ILFileSoup.h */; settings = {ATTRIBUTES = (Public, ); }; };
		7543241320A3792B006EE620 /* ILUnionSoup.h in Headers */ = {isa = PBXBuildFile; fileRef = 754323F620A373F3006EE620 /* ILUnionSoup.h */; settings = {ATTRIBUTES = (Public, ); }; };
		7543241420A37938006EE620 /* NSData+Hashcodes.h in Headers */ = {isa = PBXBuildFile; fileRef = 754323E120A2BEBB006EE620 /* NSData+Hashcodes.h */; settings = {ATTRIBUTES = (Public, ); }; };
		7543241520A37938006EE620 /* NSString+Hashcodes.h in Headers */ = {isa = PBXBuildFile; fileRef = 754323E320A2BEBB006EE620 /* NSString+Hashcodes.h */; settings = {ATTRIBUTES = (Public, ); }; };
		7543241620A37938006EE620 /* NSDictionary+Hashcodes.h in Headers */ = {isa = PBXBuildFile; fileRef = 754323F820A3749D006EE620 /* NSDictionary+Hashcodes.h */; settings = {ATTRIBUTES = (Public, ); }; };
		7543241720A37958006EE620 /* ILMemorySoup.m in Sources */ = {isa = PBXBuildFile; fileRef = 754323EC20A2C055006EE620 /* ILMemorySoup.m */; };
		7543241820A37958006EE620 /* ILFileSoup.m in Sources */ = {isa = PBXBuildFile; fileRef = 754323EE20A2C0B7006EE620 /* ILFileSoup.m */; };
		7543241B20A37959006EE620 /* ILUnionSoup.m in Sources */ = {isa = PBXBuildFile; fileRef = 754323F720A373F3006EE620 /* ILUnionSoup.m */; };
		7543241C20A37959006EE620 /* NSData+Hashcodes.m in Sources */ = {isa = PBXBuildFile; fileRef = 754323E220A2BEBB006EE620 /* NSData+Hashcodes.m */; };
		7543241D20A37959006EE620 /* NSString+Hashcodes.m in Sources */ = {isa = PBXBuildFile; fileRef = 754323E420A2BEBB006EE620 /* NSString+Hashcodes.m */; };
		7543241E20A37959006EE620 /* NSDictionary+Hashcodes.m in Sources */ = {isa = PBXBuildFile; fileRef = 754323F920A3749D006EE620 /* NSDictionary+Hashcodes.m */; };
		7543242320A384C9006EE620 /* ILSoupStock.h in Headers */ = {isa = PBXBuildFile; fileRef = 7543242120A384C9006EE620 /* ILSoupStock.h */; settings = {ATTRIBUTES = (Public, ); }; };
		7543242420A384C9006EE620 /* ILSoupStock.m in Sources */ = {isa = PBXBuildFile; fileRef = 7543242220A384C9006EE620 /* ILSoupStock.m */; };
		7543242D20A39B5C006EE620 /* addresses.m in Sources */ = {isa = PBXBuildFile; fileRef = 7543242C20A39B5C006EE620 /* addresses.m */; };
		7543243320A39B8B006EE620 /* Soup.framework in Frameworks */ = {isa = PBXBuildFile; fileRef = 754323FF20A3786F006EE620 /* Soup.framework */; };
		7543243720A3A153006EE620 /* ILStockEntry.h in Headers */ = {isa = PBXBuildFile; fileRef = 7543243520A3A153006EE620 /* ILStockEntry.h */; settings = {ATTRIBUTES = (Public, ); }; };
		7543243820A3A153006EE620 /* ILStockEntry.m in Sources */ = {isa = PBXBuildFile; fileRef = 7543243620A3A153006EE620 /* ILStockEntry.m */; };
		7543243C20A3A2E4006EE620 /* ILStockIndex.h in Headers */ = {isa = PBXBuildFile; fileRef = 7543243A20A3A2E4006EE620 /* ILStockIndex.h */; settings = {ATTRIBUTES = (Public, ); }; };
		7543243D20A3A2E4006EE620 /* ILStockIndex.m in Sources */ = {isa = PBXBuildFile; fileRef = 7543243B20A3A2E4006EE620 /* ILStockIndex.m */; };
		7543244020A3A312006EE620 /* ILStockSequence.h in Headers */ = {isa = PBXBuildFile; fileRef = 7543243E20A3A312006EE620 /* ILStockSequence.h */; settings = {ATTRIBUTES = (Public, ); }; };
		7543244120A3A312006EE620 /* ILStockSequence.m in Sources */ = {isa = PBXBuildFile; fileRef = 7543243F20A3A312006EE620 /* ILStockSequence.m */; };
		7543244420A8B289006EE620 /* ILSynchedSoup.h in Headers */ = {isa = PBXBuildFile; fileRef = 7543244220A8B289006EE620 /* ILSynchedSoup.h */; settings = {ATTRIBUTES = (Public, ); }; };
		7543244520A8B289006EE620 /* ILSynchedSoup.m in Sources */ = {isa = PBXBuildFile; fileRef = 7543244320A8B289006EE620 /* ILSynchedSoup.m */; };
		754324B920AE39FF006EE620 /* ILQueuedSoup.h in Headers */ = {isa = PBXBuildFile; fileRef = 754324B720AE39FF006EE620 /* ILQueuedSoup.h */; settings = {ATTRIBUTES = (Public, ); }; };
		754324BA20AE39FF006EE620 /* ILQueuedSoup.m in Sources */ = {isa = PBXBuildFile; fileRef = 754324B820AE39FF006EE620 /* ILQueuedSoup.m */; };
		7580B785218188FE00D1E62F /* ILMemorySoup.m in Sources */ = {isa = PBXBuildFile; fileRef = 754323EC20A2C055006EE620 /* ILMemorySoup.m */; };
		7580B786218188FE00D1E62F /* ILFileSoup.m in Sources */ = {isa = PBXBuildFile; fileRef = 754323EE20A2C0B7006EE620 /* ILFileSoup.m */; };
		7580B787218188FE00D1E62F /* ILSoupStock.m in Sources */ = {isa = PBXBuildFile; fileRef = 7543242220A384C9006EE620 /* ILSoupStock.m */; };
		7580B788218188FE00D1E62F /* ILStockIndex.m in Sources */ = {isa = PBXBuildFile; fileRef = 7543243B20A3A2E4006EE620 /* ILStockIndex.m */; };
		7580B789218188FE00D1E62F /* ILUnionSoup.m in Sources */ = {isa = PBXBuildFile; fileRef = 754323F720A373F3006EE620 /* ILUnionSoup.m */; };
		7580B78A218188FE00D1E62F /* NSData+Hashcodes.m in Sources */ = {isa = PBXBuildFile; fileRef = 754323E220A2BEBB006EE620 /* NSData+Hashcodes.m */; };
		7580B78B218188FE00D1E62F /* ILStockEntry.m in Sources */ = {isa = PBXBuildFile; fileRef = 7543243620A3A153006EE620 /* ILStockEntry.m */; };
		7580B78C218188FE00D1E62F /* ILStockSequence.m in Sources */ = {isa = PBXBuildFile; fileRef = 7543243F20A3A312006EE620 /* ILStockSequence.m */; };
		7580B78D218188FE00D1E62F /* ILSynchedSoup.m in Sources */ = {isa = PBXBuildFile; fileRef = 7543244320A8B289006EE620 /* ILSynchedSoup.m */; };
		7580B78E218188FE00D1E62F /* NSString+Hashcodes.m in Sources */ = {isa = PBXBuildFile; fileRef = 754323E420A2BEBB006EE620 /* NSString+Hashcodes.m */; };
		7580B78F218188FE00D1E62F /* ILQueuedSoup.m in Sources */ = {isa = PBXBuildFile; fileRef = 754324B820AE39FF006EE620 /* ILQueuedSoup.m */; };
		7580B790218188FE00D1E62F /* NSDictionary+Hashcodes.m in Sources */ = {isa = PBXBuildFile; fileRef = 754323F920A3749D006EE620 /* NSDictionary+Hashcodes.m */; };
		7580B792218188FE00D1E62F /* Foundation.framework in Frameworks */ = {isa = PBXBuildFile; fileRef = 7543240920A37902006EE620 /* Foundation.framework */; };
		7580B794218188FE00D1E62F /* Soup.h in Headers */ = {isa = PBXBuildFile; fileRef = 7543240220A37870006EE620 /* Soup.h */; settings = {ATTRIBUTES = (Public, ); }; };
		7580B795218188FE00D1E62F /* ILSoup.h in Headers */ = {isa = PBXBuildFile; fileRef = 754323E820A2BF56006EE620 /* ILSoup.h */; settings = {ATTRIBUTES = (Public, ); }; };
		7580B796218188FE00D1E62F /* ILSoupEntry.h in Headers */ = {isa = PBXBuildFile; fileRef = 754323F320A2C3D0006EE620 /* ILSoupEntry.h */; settings = {ATTRIBUTES = (Public, ); }; };
		7580B797218188FE00D1E62F /* ILSoupIndex.h in Headers */ = {isa = PBXBuildFile; fileRef = 754323F420A2C77B006EE620 /* ILSoupIndex.h */; settings = {ATTRIBUTES = (Public, ); }; };
		7580B798218188FE00D1E62F /* ILSynchedSoup.h in Headers */ = {isa = PBXBuildFile; fileRef = 7543244220A8B289006EE620 /* ILSynchedSoup.h */; settings = {ATTRIBUTES = (Public, ); }; };
		7580B799218188FE00D1E62F /* ILSoupSequence.h in Headers */ = {isa = PBXBuildFile; fileRef = 754323F520A2C7E5006EE620 /* ILSoupSequence.h */; settings = {ATTRIBUTES = (Public, ); }; };
		7580B79A218188FE00D1E62F /* ILSoupStock.h in Headers */ = {isa = PBXBuildFile; fileRef = 7543242120A384C9006EE620 /* ILSoupStock.h */; settings = {ATTRIBUTES = (Public, ); }; };
		7580B79B218188FE00D1E62F /* ILStockEntry.h in Headers */ = {isa = PBXBuildFile; fileRef = 7543243520A3A153006EE620 /* ILStockEntry.h */; settings = {ATTRIBUTES = (Public, ); }; };
		7580B79C218188FE00D1E62F /* ILStockIndex.h in Headers */ = {isa = PBXBuildFile; fileRef = 7543243A20A3A2E4006EE620 /* ILStockIndex.h */; settings = {ATTRIBUTES = (Public, ); }; };
		7580B79D218188FE00D1E62F /* ILStockSequence.h in Headers */ = {isa = PBXBuildFile; fileRef = 7543243E20A3A312006EE620 /* ILStockSequence.h */; settings = {ATTRIBUTES = (Public, ); }; };
		7580B79E218188FE00D1E62F /* ILMemorySoup.h in Headers */ = {isa = PBXBuildFile; fileRef = 754323EB20A2C055006EE620 /* ILMemorySoup.h */; settings = {ATTRIBUTES = (Public, ); }; };
		7580B79F218188FE00D1E62F /* ILFileSoup.h in Headers */ = {isa = PBXBuildFile; fileRef = 754323ED20A2C0B7006EE620 /* ILFileSoup.h */; settings = {ATTRIBUTES = (Public, ); }; };
		7580B7A0218188FE00D1E62F /* ILUnionSoup.h in Headers */ = {isa = PBXBuildFile; fileRef = 754323F620A373F3006EE620 /* ILUnionSoup.h */; settings = {ATTRIBUTES = (Public, ); }; };
		7580B7A1218188FE00D1E62F /* NSData+Hashcodes.h in Headers */ = {isa = PBXBuildFile; fileRef = 754323E120A2BEBB006EE620 /* NSData+Hashcodes.h */; settings = {ATTRIBUTES = (Public, ); }; };
		7580B7A2218188FE00D1E62F /* NSString+Hashcodes.h in Headers */ = {isa = PBXBuildFile; fileRef = 754323E320A2BEBB006EE620 /* NSString+Hashcodes.h */; settings = {ATTRIBUTES = (Public, ); }; };
		7580B7A3218188FE00D1E62F /* NSDictionary+Hashcodes.h in Headers */ = {isa = PBXBuildFile; fileRef = 754323F820A3749D006EE620 /* NSDictionary+Hashcodes.h */; settings = {ATTRIBUTES = (Public, ); }; };
		7580B7A4218188FE00D1E62F /* ILQueuedSoup.h in Headers */ = {isa = PBXBuildFile; fileRef = 754324B720AE39FF006EE620 /* ILQueuedSoup.h */; settings = {ATTRIBUTES = (Public, ); }; };
		758880D121862FCA00488CE1 /* ILMemorySoup.m in Sources */ = {isa = PBXBuildFile; fileRef = 754323EC20A2C055006EE620 /* ILMemorySoup.m */; };
		758880D221862FCA00488CE1 /* ILFileSoup.m in Sources */ = {isa = PBXBuildFile; fileRef = 754323EE20A2C0B7006EE620 /* ILFileSoup.m */; };
		758880D321862FCA00488CE1 /* ILSoupStock.m in Sources */ = {isa = PBXBuildFile; fileRef = 7543242220A384C9006EE620 /* ILSoupStock.m */; };
		758880D421862FCA00488CE1 /* ILStockIndex.m in Sources */ = {isa = PBXBuildFile; fileRef = 7543243B20A3A2E4006EE620 /* ILStockIndex.m */; };
		758880D521862FCA00488CE1 /* ILUnionSoup.m in Sources */ = {isa = PBXBuildFile; fileRef = 754323F720A373F3006EE620 /* ILUnionSoup.m */; };
		758880D621862FCA00488CE1 /* NSData+Hashcodes.m in Sources */ = {isa = PBXBuildFile; fileRef = 754323E220A2BEBB006EE620 /* NSData+Hashcodes.m */; };
		758880D721862FCA00488CE1 /* ILStockEntry.m in Sources */ = {isa = PBXBuildFile; fileRef = 7543243620A3A153006EE620 /* ILStockEntry.m */; };
		758880D821862FCA00488CE1 /* ILStockSequence.m in Sources */ = {isa = PBXBuildFile; fileRef = 7543243F20A3A312006EE620 /* ILStockSequence.m */; };
		758880D921862FCA00488CE1 /* ILSynchedSoup.m in Sources */ = {isa = PBXBuildFile; fileRef = 7543244320A8B289006EE620 /* ILSynchedSoup.m */; };
		758880DA21862FCA00488CE1 /* NSString+Hashcodes.m in Sources */ = {isa = PBXBuildFile; fileRef = 754323E420A2BEBB006EE620 /* NSString+Hashcodes.m */; };
		758880DB21862FCA00488CE1 /* ILQueuedSoup.m in Sources */ = {isa = PBXBuildFile; fileRef = 754324B820AE39FF006EE620 /* ILQueuedSoup.m */; };
		758880DC21862FCA00488CE1 /* NSDictionary+Hashcodes.m in Sources */ = {isa = PBXBuildFile; fileRef = 754323F920A3749D006EE620 /* NSDictionary+Hashcodes.m */; };
		758880DE21862FCA00488CE1 /* Foundation.framework in Frameworks */ = {isa = PBXBuildFile; fileRef = 7543240920A37902006EE620 /* Foundation.framework */; };
		758880E021862FCA00488CE1 /* Soup.h in Headers */ = {isa = PBXBuildFile; fileRef = 7543240220A37870006EE620 /* Soup.h */; settings = {ATTRIBUTES = (Public, ); }; };
		758880E121862FCA00488CE1 /* ILSoup.h in Headers */ = {isa = PBXBuildFile; fileRef = 754323E820A2BF56006EE620 /* ILSoup.h */; settings = {ATTRIBUTES = (Public, ); }; };
		758880E221862FCA00488CE1 /* ILSoupEntry.h in Headers */ = {isa = PBXBuildFile; fileRef = 754323F320A2C3D0006EE620 /* ILSoupEntry.h */; settings = {ATTRIBUTES = (Public, ); }; };
		758880E321862FCA00488CE1 /* ILSoupIndex.h in Headers */ = {isa = PBXBuildFile; fileRef = 754323F420A2C77B006EE620 /* ILSoupIndex.h */; settings = {ATTRIBUTES = (Public, ); }; };
		758880E421862FCA00488CE1 /* ILSynchedSoup.h in Headers */ = {isa = PBXBuildFile; fileRef = 7543244220A8B289006EE620 /* ILSynchedSoup.h */; settings = {ATTRIBUTES = (Public, ); }; };
		758880E521862FCA00488CE1 /* ILSoupSequence.h in Headers */ = {isa = PBXBuildFile; fileRef = 754323F520A2C7E5006EE620 /* ILSoupSequence.h */; settings = {ATTRIBUTES = (Public, ); }; };
		758880E621862FCA00488CE1 /* ILSoupStock.h in Headers */ = {isa = PBXBuildFile; fileRef = 7543242120A384C9006EE620 /* ILSoupStock.h */; settings = {ATTRIBUTES = (Public, ); }; };
		758880E721862FCA00488CE1 /* ILStockEntry.h in Headers */ = {isa = PBXBuildFile; fileRef = 7543243520A3A153006EE620 /* ILStockEntry.h */; settings = {ATTRIBUTES = (Public, ); }; };
		758880E821862FCA00488CE1 /* ILStockIndex.h in Headers */ = {isa = PBXBuildFile; fileRef = 7543243A20A3A2E4006EE620 /* ILStockIndex.h */; settings = {ATTRIBUTES = (Public, ); }; };
		758880E921862FCA00488CE1 /* ILStockSequence.h in Headers */ = {isa = PBXBuildFile; fileRef = 7543243E20A3A312006EE620 /* ILStockSequence.h */; settings = {ATTRIBUTES = (Public, ); }; };
		758880EA21862FCA00488CE1 /* ILMemorySoup.h in Headers */ = {isa = PBXBuildFile; fileRef = 754323EB20A2C055006EE620 /* ILMemorySoup.h */; settings = {ATTRIBUTES = (Public, ); }; };
		758880EB21862FCA00488CE1 /* ILFileSoup.h in Headers */ = {isa = PBXBuildFile; fileRef = 754323ED20A2C0B7006EE620 /* ILFileSoup.h */; settings = {ATTRIBUTES = (Public, ); }; };
		758880EC21862FCA00488CE1 /* ILUnionSoup.h in Headers */ = {isa = PBXBuildFile; fileRef = 754323F620A373F3006EE620 /* ILUnionSoup.h */; settings = {ATTRIBUTES = (Public, ); }; };
		758880ED21862FCA00488CE1 /* NSData+Hashcodes.h in Headers */ = {isa = PBXBuildFile; fileRef = 754323E120A2BEBB006EE620 /* NSData+Hashcodes.h */; settings = {ATTRIBUTES = (Public, ); }; };
		758880EE21862FCA00488CE1 /* NSString+Hashcodes.h in Headers */ = {isa = PBXBuildFile; fileRef = 754323E320A2BEBB006EE620 /* NSString+Hashcodes.h */; settings = {ATTRIBUTES = (Public, ); }; };
		758880EF21862FCA00488CE1 /* NSDictionary+Hashcodes.h in Headers */ = {isa = PBXBuildFile; fileRef = 754323F820A3749D006EE620 /* NSDictionary+Hashcodes.h */; settings = {ATTRIBUTES = (Public, ); }; };
		758880F021862FCA00488CE1 /* ILQueuedSoup.h in Headers */ = {isa = PBXBuildFile; fileRef = 754324B720AE39FF006EE620 /* ILQueuedSoup.h */; settings = {ATTRIBUTES = (Public, ); }; };
		758C8CE52267E8B7001B366E /* ILSoupTime.h in Headers */ = {isa = PBXBuildFile; fileRef = 758C8CE42267E8B7001B366E /* ILSoupTime.h */; };
		758C8CE62267E8B7001B366E /* ILSoupTime.h in Headers */ = {isa = PBXBuildFile; fileRef = 758C8CE42267E8B7001B366E /* ILSoupTime.h */; };
		758C8CE72267E8B7001B366E /* ILSoupTime.h in Headers */ = {isa = PBXBuildFile; fileRef = 758C8CE42267E8B7001B366E /* ILSoupTime.h */; };
		758C8CEA2267ED79001B366E /* ILSoupClock.h in Headers */ = {isa = PBXBuildFile; fileRef = 758C8CE82267ED79001B366E /* ILSoupClock.h */; };
		758C8CEB2267ED79001B366E /* ILSoupClock.h in Headers */ = {isa = PBXBuildFile; fileRef = 758C8CE82267ED79001B366E /* ILSoupClock.h */; };
		758C8CEC2267ED79001B366E /* ILSoupClock.h in Headers */ = {isa = PBXBuildFile; fileRef = 758C8CE82267ED79001B366E /* ILSoupClock.h */; };
		758C8CED2267ED79001B366E /* ILSoupClock.m in Sources */ = {isa = PBXBuildFile; fileRef = 758C8CE92267ED79001B366E /* ILSoupClock.m */; };
		758C8CEE2267ED79001B366E /* ILSoupClock.m in Sources */ = {isa = PBXBuildFile; fileRef = 758C8CE92267ED79001B366E /* ILSoupClock.m */; };
		758C8CEF2267ED79001B366E /* ILSoupClock.m in Sources */ = {isa = PBXBuildFile; fileRef = 758C8CE92267ED79001B366E /* ILSoupClock.m */; };
		75D12D712378BF40003F2899 /* CanneryDelegate.swift in Sources */ = {isa = PBXBuildFile; fileRef = 75D12D702378BF40003F2899 /* CanneryDelegate.swift */; };
		75D12D732378BF40003F2899 /* CanneryBrowser.swift in Sources */ = {isa = PBXBuildFile; fileRef = 75D12D722378BF40003F2899 /* CanneryBrowser.swift */; };
		75D12D752378BF42003F2899 /* Assets.xcassets in Resources */ = {isa = PBXBuildFile; fileRef = 75D12D742378BF42003F2899 /* Assets.xcassets */; };
		75D12D782378BF42003F2899 /* Main.storyboard in Resources */ = {isa = PBXBuildFile; fileRef = 75D12D762378BF42003F2899 /* Main.storyboard */; };
		75D12D842378BF42003F2899 /* CanneryTests.swift in Sources */ = {isa = PBXBuildFile; fileRef = 75D12D832378BF42003F2899 /* CanneryTests.swift */; };
		75D12D8E2378C099003F2899 /* Soup.framework in Frameworks */ = {isa = PBXBuildFile; fileRef = 754323FF20A3786F006EE620 /* Soup.framework */; };
		75D12D8F2378C099003F2899 /* Soup.framework in Embed Frameworks */ = {isa = PBXBuildFile; fileRef = 754323FF20A3786F006EE620 /* Soup.framework */; settings = {ATTRIBUTES = (CodeSignOnCopy, RemoveHeadersOnCopy, ); }; };
		75D12D9423791C9D003F2899 /* CanneryBrowser.xib in Resources */ = {isa = PBXBuildFile; fileRef = 75D12D9323791C9D003F2899 /* CanneryBrowser.xib */; };
/* End PBXBuildFile section */

/* Begin PBXContainerItemProxy section */
		7507527321A9F2BA00DA776A /* PBXContainerItemProxy */ = {
			isa = PBXContainerItemProxy;
			containerPortal = 75EA39B61B20D5A00058E49D /* Project object */;
			proxyType = 1;
			remoteGlobalIDString = 7580B783218188FE00D1E62F;
			remoteInfo = "Soup (iOS)";
		};
		7507527521A9F2BA00DA776A /* PBXContainerItemProxy */ = {
			isa = PBXContainerItemProxy;
			containerPortal = 75EA39B61B20D5A00058E49D /* Project object */;
			proxyType = 1;
			remoteGlobalIDString = 758880CF21862FCA00488CE1;
			remoteInfo = "Soup (tvOS)";
		};
		7507527721A9F2BA00DA776A /* PBXContainerItemProxy */ = {
			isa = PBXContainerItemProxy;
			containerPortal = 75EA39B61B20D5A00058E49D /* Project object */;
			proxyType = 1;
			remoteGlobalIDString = 754323FE20A3786F006EE620;
			remoteInfo = "Soup (macOS)";
		};
		7543243120A39B85006EE620 /* PBXContainerItemProxy */ = {
			isa = PBXContainerItemProxy;
			containerPortal = 75EA39B61B20D5A00058E49D /* Project object */;
			proxyType = 1;
			remoteGlobalIDString = 754323FE20A3786F006EE620;
			remoteInfo = Soup;
		};
		75D12D802378BF42003F2899 /* PBXContainerItemProxy */ = {
			isa = PBXContainerItemProxy;
			containerPortal = 75EA39B61B20D5A00058E49D /* Project object */;
			proxyType = 1;
			remoteGlobalIDString = 75D12D6D2378BF40003F2899;
			remoteInfo = Cannery;
		};
		75D12D902378C099003F2899 /* PBXContainerItemProxy */ = {
			isa = PBXContainerItemProxy;
			containerPortal = 75EA39B61B20D5A00058E49D /* Project object */;
			proxyType = 1;
			remoteGlobalIDString = 754323FE20A3786F006EE620;
			remoteInfo = "Soup (macOS)";
		};
/* End PBXContainerItemProxy section */

/* Begin PBXCopyFilesBuildPhase section */
		7543242820A39B5B006EE620 /* CopyFiles */ = {
			isa = PBXCopyFilesBuildPhase;
			buildActionMask = 12;
			dstPath = "";
			dstSubfolderSpec = 16;
			files = (
			);
			runOnlyForDeploymentPostprocessing = 0;
		};
		75D12D922378C099003F2899 /* Embed Frameworks */ = {
			isa = PBXCopyFilesBuildPhase;
			buildActionMask = 2147483647;
			dstPath = "";
			dstSubfolderSpec = 10;
			files = (
				75D12D8F2378C099003F2899 /* Soup.framework in Embed Frameworks */,
			);
			name = "Embed Frameworks";
			runOnlyForDeploymentPostprocessing = 0;
		};
/* End PBXCopyFilesBuildPhase section */

/* Begin PBXFileReference section */
		7542328121AD1E7B008004E0 /* Makefile */ = {isa = PBXFileReference; lastKnownFileType = sourcecode.make; path = Makefile; sourceTree = "<group>"; };
		754323E120A2BEBB006EE620 /* NSData+Hashcodes.h */ = {isa = PBXFileReference; lastKnownFileType = sourcecode.c.h; path = "NSData+Hashcodes.h"; sourceTree = "<group>"; };
		754323E220A2BEBB006EE620 /* NSData+Hashcodes.m */ = {isa = PBXFileReference; lastKnownFileType = sourcecode.c.objc; path = "NSData+Hashcodes.m"; sourceTree = "<group>"; };
		754323E320A2BEBB006EE620 /* NSString+Hashcodes.h */ = {isa = PBXFileReference; lastKnownFileType = sourcecode.c.h; path = "NSString+Hashcodes.h"; sourceTree = "<group>"; };
		754323E420A2BEBB006EE620 /* NSString+Hashcodes.m */ = {isa = PBXFileReference; lastKnownFileType = sourcecode.c.objc; path = "NSString+Hashcodes.m"; sourceTree = "<group>"; };
		754323E820A2BF56006EE620 /* ILSoup.h */ = {isa = PBXFileReference; lastKnownFileType = sourcecode.c.h; path = ILSoup.h; sourceTree = "<group>"; };
		754323EB20A2C055006EE620 /* ILMemorySoup.h */ = {isa = PBXFileReference; lastKnownFileType = sourcecode.c.h; path = ILMemorySoup.h; sourceTree = "<group>"; };
		754323EC20A2C055006EE620 /* ILMemorySoup.m */ = {isa = PBXFileReference; lastKnownFileType = sourcecode.c.objc; path = ILMemorySoup.m; sourceTree = "<group>"; };
		754323ED20A2C0B7006EE620 /* ILFileSoup.h */ = {isa = PBXFileReference; lastKnownFileType = sourcecode.c.h; path = ILFileSoup.h; sourceTree = "<group>"; };
		754323EE20A2C0B7006EE620 /* ILFileSoup.m */ = {isa = PBXFileReference; lastKnownFileType = sourcecode.c.objc; path = ILFileSoup.m; sourceTree = "<group>"; };
		754323F320A2C3D0006EE620 /* ILSoupEntry.h */ = {isa = PBXFileReference; lastKnownFileType = sourcecode.c.h; path = ILSoupEntry.h; sourceTree = "<group>"; };
		754323F420A2C77B006EE620 /* ILSoupIndex.h */ = {isa = PBXFileReference; lastKnownFileType = sourcecode.c.h; path = ILSoupIndex.h; sourceTree = "<group>"; };
		754323F520A2C7E5006EE620 /* ILSoupSequence.h */ = {isa = PBXFileReference; lastKnownFileType = sourcecode.c.h; path = ILSoupSequence.h; sourceTree = "<group>"; };
		754323F620A373F3006EE620 /* ILUnionSoup.h */ = {isa = PBXFileReference; lastKnownFileType = sourcecode.c.h; path = ILUnionSoup.h; sourceTree = "<group>"; };
		754323F720A373F3006EE620 /* ILUnionSoup.m */ = {isa = PBXFileReference; lastKnownFileType = sourcecode.c.objc; path = ILUnionSoup.m; sourceTree = "<group>"; };
		754323F820A3749D006EE620 /* NSDictionary+Hashcodes.h */ = {isa = PBXFileReference; lastKnownFileType = sourcecode.c.h; path = "NSDictionary+Hashcodes.h"; sourceTree = "<group>"; };
		754323F920A3749D006EE620 /* NSDictionary+Hashcodes.m */ = {isa = PBXFileReference; lastKnownFileType = sourcecode.c.objc; path = "NSDictionary+Hashcodes.m"; sourceTree = "<group>"; };
		754323FF20A3786F006EE620 /* Soup.framework */ = {isa = PBXFileReference; explicitFileType = wrapper.framework; includeInIndex = 0; path = Soup.framework; sourceTree = BUILT_PRODUCTS_DIR; };
		7543240220A37870006EE620 /* Soup.h */ = {isa = PBXFileReference; lastKnownFileType = sourcecode.c.h; path = Soup.h; sourceTree = "<group>"; };
		7543240320A37870006EE620 /* Info.plist */ = {isa = PBXFileReference; lastKnownFileType = text.plist.xml; path = Info.plist; sourceTree = "<group>"; };
		7543240920A37902006EE620 /* Foundation.framework */ = {isa = PBXFileReference; lastKnownFileType = wrapper.framework; name = Foundation.framework; path = System/Library/Frameworks/Foundation.framework; sourceTree = SDKROOT; };
		7543242120A384C9006EE620 /* ILSoupStock.h */ = {isa = PBXFileReference; lastKnownFileType = sourcecode.c.h; path = ILSoupStock.h; sourceTree = "<group>"; };
		7543242220A384C9006EE620 /* ILSoupStock.m */ = {isa = PBXFileReference; lastKnownFileType = sourcecode.c.objc; path = ILSoupStock.m; sourceTree = "<group>"; };
		7543242A20A39B5B006EE620 /* addresses */ = {isa = PBXFileReference; explicitFileType = "compiled.mach-o.executable"; includeInIndex = 0; path = addresses; sourceTree = BUILT_PRODUCTS_DIR; };
		7543242C20A39B5C006EE620 /* addresses.m */ = {isa = PBXFileReference; lastKnownFileType = sourcecode.c.objc; path = addresses.m; sourceTree = "<group>"; };
		7543243520A3A153006EE620 /* ILStockEntry.h */ = {isa = PBXFileReference; lastKnownFileType = sourcecode.c.h; path = ILStockEntry.h; sourceTree = "<group>"; };
		7543243620A3A153006EE620 /* ILStockEntry.m */ = {isa = PBXFileReference; lastKnownFileType = sourcecode.c.objc; path = ILStockEntry.m; sourceTree = "<group>"; };
		7543243A20A3A2E4006EE620 /* ILStockIndex.h */ = {isa = PBXFileReference; lastKnownFileType = sourcecode.c.h; path = ILStockIndex.h; sourceTree = "<group>"; };
		7543243B20A3A2E4006EE620 /* ILStockIndex.m */ = {isa = PBXFileReference; lastKnownFileType = sourcecode.c.objc; path = ILStockIndex.m; sourceTree = "<group>"; };
		7543243E20A3A312006EE620 /* ILStockSequence.h */ = {isa = PBXFileReference; lastKnownFileType = sourcecode.c.h; path = ILStockSequence.h; sourceTree = "<group>"; };
		7543243F20A3A312006EE620 /* ILStockSequence.m */ = {isa = PBXFileReference; lastKnownFileType = sourcecode.c.objc; path = ILStockSequence.m; sourceTree = "<group>"; };
		7543244220A8B289006EE620 /* ILSynchedSoup.h */ = {isa = PBXFileReference; lastKnownFileType = sourcecode.c.h; path = ILSynchedSoup.h; sourceTree = "<group>"; };
		7543244320A8B289006EE620 /* ILSynchedSoup.m */ = {isa = PBXFileReference; lastKnownFileType = sourcecode.c.objc; path = ILSynchedSoup.m; sourceTree = "<group>"; };
		754324B720AE39FF006EE620 /* ILQueuedSoup.h */ = {isa = PBXFileReference; lastKnownFileType = sourcecode.c.h; path = ILQueuedSoup.h; sourceTree = "<group>"; };
		754324B820AE39FF006EE620 /* ILQueuedSoup.m */ = {isa = PBXFileReference; lastKnownFileType = sourcecode.c.objc; path = ILQueuedSoup.m; sourceTree = "<group>"; };
		7552D95321619968004FF8C8 /* config.yml */ = {isa = PBXFileReference; lastKnownFileType = text; name = config.yml; path = .circleci/config.yml; sourceTree = "<group>"; };
		7580B7A9218188FE00D1E62F /* Soup.framework */ = {isa = PBXFileReference; explicitFileType = wrapper.framework; includeInIndex = 0; path = Soup.framework; sourceTree = BUILT_PRODUCTS_DIR; };
		758880F521862FCA00488CE1 /* Soup.framework */ = {isa = PBXFileReference; explicitFileType = wrapper.framework; includeInIndex = 0; path = Soup.framework; sourceTree = BUILT_PRODUCTS_DIR; };
		758C8CE42267E8B7001B366E /* ILSoupTime.h */ = {isa = PBXFileReference; lastKnownFileType = sourcecode.c.h; path = ILSoupTime.h; sourceTree = "<group>"; };
		758C8CE82267ED79001B366E /* ILSoupClock.h */ = {isa = PBXFileReference; lastKnownFileType = sourcecode.c.h; path = ILSoupClock.h; sourceTree = "<group>"; };
		758C8CE92267ED79001B366E /* ILSoupClock.m */ = {isa = PBXFileReference; lastKnownFileType = sourcecode.c.objc; path = ILSoupClock.m; sourceTree = "<group>"; };
		75D12D6E2378BF40003F2899 /* Cannery.app */ = {isa = PBXFileReference; explicitFileType = wrapper.application; includeInIndex = 0; path = Cannery.app; sourceTree = BUILT_PRODUCTS_DIR; };
		75D12D702378BF40003F2899 /* CanneryDelegate.swift */ = {isa = PBXFileReference; lastKnownFileType = sourcecode.swift; path = CanneryDelegate.swift; sourceTree = "<group>"; };
		75D12D722378BF40003F2899 /* CanneryBrowser.swift */ = {isa = PBXFileReference; lastKnownFileType = sourcecode.swift; path = CanneryBrowser.swift; sourceTree = "<group>"; };
		75D12D742378BF42003F2899 /* Assets.xcassets */ = {isa = PBXFileReference; lastKnownFileType = folder.assetcatalog; path = Assets.xcassets; sourceTree = "<group>"; };
		75D12D772378BF42003F2899 /* Base */ = {isa = PBXFileReference; lastKnownFileType = file.storyboard; name = Base; path = Base.lproj/Main.storyboard; sourceTree = "<group>"; };
		75D12D792378BF42003F2899 /* Info.plist */ = {isa = PBXFileReference; lastKnownFileType = text.plist.xml; path = Info.plist; sourceTree = "<group>"; };
		75D12D7A2378BF42003F2899 /* Cannery.entitlements */ = {isa = PBXFileReference; lastKnownFileType = text.plist.entitlements; path = Cannery.entitlements; sourceTree = "<group>"; };
		75D12D7F2378BF42003F2899 /* CanneryTests.xctest */ = {isa = PBXFileReference; explicitFileType = wrapper.cfbundle; includeInIndex = 0; path = CanneryTests.xctest; sourceTree = BUILT_PRODUCTS_DIR; };
		75D12D832378BF42003F2899 /* CanneryTests.swift */ = {isa = PBXFileReference; lastKnownFileType = sourcecode.swift; path = CanneryTests.swift; sourceTree = "<group>"; };
		75D12D852378BF42003F2899 /* Info.plist */ = {isa = PBXFileReference; lastKnownFileType = text.plist.xml; path = Info.plist; sourceTree = "<group>"; };
		75D12D9323791C9D003F2899 /* CanneryBrowser.xib */ = {isa = PBXFileReference; lastKnownFileType = file.xib; path = CanneryBrowser.xib; sourceTree = "<group>"; };
		75EA39BC1B20D6340058E49D /* Readme.md */ = {isa = PBXFileReference; lastKnownFileType = net.daringfireball.markdown; path = Readme.md; sourceTree = "<group>"; };
/* End PBXFileReference section */

/* Begin PBXFrameworksBuildPhase section */
		754323FB20A3786F006EE620 /* Frameworks */ = {
			isa = PBXFrameworksBuildPhase;
			buildActionMask = 2147483647;
			files = (
				7543240A20A37902006EE620 /* Foundation.framework in Frameworks */,
			);
			runOnlyForDeploymentPostprocessing = 0;
		};
		7543242720A39B5B006EE620 /* Frameworks */ = {
			isa = PBXFrameworksBuildPhase;
			buildActionMask = 2147483647;
			files = (
				7543243320A39B8B006EE620 /* Soup.framework in Frameworks */,
			);
			runOnlyForDeploymentPostprocessing = 0;
		};
		7580B791218188FE00D1E62F /* Frameworks */ = {
			isa = PBXFrameworksBuildPhase;
			buildActionMask = 2147483647;
			files = (
				7580B792218188FE00D1E62F /* Foundation.framework in Frameworks */,
			);
			runOnlyForDeploymentPostprocessing = 0;
		};
		758880DD21862FCA00488CE1 /* Frameworks */ = {
			isa = PBXFrameworksBuildPhase;
			buildActionMask = 2147483647;
			files = (
				758880DE21862FCA00488CE1 /* Foundation.framework in Frameworks */,
			);
			runOnlyForDeploymentPostprocessing = 0;
		};
		75D12D6B2378BF40003F2899 /* Frameworks */ = {
			isa = PBXFrameworksBuildPhase;
			buildActionMask = 2147483647;
			files = (
				75D12D8E2378C099003F2899 /* Soup.framework in Frameworks */,
			);
			runOnlyForDeploymentPostprocessing = 0;
		};
		75D12D7C2378BF42003F2899 /* Frameworks */ = {
			isa = PBXFrameworksBuildPhase;
			buildActionMask = 2147483647;
			files = (
			);
			runOnlyForDeploymentPostprocessing = 0;
		};
/* End PBXFrameworksBuildPhase section */

/* Begin PBXGroup section */
		754323E020A2BE49006EE620 /* Categories */ = {
			isa = PBXGroup;
			children = (
				754323E120A2BEBB006EE620 /* NSData+Hashcodes.h */,
				754323E220A2BEBB006EE620 /* NSData+Hashcodes.m */,
				754323E320A2BEBB006EE620 /* NSString+Hashcodes.h */,
				754323E420A2BEBB006EE620 /* NSString+Hashcodes.m */,
				754323F820A3749D006EE620 /* NSDictionary+Hashcodes.h */,
				754323F920A3749D006EE620 /* NSDictionary+Hashcodes.m */,
			);
			path = Categories;
			sourceTree = "<group>";
		};
		754323E620A2BF20006EE620 /* Protocols */ = {
			isa = PBXGroup;
			children = (
				754323E820A2BF56006EE620 /* ILSoup.h */,
				754323F320A2C3D0006EE620 /* ILSoupEntry.h */,
				754323F420A2C77B006EE620 /* ILSoupIndex.h */,
				754323F520A2C7E5006EE620 /* ILSoupSequence.h */,
				758C8CE42267E8B7001B366E /* ILSoupTime.h */,
			);
			path = Protocols;
			sourceTree = "<group>";
		};
		754323E720A2BF27006EE620 /* Flavors */ = {
			isa = PBXGroup;
			children = (
				754323ED20A2C0B7006EE620 /* ILFileSoup.h */,
				754323EE20A2C0B7006EE620 /* ILFileSoup.m */,
				754323EB20A2C055006EE620 /* ILMemorySoup.h */,
				754323EC20A2C055006EE620 /* ILMemorySoup.m */,
				754324B720AE39FF006EE620 /* ILQueuedSoup.h */,
				754324B820AE39FF006EE620 /* ILQueuedSoup.m */,
				7543244220A8B289006EE620 /* ILSynchedSoup.h */,
				7543244320A8B289006EE620 /* ILSynchedSoup.m */,
				754323F620A373F3006EE620 /* ILUnionSoup.h */,
				754323F720A373F3006EE620 /* ILUnionSoup.m */,
			);
			path = Flavors;
			sourceTree = "<group>";
		};
		7543240020A3786F006EE620 /* Products */ = {
			isa = PBXGroup;
			children = (
				754323FF20A3786F006EE620 /* Soup.framework */,
				7543242A20A39B5B006EE620 /* addresses */,
				7580B7A9218188FE00D1E62F /* Soup.framework */,
				758880F521862FCA00488CE1 /* Soup.framework */,
				75D12D6E2378BF40003F2899 /* Cannery.app */,
				75D12D7F2378BF42003F2899 /* CanneryTests.xctest */,
			);
			name = Products;
			sourceTree = "<group>";
		};
		7543240120A37870006EE620 /* Soup */ = {
			isa = PBXGroup;
			children = (
				7543240320A37870006EE620 /* Info.plist */,
				7543240220A37870006EE620 /* Soup.h */,
			);
			path = Soup;
			sourceTree = "<group>";
		};
		7543240820A37902006EE620 /* Frameworks */ = {
			isa = PBXGroup;
			children = (
				7543240920A37902006EE620 /* Foundation.framework */,
			);
			name = Frameworks;
			sourceTree = "<group>";
		};
		7543242520A39B2A006EE620 /* Examples */ = {
			isa = PBXGroup;
			children = (
				7543242B20A39B5C006EE620 /* addresses */,
			);
			path = Examples;
			sourceTree = "<group>";
		};
		7543242B20A39B5C006EE620 /* addresses */ = {
			isa = PBXGroup;
			children = (
				7543242C20A39B5C006EE620 /* addresses.m */,
			);
			path = addresses;
			sourceTree = "<group>";
		};
		7543243920A3A158006EE620 /* Stock */ = {
			isa = PBXGroup;
			children = (
				7543242120A384C9006EE620 /* ILSoupStock.h */,
				7543242220A384C9006EE620 /* ILSoupStock.m */,
				758C8CE82267ED79001B366E /* ILSoupClock.h */,
				758C8CE92267ED79001B366E /* ILSoupClock.m */,
				7543243520A3A153006EE620 /* ILStockEntry.h */,
				7543243620A3A153006EE620 /* ILStockEntry.m */,
				7543243A20A3A2E4006EE620 /* ILStockIndex.h */,
				7543243B20A3A2E4006EE620 /* ILStockIndex.m */,
				7543243E20A3A312006EE620 /* ILStockSequence.h */,
				7543243F20A3A312006EE620 /* ILStockSequence.m */,
			);
			path = Stock;
			sourceTree = "<group>";
		};
		7552D95221619949004FF8C8 /* Packaging */ = {
			isa = PBXGroup;
			children = (
				7552D95321619968004FF8C8 /* config.yml */,
			);
			name = Packaging;
			sourceTree = "<group>";
		};
		75D12D6F2378BF40003F2899 /* Cannery */ = {
			isa = PBXGroup;
			children = (
				75D12D792378BF42003F2899 /* Info.plist */,
				75D12D7A2378BF42003F2899 /* Cannery.entitlements */,
				75D12D702378BF40003F2899 /* CanneryDelegate.swift */,
				75D12D722378BF40003F2899 /* CanneryBrowser.swift */,
				75D12D9323791C9D003F2899 /* CanneryBrowser.xib */,
				75D12D762378BF42003F2899 /* Main.storyboard */,
				75D12D742378BF42003F2899 /* Assets.xcassets */,
			);
			path = Cannery;
			sourceTree = "<group>";
		};
		75D12D822378BF42003F2899 /* CanneryTests */ = {
			isa = PBXGroup;
			children = (
				75D12D832378BF42003F2899 /* CanneryTests.swift */,
				75D12D852378BF42003F2899 /* Info.plist */,
			);
			path = CanneryTests;
			sourceTree = "<group>";
		};
		75EA39B51B20D5A00058E49D = {
			isa = PBXGroup;
			children = (
				7542328121AD1E7B008004E0 /* Makefile */,
				75EA39BC1B20D6340058E49D /* Readme.md */,
				7543240120A37870006EE620 /* Soup */,
				754323E620A2BF20006EE620 /* Protocols */,
				7543243920A3A158006EE620 /* Stock */,
				754323E720A2BF27006EE620 /* Flavors */,
				754323E020A2BE49006EE620 /* Categories */,
				7543242520A39B2A006EE620 /* Examples */,
				75D12D6F2378BF40003F2899 /* Cannery */,
				75D12D822378BF42003F2899 /* CanneryTests */,
				7543240820A37902006EE620 /* Frameworks */,
				7543240020A3786F006EE620 /* Products */,
				7552D95221619949004FF8C8 /* Packaging */,
			);
			sourceTree = "<group>";
		};
/* End PBXGroup section */

/* Begin PBXHeadersBuildPhase section */
		754323FC20A3786F006EE620 /* Headers */ = {
			isa = PBXHeadersBuildPhase;
			buildActionMask = 2147483647;
			files = (
				7543240420A37870006EE620 /* Soup.h in Headers */,
				7543240B20A3792B006EE620 /* ILSoup.h in Headers */,
				7543240C20A3792B006EE620 /* ILSoupEntry.h in Headers */,
				7543240D20A3792B006EE620 /* ILSoupIndex.h in Headers */,
				7543240E20A3792B006EE620 /* ILSoupSequence.h in Headers */,
				7543242320A384C9006EE620 /* ILSoupStock.h in Headers */,
				7543243720A3A153006EE620 /* ILStockEntry.h in Headers */,
				7543243C20A3A2E4006EE620 /* ILStockIndex.h in Headers */,
				7543244020A3A312006EE620 /* ILStockSequence.h in Headers */,
				7543241020A3792B006EE620 /* ILFileSoup.h in Headers */,
				7543240F20A3792B006EE620 /* ILMemorySoup.h in Headers */,
				754324B920AE39FF006EE620 /* ILQueuedSoup.h in Headers */,
				7543244420A8B289006EE620 /* ILSynchedSoup.h in Headers */,
				758C8CE72267E8B7001B366E /* ILSoupTime.h in Headers */,
				758C8CEC2267ED79001B366E /* ILSoupClock.h in Headers */,
				7543241320A3792B006EE620 /* ILUnionSoup.h in Headers */,
				7543241420A37938006EE620 /* NSData+Hashcodes.h in Headers */,
				7543241620A37938006EE620 /* NSDictionary+Hashcodes.h in Headers */,
				7543241520A37938006EE620 /* NSString+Hashcodes.h in Headers */,
			);
			runOnlyForDeploymentPostprocessing = 0;
		};
		7580B793218188FE00D1E62F /* Headers */ = {
			isa = PBXHeadersBuildPhase;
			buildActionMask = 2147483647;
			files = (
				7580B794218188FE00D1E62F /* Soup.h in Headers */,
				7580B795218188FE00D1E62F /* ILSoup.h in Headers */,
				7580B796218188FE00D1E62F /* ILSoupEntry.h in Headers */,
				7580B797218188FE00D1E62F /* ILSoupIndex.h in Headers */,
				7580B799218188FE00D1E62F /* ILSoupSequence.h in Headers */,
				7580B79B218188FE00D1E62F /* ILStockEntry.h in Headers */,
				7580B79C218188FE00D1E62F /* ILStockIndex.h in Headers */,
				7580B79A218188FE00D1E62F /* ILSoupStock.h in Headers */,
				7580B79D218188FE00D1E62F /* ILStockSequence.h in Headers */,
				7580B79F218188FE00D1E62F /* ILFileSoup.h in Headers */,
				7580B79E218188FE00D1E62F /* ILMemorySoup.h in Headers */,
				7580B7A4218188FE00D1E62F /* ILQueuedSoup.h in Headers */,
				7580B798218188FE00D1E62F /* ILSynchedSoup.h in Headers */,
				758C8CE52267E8B7001B366E /* ILSoupTime.h in Headers */,
				758C8CEA2267ED79001B366E /* ILSoupClock.h in Headers */,
				7580B7A0218188FE00D1E62F /* ILUnionSoup.h in Headers */,
				7580B7A1218188FE00D1E62F /* NSData+Hashcodes.h in Headers */,
				7580B7A3218188FE00D1E62F /* NSDictionary+Hashcodes.h in Headers */,
				7580B7A2218188FE00D1E62F /* NSString+Hashcodes.h in Headers */,
			);
			runOnlyForDeploymentPostprocessing = 0;
		};
		758880DF21862FCA00488CE1 /* Headers */ = {
			isa = PBXHeadersBuildPhase;
			buildActionMask = 2147483647;
			files = (
				758880E021862FCA00488CE1 /* Soup.h in Headers */,
				758880E121862FCA00488CE1 /* ILSoup.h in Headers */,
				758880E221862FCA00488CE1 /* ILSoupEntry.h in Headers */,
				758880E321862FCA00488CE1 /* ILSoupIndex.h in Headers */,
				758880E521862FCA00488CE1 /* ILSoupSequence.h in Headers */,
				758880E721862FCA00488CE1 /* ILStockEntry.h in Headers */,
				758880E621862FCA00488CE1 /* ILSoupStock.h in Headers */,
				758880E821862FCA00488CE1 /* ILStockIndex.h in Headers */,
				758880E921862FCA00488CE1 /* ILStockSequence.h in Headers */,
				758880EB21862FCA00488CE1 /* ILFileSoup.h in Headers */,
				758880EA21862FCA00488CE1 /* ILMemorySoup.h in Headers */,
				758880E421862FCA00488CE1 /* ILSynchedSoup.h in Headers */,
				758880F021862FCA00488CE1 /* ILQueuedSoup.h in Headers */,
				758C8CE62267E8B7001B366E /* ILSoupTime.h in Headers */,
				758C8CEB2267ED79001B366E /* ILSoupClock.h in Headers */,
				758880EC21862FCA00488CE1 /* ILUnionSoup.h in Headers */,
				758880ED21862FCA00488CE1 /* NSData+Hashcodes.h in Headers */,
				758880EE21862FCA00488CE1 /* NSString+Hashcodes.h in Headers */,
				758880EF21862FCA00488CE1 /* NSDictionary+Hashcodes.h in Headers */,
			);
			runOnlyForDeploymentPostprocessing = 0;
		};
/* End PBXHeadersBuildPhase section */

/* Begin PBXNativeTarget section */
		754323FE20A3786F006EE620 /* Soup (macOS) */ = {
			isa = PBXNativeTarget;
			buildConfigurationList = 7543240520A37870006EE620 /* Build configuration list for PBXNativeTarget "Soup (macOS)" */;
			buildPhases = (
				754323FA20A3786F006EE620 /* Sources */,
				754323FB20A3786F006EE620 /* Frameworks */,
				754323FC20A3786F006EE620 /* Headers */,
				754323FD20A3786F006EE620 /* Resources */,
			);
			buildRules = (
			);
			dependencies = (
			);
			name = "Soup (macOS)";
			productName = Soup;
			productReference = 754323FF20A3786F006EE620 /* Soup.framework */;
			productType = "com.apple.product-type.framework";
		};
		7543242920A39B5B006EE620 /* addresses */ = {
			isa = PBXNativeTarget;
			buildConfigurationList = 7543242E20A39B5C006EE620 /* Build configuration list for PBXNativeTarget "addresses" */;
			buildPhases = (
				7543242620A39B5B006EE620 /* Sources */,
				7543242720A39B5B006EE620 /* Frameworks */,
				7543242820A39B5B006EE620 /* CopyFiles */,
			);
			buildRules = (
			);
			dependencies = (
				7543243220A39B85006EE620 /* PBXTargetDependency */,
			);
			name = addresses;
			productName = addresses;
			productReference = 7543242A20A39B5B006EE620 /* addresses */;
			productType = "com.apple.product-type.tool";
		};
		7580B783218188FE00D1E62F /* Soup (iOS) */ = {
			isa = PBXNativeTarget;
			buildConfigurationList = 7580B7A6218188FE00D1E62F /* Build configuration list for PBXNativeTarget "Soup (iOS)" */;
			buildPhases = (
				7580B784218188FE00D1E62F /* Sources */,
				7580B791218188FE00D1E62F /* Frameworks */,
				7580B793218188FE00D1E62F /* Headers */,
				7580B7A5218188FE00D1E62F /* Resources */,
			);
			buildRules = (
			);
			dependencies = (
			);
			name = "Soup (iOS)";
			productName = Soup;
			productReference = 7580B7A9218188FE00D1E62F /* Soup.framework */;
			productType = "com.apple.product-type.framework";
		};
		758880CF21862FCA00488CE1 /* Soup (tvOS) */ = {
			isa = PBXNativeTarget;
			buildConfigurationList = 758880F221862FCA00488CE1 /* Build configuration list for PBXNativeTarget "Soup (tvOS)" */;
			buildPhases = (
				758880D021862FCA00488CE1 /* Sources */,
				758880DD21862FCA00488CE1 /* Frameworks */,
				758880DF21862FCA00488CE1 /* Headers */,
				758880F121862FCA00488CE1 /* Resources */,
			);
			buildRules = (
			);
			dependencies = (
			);
			name = "Soup (tvOS)";
			productName = Soup;
			productReference = 758880F521862FCA00488CE1 /* Soup.framework */;
			productType = "com.apple.product-type.framework";
		};
		75D12D6D2378BF40003F2899 /* Cannery */ = {
			isa = PBXNativeTarget;
			buildConfigurationList = 75D12D8A2378BF42003F2899 /* Build configuration list for PBXNativeTarget "Cannery" */;
			buildPhases = (
				75D12D6A2378BF40003F2899 /* Sources */,
				75D12D6B2378BF40003F2899 /* Frameworks */,
				75D12D6C2378BF40003F2899 /* Resources */,
				75D12D922378C099003F2899 /* Embed Frameworks */,
			);
			buildRules = (
			);
			dependencies = (
				75D12D912378C099003F2899 /* PBXTargetDependency */,
			);
			name = Cannery;
			productName = Cannery;
			productReference = 75D12D6E2378BF40003F2899 /* Cannery.app */;
			productType = "com.apple.product-type.application";
		};
		75D12D7E2378BF42003F2899 /* CanneryTests */ = {
			isa = PBXNativeTarget;
			buildConfigurationList = 75D12D8B2378BF42003F2899 /* Build configuration list for PBXNativeTarget "CanneryTests" */;
			buildPhases = (
				75D12D7B2378BF42003F2899 /* Sources */,
				75D12D7C2378BF42003F2899 /* Frameworks */,
				75D12D7D2378BF42003F2899 /* Resources */,
			);
			buildRules = (
			);
			dependencies = (
				75D12D812378BF42003F2899 /* PBXTargetDependency */,
			);
			name = CanneryTests;
			productName = CanneryTests;
			productReference = 75D12D7F2378BF42003F2899 /* CanneryTests.xctest */;
			productType = "com.apple.product-type.bundle.unit-test";
		};
/* End PBXNativeTarget section */

/* Begin PBXProject section */
		75EA39B61B20D5A00058E49D /* Project object */ = {
			isa = PBXProject;
			attributes = {
				LastSwiftUpdateCheck = 1120;
				LastUpgradeCheck = 1220;
				TargetAttributes = {
					7507526F21A9F2AF00DA776A = {
						CreatedOnToolsVersion = 10.1;
						DevelopmentTeam = E8G8ARB44Z;
						ProvisioningStyle = Automatic;
					};
					754323FE20A3786F006EE620 = {
						CreatedOnToolsVersion = 9.3;
						ProvisioningStyle = Manual;
					};
					7543242920A39B5B006EE620 = {
						CreatedOnToolsVersion = 9.3;
						DevelopmentTeam = E8G8ARB44Z;
						ProvisioningStyle = Automatic;
					};
					7580B783218188FE00D1E62F = {
						ProvisioningStyle = Manual;
					};
					758880CF21862FCA00488CE1 = {
						ProvisioningStyle = Manual;
					};
					75D12D6D2378BF40003F2899 = {
						CreatedOnToolsVersion = 11.2;
						DevelopmentTeam = E8G8ARB44Z;
						ProvisioningStyle = Automatic;
					};
					75D12D7E2378BF42003F2899 = {
						CreatedOnToolsVersion = 11.2;
						DevelopmentTeam = E8G8ARB44Z;
						ProvisioningStyle = Automatic;
						TestTargetID = 75D12D6D2378BF40003F2899;
					};
				};
			};
			buildConfigurationList = 75EA39B91B20D5A00058E49D /* Build configuration list for PBXProject "Soup" */;
			compatibilityVersion = "Xcode 3.2";
			developmentRegion = en;
			hasScannedForEncodings = 0;
			knownRegions = (
				en,
				Base,
			);
			mainGroup = 75EA39B51B20D5A00058E49D;
			productRefGroup = 7543240020A3786F006EE620 /* Products */;
			projectDirPath = "";
			projectRoot = "";
			targets = (
				7580B783218188FE00D1E62F /* Soup (iOS) */,
				758880CF21862FCA00488CE1 /* Soup (tvOS) */,
				754323FE20A3786F006EE620 /* Soup (macOS) */,
				7543242920A39B5B006EE620 /* addresses */,
				7507526F21A9F2AF00DA776A /* Soup */,
				75D12D6D2378BF40003F2899 /* Cannery */,
				75D12D7E2378BF42003F2899 /* CanneryTests */,
			);
		};
/* End PBXProject section */

/* Begin PBXResourcesBuildPhase section */
		754323FD20A3786F006EE620 /* Resources */ = {
			isa = PBXResourcesBuildPhase;
			buildActionMask = 2147483647;
			files = (
			);
			runOnlyForDeploymentPostprocessing = 0;
		};
		7580B7A5218188FE00D1E62F /* Resources */ = {
			isa = PBXResourcesBuildPhase;
			buildActionMask = 2147483647;
			files = (
			);
			runOnlyForDeploymentPostprocessing = 0;
		};
		758880F121862FCA00488CE1 /* Resources */ = {
			isa = PBXResourcesBuildPhase;
			buildActionMask = 2147483647;
			files = (
			);
			runOnlyForDeploymentPostprocessing = 0;
		};
		75D12D6C2378BF40003F2899 /* Resources */ = {
			isa = PBXResourcesBuildPhase;
			buildActionMask = 2147483647;
			files = (
				75D12D752378BF42003F2899 /* Assets.xcassets in Resources */,
				75D12D9423791C9D003F2899 /* CanneryBrowser.xib in Resources */,
				75D12D782378BF42003F2899 /* Main.storyboard in Resources */,
			);
			runOnlyForDeploymentPostprocessing = 0;
		};
		75D12D7D2378BF42003F2899 /* Resources */ = {
			isa = PBXResourcesBuildPhase;
			buildActionMask = 2147483647;
			files = (
			);
			runOnlyForDeploymentPostprocessing = 0;
		};
/* End PBXResourcesBuildPhase section */

/* Begin PBXSourcesBuildPhase section */
		754323FA20A3786F006EE620 /* Sources */ = {
			isa = PBXSourcesBuildPhase;
			buildActionMask = 2147483647;
			files = (
				7543241720A37958006EE620 /* ILMemorySoup.m in Sources */,
				7543241820A37958006EE620 /* ILFileSoup.m in Sources */,
				7543242420A384C9006EE620 /* ILSoupStock.m in Sources */,
				7543243D20A3A2E4006EE620 /* ILStockIndex.m in Sources */,
				7543241B20A37959006EE620 /* ILUnionSoup.m in Sources */,
				7543241C20A37959006EE620 /* NSData+Hashcodes.m in Sources */,
				7543243820A3A153006EE620 /* ILStockEntry.m in Sources */,
				7543244120A3A312006EE620 /* ILStockSequence.m in Sources */,
				758C8CEF2267ED79001B366E /* ILSoupClock.m in Sources */,
				7543244520A8B289006EE620 /* ILSynchedSoup.m in Sources */,
				7543241D20A37959006EE620 /* NSString+Hashcodes.m in Sources */,
				754324BA20AE39FF006EE620 /* ILQueuedSoup.m in Sources */,
				7543241E20A37959006EE620 /* NSDictionary+Hashcodes.m in Sources */,
			);
			runOnlyForDeploymentPostprocessing = 0;
		};
		7543242620A39B5B006EE620 /* Sources */ = {
			isa = PBXSourcesBuildPhase;
			buildActionMask = 2147483647;
			files = (
				7543242D20A39B5C006EE620 /* addresses.m in Sources */,
			);
			runOnlyForDeploymentPostprocessing = 0;
		};
		7580B784218188FE00D1E62F /* Sources */ = {
			isa = PBXSourcesBuildPhase;
			buildActionMask = 2147483647;
			files = (
				7580B785218188FE00D1E62F /* ILMemorySoup.m in Sources */,
				7580B786218188FE00D1E62F /* ILFileSoup.m in Sources */,
				7580B787218188FE00D1E62F /* ILSoupStock.m in Sources */,
				7580B788218188FE00D1E62F /* ILStockIndex.m in Sources */,
				7580B789218188FE00D1E62F /* ILUnionSoup.m in Sources */,
				7580B78A218188FE00D1E62F /* NSData+Hashcodes.m in Sources */,
				7580B78B218188FE00D1E62F /* ILStockEntry.m in Sources */,
				7580B78C218188FE00D1E62F /* ILStockSequence.m in Sources */,
				758C8CED2267ED79001B366E /* ILSoupClock.m in Sources */,
				7580B78D218188FE00D1E62F /* ILSynchedSoup.m in Sources */,
				7580B78E218188FE00D1E62F /* NSString+Hashcodes.m in Sources */,
				7580B78F218188FE00D1E62F /* ILQueuedSoup.m in Sources */,
				7580B790218188FE00D1E62F /* NSDictionary+Hashcodes.m in Sources */,
			);
			runOnlyForDeploymentPostprocessing = 0;
		};
		758880D021862FCA00488CE1 /* Sources */ = {
			isa = PBXSourcesBuildPhase;
			buildActionMask = 2147483647;
			files = (
				758880D121862FCA00488CE1 /* ILMemorySoup.m in Sources */,
				758880D221862FCA00488CE1 /* ILFileSoup.m in Sources */,
				758880D321862FCA00488CE1 /* ILSoupStock.m in Sources */,
				758880D421862FCA00488CE1 /* ILStockIndex.m in Sources */,
				758880D521862FCA00488CE1 /* ILUnionSoup.m in Sources */,
				758880D621862FCA00488CE1 /* NSData+Hashcodes.m in Sources */,
				758880D721862FCA00488CE1 /* ILStockEntry.m in Sources */,
				758880D821862FCA00488CE1 /* ILStockSequence.m in Sources */,
				758C8CEE2267ED79001B366E /* ILSoupClock.m in Sources */,
				758880D921862FCA00488CE1 /* ILSynchedSoup.m in Sources */,
				758880DA21862FCA00488CE1 /* NSString+Hashcodes.m in Sources */,
				758880DB21862FCA00488CE1 /* ILQueuedSoup.m in Sources */,
				758880DC21862FCA00488CE1 /* NSDictionary+Hashcodes.m in Sources */,
			);
			runOnlyForDeploymentPostprocessing = 0;
		};
		75D12D6A2378BF40003F2899 /* Sources */ = {
			isa = PBXSourcesBuildPhase;
			buildActionMask = 2147483647;
			files = (
				75D12D732378BF40003F2899 /* CanneryBrowser.swift in Sources */,
				75D12D712378BF40003F2899 /* CanneryDelegate.swift in Sources */,
			);
			runOnlyForDeploymentPostprocessing = 0;
		};
		75D12D7B2378BF42003F2899 /* Sources */ = {
			isa = PBXSourcesBuildPhase;
			buildActionMask = 2147483647;
			files = (
				75D12D842378BF42003F2899 /* CanneryTests.swift in Sources */,
			);
			runOnlyForDeploymentPostprocessing = 0;
		};
/* End PBXSourcesBuildPhase section */

/* Begin PBXTargetDependency section */
		7507527421A9F2BA00DA776A /* PBXTargetDependency */ = {
			isa = PBXTargetDependency;
			target = 7580B783218188FE00D1E62F /* Soup (iOS) */;
			targetProxy = 7507527321A9F2BA00DA776A /* PBXContainerItemProxy */;
		};
		7507527621A9F2BA00DA776A /* PBXTargetDependency */ = {
			isa = PBXTargetDependency;
			target = 758880CF21862FCA00488CE1 /* Soup (tvOS) */;
			targetProxy = 7507527521A9F2BA00DA776A /* PBXContainerItemProxy */;
		};
		7507527821A9F2BA00DA776A /* PBXTargetDependency */ = {
			isa = PBXTargetDependency;
			target = 754323FE20A3786F006EE620 /* Soup (macOS) */;
			targetProxy = 7507527721A9F2BA00DA776A /* PBXContainerItemProxy */;
		};
		7543243220A39B85006EE620 /* PBXTargetDependency */ = {
			isa = PBXTargetDependency;
			target = 754323FE20A3786F006EE620 /* Soup (macOS) */;
			targetProxy = 7543243120A39B85006EE620 /* PBXContainerItemProxy */;
		};
		75D12D812378BF42003F2899 /* PBXTargetDependency */ = {
			isa = PBXTargetDependency;
			target = 75D12D6D2378BF40003F2899 /* Cannery */;
			targetProxy = 75D12D802378BF42003F2899 /* PBXContainerItemProxy */;
		};
		75D12D912378C099003F2899 /* PBXTargetDependency */ = {
			isa = PBXTargetDependency;
			target = 754323FE20A3786F006EE620 /* Soup (macOS) */;
			targetProxy = 75D12D902378C099003F2899 /* PBXContainerItemProxy */;
		};
/* End PBXTargetDependency section */

/* Begin PBXVariantGroup section */
		75D12D762378BF42003F2899 /* Main.storyboard */ = {
			isa = PBXVariantGroup;
			children = (
				75D12D772378BF42003F2899 /* Base */,
			);
			name = Main.storyboard;
			sourceTree = "<group>";
		};
/* End PBXVariantGroup section */

/* Begin XCBuildConfiguration section */
		7507527021A9F2AF00DA776A /* Debug */ = {
			isa = XCBuildConfiguration;
			buildSettings = {
				CLANG_ENABLE_OBJC_WEAK = YES;
				CODE_SIGN_STYLE = Automatic;
				DEVELOPMENT_TEAM = E8G8ARB44Z;
				PRODUCT_NAME = "$(TARGET_NAME)";
			};
			name = Debug;
		};
		7507527121A9F2AF00DA776A /* Release */ = {
			isa = XCBuildConfiguration;
			buildSettings = {
				CLANG_ENABLE_OBJC_WEAK = YES;
				CODE_SIGN_STYLE = Automatic;
				DEVELOPMENT_TEAM = E8G8ARB44Z;
				PRODUCT_NAME = "$(TARGET_NAME)";
			};
			name = Release;
		};
		7543240620A37870006EE620 /* Debug */ = {
			isa = XCBuildConfiguration;
			buildSettings = {
				ALWAYS_SEARCH_USER_PATHS = NO;
				CLANG_ANALYZER_NONNULL = YES;
				CLANG_ANALYZER_NUMBER_OBJECT_CONVERSION = YES_AGGRESSIVE;
				CLANG_CXX_LANGUAGE_STANDARD = "gnu++14";
				CLANG_CXX_LIBRARY = "libc++";
				CLANG_ENABLE_MODULES = YES;
				CLANG_ENABLE_OBJC_ARC = YES;
				CLANG_ENABLE_OBJC_WEAK = YES;
				CLANG_WARN_BLOCK_CAPTURE_AUTORELEASING = YES;
				CLANG_WARN_BOOL_CONVERSION = YES;
				CLANG_WARN_COMMA = YES;
				CLANG_WARN_CONSTANT_CONVERSION = YES;
				CLANG_WARN_DEPRECATED_OBJC_IMPLEMENTATIONS = YES;
				CLANG_WARN_DIRECT_OBJC_ISA_USAGE = YES_ERROR;
				CLANG_WARN_DOCUMENTATION_COMMENTS = YES;
				CLANG_WARN_EMPTY_BODY = YES;
				CLANG_WARN_ENUM_CONVERSION = YES;
				CLANG_WARN_INFINITE_RECURSION = YES;
				CLANG_WARN_INT_CONVERSION = YES;
				CLANG_WARN_NON_LITERAL_NULL_CONVERSION = YES;
				CLANG_WARN_OBJC_IMPLICIT_RETAIN_SELF = YES;
				CLANG_WARN_OBJC_LITERAL_CONVERSION = YES;
				CLANG_WARN_OBJC_ROOT_CLASS = YES_ERROR;
				CLANG_WARN_RANGE_LOOP_ANALYSIS = YES;
				CLANG_WARN_STRICT_PROTOTYPES = YES;
				CLANG_WARN_SUSPICIOUS_MOVE = YES;
				CLANG_WARN_UNGUARDED_AVAILABILITY = YES_AGGRESSIVE;
				CLANG_WARN_UNREACHABLE_CODE = YES;
				CLANG_WARN__DUPLICATE_METHOD_MATCH = YES;
				COMBINE_HIDPI_IMAGES = YES;
				COPY_PHASE_STRIP = NO;
				CURRENT_PROJECT_VERSION = 1;
				DEBUG_INFORMATION_FORMAT = dwarf;
				DEFINES_MODULE = YES;
				DEVELOPMENT_TEAM = "";
				DYLIB_COMPATIBILITY_VERSION = 1;
				DYLIB_CURRENT_VERSION = 1;
				DYLIB_INSTALL_NAME_BASE = "@rpath";
				ENABLE_STRICT_OBJC_MSGSEND = YES;
				ENABLE_TESTABILITY = YES;
				FRAMEWORK_VERSION = A;
				GCC_C_LANGUAGE_STANDARD = gnu11;
				GCC_DYNAMIC_NO_PIC = NO;
				GCC_NO_COMMON_BLOCKS = YES;
				GCC_OPTIMIZATION_LEVEL = 0;
				GCC_PREPROCESSOR_DEFINITIONS = (
					"DEBUG=1",
					"$(inherited)",
				);
				GCC_WARN_64_TO_32_BIT_CONVERSION = YES;
				GCC_WARN_ABOUT_RETURN_TYPE = YES_ERROR;
				GCC_WARN_UNDECLARED_SELECTOR = YES;
				GCC_WARN_UNINITIALIZED_AUTOS = YES_AGGRESSIVE;
				GCC_WARN_UNUSED_FUNCTION = YES;
				GCC_WARN_UNUSED_VARIABLE = YES;
				INFOPLIST_FILE = Soup/Info.plist;
				INSTALL_PATH = "$(LOCAL_LIBRARY_DIR)/Frameworks";
				LD_RUNPATH_SEARCH_PATHS = "$(inherited) @executable_path/../Frameworks @loader_path/Frameworks";
				MTL_ENABLE_DEBUG_INFO = YES;
				ONLY_ACTIVE_ARCH = YES;
				PRODUCT_BUNDLE_IDENTIFIER = net.istumbler.labs.soup;
				PRODUCT_NAME = Soup;
				PROVISIONING_PROFILE_SPECIFIER = "";
				SDKROOT = macosx;
				SKIP_INSTALL = YES;
				VERSIONING_SYSTEM = "apple-generic";
				VERSION_INFO_PREFIX = "";
			};
			name = Debug;
		};
		7543240720A37870006EE620 /* Release */ = {
			isa = XCBuildConfiguration;
			buildSettings = {
				ALWAYS_SEARCH_USER_PATHS = NO;
				CLANG_ANALYZER_NONNULL = YES;
				CLANG_ANALYZER_NUMBER_OBJECT_CONVERSION = YES_AGGRESSIVE;
				CLANG_CXX_LANGUAGE_STANDARD = "gnu++14";
				CLANG_CXX_LIBRARY = "libc++";
				CLANG_ENABLE_MODULES = YES;
				CLANG_ENABLE_OBJC_ARC = YES;
				CLANG_ENABLE_OBJC_WEAK = YES;
				CLANG_WARN_BLOCK_CAPTURE_AUTORELEASING = YES;
				CLANG_WARN_BOOL_CONVERSION = YES;
				CLANG_WARN_COMMA = YES;
				CLANG_WARN_CONSTANT_CONVERSION = YES;
				CLANG_WARN_DEPRECATED_OBJC_IMPLEMENTATIONS = YES;
				CLANG_WARN_DIRECT_OBJC_ISA_USAGE = YES_ERROR;
				CLANG_WARN_DOCUMENTATION_COMMENTS = YES;
				CLANG_WARN_EMPTY_BODY = YES;
				CLANG_WARN_ENUM_CONVERSION = YES;
				CLANG_WARN_INFINITE_RECURSION = YES;
				CLANG_WARN_INT_CONVERSION = YES;
				CLANG_WARN_NON_LITERAL_NULL_CONVERSION = YES;
				CLANG_WARN_OBJC_IMPLICIT_RETAIN_SELF = YES;
				CLANG_WARN_OBJC_LITERAL_CONVERSION = YES;
				CLANG_WARN_OBJC_ROOT_CLASS = YES_ERROR;
				CLANG_WARN_RANGE_LOOP_ANALYSIS = YES;
				CLANG_WARN_STRICT_PROTOTYPES = YES;
				CLANG_WARN_SUSPICIOUS_MOVE = YES;
				CLANG_WARN_UNGUARDED_AVAILABILITY = YES_AGGRESSIVE;
				CLANG_WARN_UNREACHABLE_CODE = YES;
				CLANG_WARN__DUPLICATE_METHOD_MATCH = YES;
				COMBINE_HIDPI_IMAGES = YES;
				COPY_PHASE_STRIP = NO;
				CURRENT_PROJECT_VERSION = 1;
				DEBUG_INFORMATION_FORMAT = "dwarf-with-dsym";
				DEFINES_MODULE = YES;
				DEVELOPMENT_TEAM = "";
				DYLIB_COMPATIBILITY_VERSION = 1;
				DYLIB_CURRENT_VERSION = 1;
				DYLIB_INSTALL_NAME_BASE = "@rpath";
				ENABLE_NS_ASSERTIONS = NO;
				ENABLE_STRICT_OBJC_MSGSEND = YES;
				FRAMEWORK_VERSION = A;
				GCC_C_LANGUAGE_STANDARD = gnu11;
				GCC_NO_COMMON_BLOCKS = YES;
				GCC_WARN_64_TO_32_BIT_CONVERSION = YES;
				GCC_WARN_ABOUT_RETURN_TYPE = YES_ERROR;
				GCC_WARN_UNDECLARED_SELECTOR = YES;
				GCC_WARN_UNINITIALIZED_AUTOS = YES_AGGRESSIVE;
				GCC_WARN_UNUSED_FUNCTION = YES;
				GCC_WARN_UNUSED_VARIABLE = YES;
				INFOPLIST_FILE = Soup/Info.plist;
				INSTALL_PATH = "$(LOCAL_LIBRARY_DIR)/Frameworks";
				LD_RUNPATH_SEARCH_PATHS = "$(inherited) @executable_path/../Frameworks @loader_path/Frameworks";
				MTL_ENABLE_DEBUG_INFO = NO;
				PRODUCT_BUNDLE_IDENTIFIER = net.istumbler.labs.soup;
				PRODUCT_NAME = Soup;
				PROVISIONING_PROFILE_SPECIFIER = "";
				SDKROOT = macosx;
				SKIP_INSTALL = YES;
				VERSIONING_SYSTEM = "apple-generic";
				VERSION_INFO_PREFIX = "";
			};
			name = Release;
		};
		7543242F20A39B5C006EE620 /* Debug */ = {
			isa = XCBuildConfiguration;
			buildSettings = {
				ALWAYS_SEARCH_USER_PATHS = NO;
				CLANG_ANALYZER_NONNULL = YES;
				CLANG_ANALYZER_NUMBER_OBJECT_CONVERSION = YES_AGGRESSIVE;
				CLANG_CXX_LANGUAGE_STANDARD = "gnu++14";
				CLANG_CXX_LIBRARY = "libc++";
				CLANG_ENABLE_MODULES = YES;
				CLANG_ENABLE_OBJC_ARC = YES;
				CLANG_ENABLE_OBJC_WEAK = YES;
				CLANG_WARN_BLOCK_CAPTURE_AUTORELEASING = YES;
				CLANG_WARN_BOOL_CONVERSION = YES;
				CLANG_WARN_COMMA = YES;
				CLANG_WARN_CONSTANT_CONVERSION = YES;
				CLANG_WARN_DEPRECATED_OBJC_IMPLEMENTATIONS = YES;
				CLANG_WARN_DIRECT_OBJC_ISA_USAGE = YES_ERROR;
				CLANG_WARN_DOCUMENTATION_COMMENTS = YES;
				CLANG_WARN_EMPTY_BODY = YES;
				CLANG_WARN_ENUM_CONVERSION = YES;
				CLANG_WARN_INFINITE_RECURSION = YES;
				CLANG_WARN_INT_CONVERSION = YES;
				CLANG_WARN_NON_LITERAL_NULL_CONVERSION = YES;
				CLANG_WARN_OBJC_IMPLICIT_RETAIN_SELF = YES;
				CLANG_WARN_OBJC_LITERAL_CONVERSION = YES;
				CLANG_WARN_OBJC_ROOT_CLASS = YES_ERROR;
				CLANG_WARN_RANGE_LOOP_ANALYSIS = YES;
				CLANG_WARN_STRICT_PROTOTYPES = YES;
				CLANG_WARN_SUSPICIOUS_MOVE = YES;
				CLANG_WARN_UNGUARDED_AVAILABILITY = YES_AGGRESSIVE;
				CLANG_WARN_UNREACHABLE_CODE = YES;
				CLANG_WARN__DUPLICATE_METHOD_MATCH = YES;
				CODE_SIGN_IDENTITY = "Mac Developer";
				CODE_SIGN_STYLE = Automatic;
				COPY_PHASE_STRIP = NO;
				DEBUG_INFORMATION_FORMAT = dwarf;
				DEVELOPMENT_TEAM = E8G8ARB44Z;
				ENABLE_HARDENED_RUNTIME = YES;
				ENABLE_STRICT_OBJC_MSGSEND = YES;
				ENABLE_TESTABILITY = YES;
				GCC_C_LANGUAGE_STANDARD = gnu11;
				GCC_DYNAMIC_NO_PIC = NO;
				GCC_NO_COMMON_BLOCKS = YES;
				GCC_OPTIMIZATION_LEVEL = 0;
				GCC_PREPROCESSOR_DEFINITIONS = (
					"DEBUG=1",
					"$(inherited)",
				);
				GCC_WARN_64_TO_32_BIT_CONVERSION = YES;
				GCC_WARN_ABOUT_RETURN_TYPE = YES_ERROR;
				GCC_WARN_UNDECLARED_SELECTOR = YES;
				GCC_WARN_UNINITIALIZED_AUTOS = YES_AGGRESSIVE;
				GCC_WARN_UNUSED_FUNCTION = YES;
				GCC_WARN_UNUSED_VARIABLE = YES;
				MACOSX_DEPLOYMENT_TARGET = 10.13;
				MTL_ENABLE_DEBUG_INFO = YES;
				ONLY_ACTIVE_ARCH = YES;
				PRODUCT_NAME = "$(TARGET_NAME)";
				SDKROOT = macosx;
			};
			name = Debug;
		};
		7543243020A39B5C006EE620 /* Release */ = {
			isa = XCBuildConfiguration;
			buildSettings = {
				ALWAYS_SEARCH_USER_PATHS = NO;
				CLANG_ANALYZER_NONNULL = YES;
				CLANG_ANALYZER_NUMBER_OBJECT_CONVERSION = YES_AGGRESSIVE;
				CLANG_CXX_LANGUAGE_STANDARD = "gnu++14";
				CLANG_CXX_LIBRARY = "libc++";
				CLANG_ENABLE_MODULES = YES;
				CLANG_ENABLE_OBJC_ARC = YES;
				CLANG_ENABLE_OBJC_WEAK = YES;
				CLANG_WARN_BLOCK_CAPTURE_AUTORELEASING = YES;
				CLANG_WARN_BOOL_CONVERSION = YES;
				CLANG_WARN_COMMA = YES;
				CLANG_WARN_CONSTANT_CONVERSION = YES;
				CLANG_WARN_DEPRECATED_OBJC_IMPLEMENTATIONS = YES;
				CLANG_WARN_DIRECT_OBJC_ISA_USAGE = YES_ERROR;
				CLANG_WARN_DOCUMENTATION_COMMENTS = YES;
				CLANG_WARN_EMPTY_BODY = YES;
				CLANG_WARN_ENUM_CONVERSION = YES;
				CLANG_WARN_INFINITE_RECURSION = YES;
				CLANG_WARN_INT_CONVERSION = YES;
				CLANG_WARN_NON_LITERAL_NULL_CONVERSION = YES;
				CLANG_WARN_OBJC_IMPLICIT_RETAIN_SELF = YES;
				CLANG_WARN_OBJC_LITERAL_CONVERSION = YES;
				CLANG_WARN_OBJC_ROOT_CLASS = YES_ERROR;
				CLANG_WARN_RANGE_LOOP_ANALYSIS = YES;
				CLANG_WARN_STRICT_PROTOTYPES = YES;
				CLANG_WARN_SUSPICIOUS_MOVE = YES;
				CLANG_WARN_UNGUARDED_AVAILABILITY = YES_AGGRESSIVE;
				CLANG_WARN_UNREACHABLE_CODE = YES;
				CLANG_WARN__DUPLICATE_METHOD_MATCH = YES;
				CODE_SIGN_IDENTITY = "Mac Developer";
				CODE_SIGN_STYLE = Automatic;
				COPY_PHASE_STRIP = NO;
				DEBUG_INFORMATION_FORMAT = "dwarf-with-dsym";
				DEVELOPMENT_TEAM = E8G8ARB44Z;
				ENABLE_HARDENED_RUNTIME = YES;
				ENABLE_NS_ASSERTIONS = NO;
				ENABLE_STRICT_OBJC_MSGSEND = YES;
				GCC_C_LANGUAGE_STANDARD = gnu11;
				GCC_NO_COMMON_BLOCKS = YES;
				GCC_WARN_64_TO_32_BIT_CONVERSION = YES;
				GCC_WARN_ABOUT_RETURN_TYPE = YES_ERROR;
				GCC_WARN_UNDECLARED_SELECTOR = YES;
				GCC_WARN_UNINITIALIZED_AUTOS = YES_AGGRESSIVE;
				GCC_WARN_UNUSED_FUNCTION = YES;
				GCC_WARN_UNUSED_VARIABLE = YES;
				MACOSX_DEPLOYMENT_TARGET = 10.13;
				MTL_ENABLE_DEBUG_INFO = NO;
				PRODUCT_NAME = "$(TARGET_NAME)";
				SDKROOT = macosx;
			};
			name = Release;
		};
		7580B7A7218188FE00D1E62F /* Debug */ = {
			isa = XCBuildConfiguration;
			buildSettings = {
				ALWAYS_SEARCH_USER_PATHS = NO;
				CLANG_ANALYZER_NONNULL = YES;
				CLANG_ANALYZER_NUMBER_OBJECT_CONVERSION = YES_AGGRESSIVE;
				CLANG_CXX_LANGUAGE_STANDARD = "gnu++14";
				CLANG_CXX_LIBRARY = "libc++";
				CLANG_ENABLE_MODULES = YES;
				CLANG_ENABLE_OBJC_ARC = YES;
				CLANG_ENABLE_OBJC_WEAK = YES;
				CLANG_WARN_BLOCK_CAPTURE_AUTORELEASING = YES;
				CLANG_WARN_BOOL_CONVERSION = YES;
				CLANG_WARN_COMMA = YES;
				CLANG_WARN_CONSTANT_CONVERSION = YES;
				CLANG_WARN_DEPRECATED_OBJC_IMPLEMENTATIONS = YES;
				CLANG_WARN_DIRECT_OBJC_ISA_USAGE = YES_ERROR;
				CLANG_WARN_DOCUMENTATION_COMMENTS = YES;
				CLANG_WARN_EMPTY_BODY = YES;
				CLANG_WARN_ENUM_CONVERSION = YES;
				CLANG_WARN_INFINITE_RECURSION = YES;
				CLANG_WARN_INT_CONVERSION = YES;
				CLANG_WARN_NON_LITERAL_NULL_CONVERSION = YES;
				CLANG_WARN_OBJC_IMPLICIT_RETAIN_SELF = YES;
				CLANG_WARN_OBJC_LITERAL_CONVERSION = YES;
				CLANG_WARN_OBJC_ROOT_CLASS = YES_ERROR;
				CLANG_WARN_RANGE_LOOP_ANALYSIS = YES;
				CLANG_WARN_STRICT_PROTOTYPES = YES;
				CLANG_WARN_SUSPICIOUS_MOVE = YES;
				CLANG_WARN_UNGUARDED_AVAILABILITY = YES_AGGRESSIVE;
				CLANG_WARN_UNREACHABLE_CODE = YES;
				CLANG_WARN__DUPLICATE_METHOD_MATCH = YES;
				COMBINE_HIDPI_IMAGES = YES;
				COPY_PHASE_STRIP = NO;
				CURRENT_PROJECT_VERSION = 1;
				DEBUG_INFORMATION_FORMAT = dwarf;
				DEFINES_MODULE = YES;
				DEVELOPMENT_TEAM = "";
				DYLIB_COMPATIBILITY_VERSION = 1;
				DYLIB_CURRENT_VERSION = 1;
				DYLIB_INSTALL_NAME_BASE = "@rpath";
				ENABLE_STRICT_OBJC_MSGSEND = YES;
				ENABLE_TESTABILITY = YES;
				FRAMEWORK_VERSION = A;
				GCC_C_LANGUAGE_STANDARD = gnu11;
				GCC_DYNAMIC_NO_PIC = NO;
				GCC_NO_COMMON_BLOCKS = YES;
				GCC_OPTIMIZATION_LEVEL = 0;
				GCC_PREPROCESSOR_DEFINITIONS = (
					"DEBUG=1",
					"$(inherited)",
				);
				GCC_WARN_64_TO_32_BIT_CONVERSION = YES;
				GCC_WARN_ABOUT_RETURN_TYPE = YES_ERROR;
				GCC_WARN_UNDECLARED_SELECTOR = YES;
				GCC_WARN_UNINITIALIZED_AUTOS = YES_AGGRESSIVE;
				GCC_WARN_UNUSED_FUNCTION = YES;
				GCC_WARN_UNUSED_VARIABLE = YES;
				INFOPLIST_FILE = Soup/Info.plist;
				INSTALL_PATH = "$(LOCAL_LIBRARY_DIR)/Frameworks";
				LD_RUNPATH_SEARCH_PATHS = "$(inherited) @executable_path/../Frameworks @loader_path/Frameworks";
				MTL_ENABLE_DEBUG_INFO = YES;
				ONLY_ACTIVE_ARCH = YES;
				PRODUCT_BUNDLE_IDENTIFIER = net.istumbler.labs.soup;
				PRODUCT_NAME = Soup;
				PROVISIONING_PROFILE_SPECIFIER = "";
				SDKROOT = iphoneos;
				SKIP_INSTALL = YES;
				VERSIONING_SYSTEM = "apple-generic";
				VERSION_INFO_PREFIX = "";
			};
			name = Debug;
		};
		7580B7A8218188FE00D1E62F /* Release */ = {
			isa = XCBuildConfiguration;
			buildSettings = {
				ALWAYS_SEARCH_USER_PATHS = NO;
				CLANG_ANALYZER_NONNULL = YES;
				CLANG_ANALYZER_NUMBER_OBJECT_CONVERSION = YES_AGGRESSIVE;
				CLANG_CXX_LANGUAGE_STANDARD = "gnu++14";
				CLANG_CXX_LIBRARY = "libc++";
				CLANG_ENABLE_MODULES = YES;
				CLANG_ENABLE_OBJC_ARC = YES;
				CLANG_ENABLE_OBJC_WEAK = YES;
				CLANG_WARN_BLOCK_CAPTURE_AUTORELEASING = YES;
				CLANG_WARN_BOOL_CONVERSION = YES;
				CLANG_WARN_COMMA = YES;
				CLANG_WARN_CONSTANT_CONVERSION = YES;
				CLANG_WARN_DEPRECATED_OBJC_IMPLEMENTATIONS = YES;
				CLANG_WARN_DIRECT_OBJC_ISA_USAGE = YES_ERROR;
				CLANG_WARN_DOCUMENTATION_COMMENTS = YES;
				CLANG_WARN_EMPTY_BODY = YES;
				CLANG_WARN_ENUM_CONVERSION = YES;
				CLANG_WARN_INFINITE_RECURSION = YES;
				CLANG_WARN_INT_CONVERSION = YES;
				CLANG_WARN_NON_LITERAL_NULL_CONVERSION = YES;
				CLANG_WARN_OBJC_IMPLICIT_RETAIN_SELF = YES;
				CLANG_WARN_OBJC_LITERAL_CONVERSION = YES;
				CLANG_WARN_OBJC_ROOT_CLASS = YES_ERROR;
				CLANG_WARN_RANGE_LOOP_ANALYSIS = YES;
				CLANG_WARN_STRICT_PROTOTYPES = YES;
				CLANG_WARN_SUSPICIOUS_MOVE = YES;
				CLANG_WARN_UNGUARDED_AVAILABILITY = YES_AGGRESSIVE;
				CLANG_WARN_UNREACHABLE_CODE = YES;
				CLANG_WARN__DUPLICATE_METHOD_MATCH = YES;
				COMBINE_HIDPI_IMAGES = YES;
				COPY_PHASE_STRIP = NO;
				CURRENT_PROJECT_VERSION = 1;
				DEBUG_INFORMATION_FORMAT = "dwarf-with-dsym";
				DEFINES_MODULE = YES;
				DEVELOPMENT_TEAM = "";
				DYLIB_COMPATIBILITY_VERSION = 1;
				DYLIB_CURRENT_VERSION = 1;
				DYLIB_INSTALL_NAME_BASE = "@rpath";
				ENABLE_NS_ASSERTIONS = NO;
				ENABLE_STRICT_OBJC_MSGSEND = YES;
				FRAMEWORK_VERSION = A;
				GCC_C_LANGUAGE_STANDARD = gnu11;
				GCC_NO_COMMON_BLOCKS = YES;
				GCC_WARN_64_TO_32_BIT_CONVERSION = YES;
				GCC_WARN_ABOUT_RETURN_TYPE = YES_ERROR;
				GCC_WARN_UNDECLARED_SELECTOR = YES;
				GCC_WARN_UNINITIALIZED_AUTOS = YES_AGGRESSIVE;
				GCC_WARN_UNUSED_FUNCTION = YES;
				GCC_WARN_UNUSED_VARIABLE = YES;
				INFOPLIST_FILE = Soup/Info.plist;
				INSTALL_PATH = "$(LOCAL_LIBRARY_DIR)/Frameworks";
				LD_RUNPATH_SEARCH_PATHS = "$(inherited) @executable_path/../Frameworks @loader_path/Frameworks";
				MTL_ENABLE_DEBUG_INFO = NO;
				PRODUCT_BUNDLE_IDENTIFIER = net.istumbler.labs.soup;
				PRODUCT_NAME = Soup;
				PROVISIONING_PROFILE_SPECIFIER = "";
				SDKROOT = iphoneos;
				SKIP_INSTALL = YES;
				VERSIONING_SYSTEM = "apple-generic";
				VERSION_INFO_PREFIX = "";
			};
			name = Release;
		};
		758880F321862FCA00488CE1 /* Debug */ = {
			isa = XCBuildConfiguration;
			buildSettings = {
				ALWAYS_SEARCH_USER_PATHS = NO;
				CLANG_ANALYZER_NONNULL = YES;
				CLANG_ANALYZER_NUMBER_OBJECT_CONVERSION = YES_AGGRESSIVE;
				CLANG_CXX_LANGUAGE_STANDARD = "gnu++14";
				CLANG_CXX_LIBRARY = "libc++";
				CLANG_ENABLE_MODULES = YES;
				CLANG_ENABLE_OBJC_ARC = YES;
				CLANG_ENABLE_OBJC_WEAK = YES;
				CLANG_WARN_BLOCK_CAPTURE_AUTORELEASING = YES;
				CLANG_WARN_BOOL_CONVERSION = YES;
				CLANG_WARN_COMMA = YES;
				CLANG_WARN_CONSTANT_CONVERSION = YES;
				CLANG_WARN_DEPRECATED_OBJC_IMPLEMENTATIONS = YES;
				CLANG_WARN_DIRECT_OBJC_ISA_USAGE = YES_ERROR;
				CLANG_WARN_DOCUMENTATION_COMMENTS = YES;
				CLANG_WARN_EMPTY_BODY = YES;
				CLANG_WARN_ENUM_CONVERSION = YES;
				CLANG_WARN_INFINITE_RECURSION = YES;
				CLANG_WARN_INT_CONVERSION = YES;
				CLANG_WARN_NON_LITERAL_NULL_CONVERSION = YES;
				CLANG_WARN_OBJC_IMPLICIT_RETAIN_SELF = YES;
				CLANG_WARN_OBJC_LITERAL_CONVERSION = YES;
				CLANG_WARN_OBJC_ROOT_CLASS = YES_ERROR;
				CLANG_WARN_RANGE_LOOP_ANALYSIS = YES;
				CLANG_WARN_STRICT_PROTOTYPES = YES;
				CLANG_WARN_SUSPICIOUS_MOVE = YES;
				CLANG_WARN_UNGUARDED_AVAILABILITY = YES_AGGRESSIVE;
				CLANG_WARN_UNREACHABLE_CODE = YES;
				CLANG_WARN__DUPLICATE_METHOD_MATCH = YES;
				COMBINE_HIDPI_IMAGES = YES;
				COPY_PHASE_STRIP = NO;
				CURRENT_PROJECT_VERSION = 1;
				DEBUG_INFORMATION_FORMAT = dwarf;
				DEFINES_MODULE = YES;
				DEVELOPMENT_TEAM = "";
				DYLIB_COMPATIBILITY_VERSION = 1;
				DYLIB_CURRENT_VERSION = 1;
				DYLIB_INSTALL_NAME_BASE = "@rpath";
				ENABLE_STRICT_OBJC_MSGSEND = YES;
				ENABLE_TESTABILITY = YES;
				FRAMEWORK_VERSION = A;
				GCC_C_LANGUAGE_STANDARD = gnu11;
				GCC_DYNAMIC_NO_PIC = NO;
				GCC_NO_COMMON_BLOCKS = YES;
				GCC_OPTIMIZATION_LEVEL = 0;
				GCC_PREPROCESSOR_DEFINITIONS = (
					"DEBUG=1",
					"$(inherited)",
				);
				GCC_WARN_64_TO_32_BIT_CONVERSION = YES;
				GCC_WARN_ABOUT_RETURN_TYPE = YES_ERROR;
				GCC_WARN_UNDECLARED_SELECTOR = YES;
				GCC_WARN_UNINITIALIZED_AUTOS = YES_AGGRESSIVE;
				GCC_WARN_UNUSED_FUNCTION = YES;
				GCC_WARN_UNUSED_VARIABLE = YES;
				INFOPLIST_FILE = Soup/Info.plist;
				INSTALL_PATH = "$(LOCAL_LIBRARY_DIR)/Frameworks";
				LD_RUNPATH_SEARCH_PATHS = "$(inherited) @executable_path/../Frameworks @loader_path/Frameworks";
				MTL_ENABLE_DEBUG_INFO = YES;
				ONLY_ACTIVE_ARCH = YES;
				PRODUCT_BUNDLE_IDENTIFIER = net.istumbler.labs.soup;
				PRODUCT_NAME = Soup;
				PROVISIONING_PROFILE_SPECIFIER = "";
				SDKROOT = appletvos;
				SKIP_INSTALL = YES;
				VERSIONING_SYSTEM = "apple-generic";
				VERSION_INFO_PREFIX = "";
			};
			name = Debug;
		};
		758880F421862FCA00488CE1 /* Release */ = {
			isa = XCBuildConfiguration;
			buildSettings = {
				ALWAYS_SEARCH_USER_PATHS = NO;
				CLANG_ANALYZER_NONNULL = YES;
				CLANG_ANALYZER_NUMBER_OBJECT_CONVERSION = YES_AGGRESSIVE;
				CLANG_CXX_LANGUAGE_STANDARD = "gnu++14";
				CLANG_CXX_LIBRARY = "libc++";
				CLANG_ENABLE_MODULES = YES;
				CLANG_ENABLE_OBJC_ARC = YES;
				CLANG_ENABLE_OBJC_WEAK = YES;
				CLANG_WARN_BLOCK_CAPTURE_AUTORELEASING = YES;
				CLANG_WARN_BOOL_CONVERSION = YES;
				CLANG_WARN_COMMA = YES;
				CLANG_WARN_CONSTANT_CONVERSION = YES;
				CLANG_WARN_DEPRECATED_OBJC_IMPLEMENTATIONS = YES;
				CLANG_WARN_DIRECT_OBJC_ISA_USAGE = YES_ERROR;
				CLANG_WARN_DOCUMENTATION_COMMENTS = YES;
				CLANG_WARN_EMPTY_BODY = YES;
				CLANG_WARN_ENUM_CONVERSION = YES;
				CLANG_WARN_INFINITE_RECURSION = YES;
				CLANG_WARN_INT_CONVERSION = YES;
				CLANG_WARN_NON_LITERAL_NULL_CONVERSION = YES;
				CLANG_WARN_OBJC_IMPLICIT_RETAIN_SELF = YES;
				CLANG_WARN_OBJC_LITERAL_CONVERSION = YES;
				CLANG_WARN_OBJC_ROOT_CLASS = YES_ERROR;
				CLANG_WARN_RANGE_LOOP_ANALYSIS = YES;
				CLANG_WARN_STRICT_PROTOTYPES = YES;
				CLANG_WARN_SUSPICIOUS_MOVE = YES;
				CLANG_WARN_UNGUARDED_AVAILABILITY = YES_AGGRESSIVE;
				CLANG_WARN_UNREACHABLE_CODE = YES;
				CLANG_WARN__DUPLICATE_METHOD_MATCH = YES;
				COMBINE_HIDPI_IMAGES = YES;
				COPY_PHASE_STRIP = NO;
				CURRENT_PROJECT_VERSION = 1;
				DEBUG_INFORMATION_FORMAT = "dwarf-with-dsym";
				DEFINES_MODULE = YES;
				DEVELOPMENT_TEAM = "";
				DYLIB_COMPATIBILITY_VERSION = 1;
				DYLIB_CURRENT_VERSION = 1;
				DYLIB_INSTALL_NAME_BASE = "@rpath";
				ENABLE_NS_ASSERTIONS = NO;
				ENABLE_STRICT_OBJC_MSGSEND = YES;
				FRAMEWORK_VERSION = A;
				GCC_C_LANGUAGE_STANDARD = gnu11;
				GCC_NO_COMMON_BLOCKS = YES;
				GCC_WARN_64_TO_32_BIT_CONVERSION = YES;
				GCC_WARN_ABOUT_RETURN_TYPE = YES_ERROR;
				GCC_WARN_UNDECLARED_SELECTOR = YES;
				GCC_WARN_UNINITIALIZED_AUTOS = YES_AGGRESSIVE;
				GCC_WARN_UNUSED_FUNCTION = YES;
				GCC_WARN_UNUSED_VARIABLE = YES;
				INFOPLIST_FILE = Soup/Info.plist;
				INSTALL_PATH = "$(LOCAL_LIBRARY_DIR)/Frameworks";
				LD_RUNPATH_SEARCH_PATHS = "$(inherited) @executable_path/../Frameworks @loader_path/Frameworks";
				MTL_ENABLE_DEBUG_INFO = NO;
				PRODUCT_BUNDLE_IDENTIFIER = net.istumbler.labs.soup;
				PRODUCT_NAME = Soup;
				PROVISIONING_PROFILE_SPECIFIER = "";
				SDKROOT = appletvos;
				SKIP_INSTALL = YES;
				VERSIONING_SYSTEM = "apple-generic";
				VERSION_INFO_PREFIX = "";
			};
			name = Release;
		};
		75D12D862378BF42003F2899 /* Debug */ = {
			isa = XCBuildConfiguration;
			buildSettings = {
				ALWAYS_SEARCH_USER_PATHS = NO;
				ASSETCATALOG_COMPILER_APPICON_NAME = AppIcon;
				CLANG_ANALYZER_NONNULL = YES;
				CLANG_ANALYZER_NUMBER_OBJECT_CONVERSION = YES_AGGRESSIVE;
				CLANG_CXX_LANGUAGE_STANDARD = "gnu++14";
				CLANG_CXX_LIBRARY = "libc++";
				CLANG_ENABLE_MODULES = YES;
				CLANG_ENABLE_OBJC_ARC = YES;
				CLANG_ENABLE_OBJC_WEAK = YES;
				CLANG_WARN_BLOCK_CAPTURE_AUTORELEASING = YES;
				CLANG_WARN_BOOL_CONVERSION = YES;
				CLANG_WARN_COMMA = YES;
				CLANG_WARN_CONSTANT_CONVERSION = YES;
				CLANG_WARN_DEPRECATED_OBJC_IMPLEMENTATIONS = YES;
				CLANG_WARN_DIRECT_OBJC_ISA_USAGE = YES_ERROR;
				CLANG_WARN_DOCUMENTATION_COMMENTS = YES;
				CLANG_WARN_EMPTY_BODY = YES;
				CLANG_WARN_ENUM_CONVERSION = YES;
				CLANG_WARN_INFINITE_RECURSION = YES;
				CLANG_WARN_INT_CONVERSION = YES;
				CLANG_WARN_NON_LITERAL_NULL_CONVERSION = YES;
				CLANG_WARN_OBJC_IMPLICIT_RETAIN_SELF = YES;
				CLANG_WARN_OBJC_LITERAL_CONVERSION = YES;
				CLANG_WARN_OBJC_ROOT_CLASS = YES_ERROR;
				CLANG_WARN_RANGE_LOOP_ANALYSIS = YES;
				CLANG_WARN_STRICT_PROTOTYPES = YES;
				CLANG_WARN_SUSPICIOUS_MOVE = YES;
				CLANG_WARN_UNGUARDED_AVAILABILITY = YES_AGGRESSIVE;
				CLANG_WARN_UNREACHABLE_CODE = YES;
				CLANG_WARN__DUPLICATE_METHOD_MATCH = YES;
				CODE_SIGN_ENTITLEMENTS = Cannery/Cannery.entitlements;
				CODE_SIGN_IDENTITY = "-";
				CODE_SIGN_STYLE = Automatic;
				COMBINE_HIDPI_IMAGES = YES;
				COPY_PHASE_STRIP = NO;
				DEBUG_INFORMATION_FORMAT = dwarf;
				DEVELOPMENT_TEAM = E8G8ARB44Z;
				ENABLE_HARDENED_RUNTIME = YES;
				ENABLE_STRICT_OBJC_MSGSEND = YES;
				ENABLE_TESTABILITY = YES;
				GCC_C_LANGUAGE_STANDARD = gnu11;
				GCC_DYNAMIC_NO_PIC = NO;
				GCC_NO_COMMON_BLOCKS = YES;
				GCC_OPTIMIZATION_LEVEL = 0;
				GCC_PREPROCESSOR_DEFINITIONS = (
					"DEBUG=1",
					"$(inherited)",
				);
				GCC_WARN_64_TO_32_BIT_CONVERSION = YES;
				GCC_WARN_ABOUT_RETURN_TYPE = YES_ERROR;
				GCC_WARN_UNDECLARED_SELECTOR = YES;
				GCC_WARN_UNINITIALIZED_AUTOS = YES_AGGRESSIVE;
				GCC_WARN_UNUSED_FUNCTION = YES;
				GCC_WARN_UNUSED_VARIABLE = YES;
				INFOPLIST_FILE = Cannery/Info.plist;
				LD_RUNPATH_SEARCH_PATHS = "$(inherited) @executable_path/../Frameworks";
				MACOSX_DEPLOYMENT_TARGET = 10.10;
				MARKETING_VERSION = 1.0.0;
				MTL_ENABLE_DEBUG_INFO = INCLUDE_SOURCE;
				MTL_FAST_MATH = YES;
				ONLY_ACTIVE_ARCH = YES;
				PRODUCT_BUNDLE_IDENTIFIER = net.istumbler.labs.cannery;
				PRODUCT_NAME = "$(TARGET_NAME)";
				SDKROOT = macosx;
				SWIFT_ACTIVE_COMPILATION_CONDITIONS = DEBUG;
				SWIFT_OPTIMIZATION_LEVEL = "-Onone";
				SWIFT_VERSION = 5.0;
			};
			name = Debug;
		};
		75D12D872378BF42003F2899 /* Release */ = {
			isa = XCBuildConfiguration;
			buildSettings = {
				ALWAYS_SEARCH_USER_PATHS = NO;
				ASSETCATALOG_COMPILER_APPICON_NAME = AppIcon;
				CLANG_ANALYZER_NONNULL = YES;
				CLANG_ANALYZER_NUMBER_OBJECT_CONVERSION = YES_AGGRESSIVE;
				CLANG_CXX_LANGUAGE_STANDARD = "gnu++14";
				CLANG_CXX_LIBRARY = "libc++";
				CLANG_ENABLE_MODULES = YES;
				CLANG_ENABLE_OBJC_ARC = YES;
				CLANG_ENABLE_OBJC_WEAK = YES;
				CLANG_WARN_BLOCK_CAPTURE_AUTORELEASING = YES;
				CLANG_WARN_BOOL_CONVERSION = YES;
				CLANG_WARN_COMMA = YES;
				CLANG_WARN_CONSTANT_CONVERSION = YES;
				CLANG_WARN_DEPRECATED_OBJC_IMPLEMENTATIONS = YES;
				CLANG_WARN_DIRECT_OBJC_ISA_USAGE = YES_ERROR;
				CLANG_WARN_DOCUMENTATION_COMMENTS = YES;
				CLANG_WARN_EMPTY_BODY = YES;
				CLANG_WARN_ENUM_CONVERSION = YES;
				CLANG_WARN_INFINITE_RECURSION = YES;
				CLANG_WARN_INT_CONVERSION = YES;
				CLANG_WARN_NON_LITERAL_NULL_CONVERSION = YES;
				CLANG_WARN_OBJC_IMPLICIT_RETAIN_SELF = YES;
				CLANG_WARN_OBJC_LITERAL_CONVERSION = YES;
				CLANG_WARN_OBJC_ROOT_CLASS = YES_ERROR;
				CLANG_WARN_RANGE_LOOP_ANALYSIS = YES;
				CLANG_WARN_STRICT_PROTOTYPES = YES;
				CLANG_WARN_SUSPICIOUS_MOVE = YES;
				CLANG_WARN_UNGUARDED_AVAILABILITY = YES_AGGRESSIVE;
				CLANG_WARN_UNREACHABLE_CODE = YES;
				CLANG_WARN__DUPLICATE_METHOD_MATCH = YES;
				CODE_SIGN_ENTITLEMENTS = Cannery/Cannery.entitlements;
				CODE_SIGN_IDENTITY = "-";
				CODE_SIGN_STYLE = Automatic;
				COMBINE_HIDPI_IMAGES = YES;
				COPY_PHASE_STRIP = NO;
				DEBUG_INFORMATION_FORMAT = "dwarf-with-dsym";
				DEVELOPMENT_TEAM = E8G8ARB44Z;
				ENABLE_HARDENED_RUNTIME = YES;
				ENABLE_NS_ASSERTIONS = NO;
				ENABLE_STRICT_OBJC_MSGSEND = YES;
				GCC_C_LANGUAGE_STANDARD = gnu11;
				GCC_NO_COMMON_BLOCKS = YES;
				GCC_WARN_64_TO_32_BIT_CONVERSION = YES;
				GCC_WARN_ABOUT_RETURN_TYPE = YES_ERROR;
				GCC_WARN_UNDECLARED_SELECTOR = YES;
				GCC_WARN_UNINITIALIZED_AUTOS = YES_AGGRESSIVE;
				GCC_WARN_UNUSED_FUNCTION = YES;
				GCC_WARN_UNUSED_VARIABLE = YES;
				INFOPLIST_FILE = Cannery/Info.plist;
				LD_RUNPATH_SEARCH_PATHS = "$(inherited) @executable_path/../Frameworks";
				MACOSX_DEPLOYMENT_TARGET = 10.10;
				MARKETING_VERSION = 1.0.0;
				MTL_ENABLE_DEBUG_INFO = NO;
				MTL_FAST_MATH = YES;
				PRODUCT_BUNDLE_IDENTIFIER = net.istumbler.labs.cannery;
				PRODUCT_NAME = "$(TARGET_NAME)";
				SDKROOT = macosx;
				SWIFT_OPTIMIZATION_LEVEL = "-Owholemodule";
				SWIFT_VERSION = 5.0;
			};
			name = Release;
		};
		75D12D882378BF42003F2899 /* Debug */ = {
			isa = XCBuildConfiguration;
			buildSettings = {
				ALWAYS_EMBED_SWIFT_STANDARD_LIBRARIES = YES;
				ALWAYS_SEARCH_USER_PATHS = NO;
				BUNDLE_LOADER = "$(TEST_HOST)";
				CLANG_ANALYZER_NONNULL = YES;
				CLANG_ANALYZER_NUMBER_OBJECT_CONVERSION = YES_AGGRESSIVE;
				CLANG_CXX_LANGUAGE_STANDARD = "gnu++14";
				CLANG_CXX_LIBRARY = "libc++";
				CLANG_ENABLE_MODULES = YES;
				CLANG_ENABLE_OBJC_ARC = YES;
				CLANG_ENABLE_OBJC_WEAK = YES;
				CLANG_WARN_BLOCK_CAPTURE_AUTORELEASING = YES;
				CLANG_WARN_BOOL_CONVERSION = YES;
				CLANG_WARN_COMMA = YES;
				CLANG_WARN_CONSTANT_CONVERSION = YES;
				CLANG_WARN_DEPRECATED_OBJC_IMPLEMENTATIONS = YES;
				CLANG_WARN_DIRECT_OBJC_ISA_USAGE = YES_ERROR;
				CLANG_WARN_DOCUMENTATION_COMMENTS = YES;
				CLANG_WARN_EMPTY_BODY = YES;
				CLANG_WARN_ENUM_CONVERSION = YES;
				CLANG_WARN_INFINITE_RECURSION = YES;
				CLANG_WARN_INT_CONVERSION = YES;
				CLANG_WARN_NON_LITERAL_NULL_CONVERSION = YES;
				CLANG_WARN_OBJC_IMPLICIT_RETAIN_SELF = YES;
				CLANG_WARN_OBJC_LITERAL_CONVERSION = YES;
				CLANG_WARN_OBJC_ROOT_CLASS = YES_ERROR;
				CLANG_WARN_RANGE_LOOP_ANALYSIS = YES;
				CLANG_WARN_STRICT_PROTOTYPES = YES;
				CLANG_WARN_SUSPICIOUS_MOVE = YES;
				CLANG_WARN_UNGUARDED_AVAILABILITY = YES_AGGRESSIVE;
				CLANG_WARN_UNREACHABLE_CODE = YES;
				CLANG_WARN__DUPLICATE_METHOD_MATCH = YES;
				CODE_SIGN_STYLE = Automatic;
				COMBINE_HIDPI_IMAGES = YES;
				COPY_PHASE_STRIP = NO;
				DEBUG_INFORMATION_FORMAT = dwarf;
				DEVELOPMENT_TEAM = E8G8ARB44Z;
				ENABLE_STRICT_OBJC_MSGSEND = YES;
				ENABLE_TESTABILITY = YES;
				GCC_C_LANGUAGE_STANDARD = gnu11;
				GCC_DYNAMIC_NO_PIC = NO;
				GCC_NO_COMMON_BLOCKS = YES;
				GCC_OPTIMIZATION_LEVEL = 0;
				GCC_PREPROCESSOR_DEFINITIONS = (
					"DEBUG=1",
					"$(inherited)",
				);
				GCC_WARN_64_TO_32_BIT_CONVERSION = YES;
				GCC_WARN_ABOUT_RETURN_TYPE = YES_ERROR;
				GCC_WARN_UNDECLARED_SELECTOR = YES;
				GCC_WARN_UNINITIALIZED_AUTOS = YES_AGGRESSIVE;
				GCC_WARN_UNUSED_FUNCTION = YES;
				GCC_WARN_UNUSED_VARIABLE = YES;
				INFOPLIST_FILE = CanneryTests/Info.plist;
				LD_RUNPATH_SEARCH_PATHS = "$(inherited) @executable_path/../Frameworks @loader_path/../Frameworks";
				MACOSX_DEPLOYMENT_TARGET = 10.15;
				MTL_ENABLE_DEBUG_INFO = INCLUDE_SOURCE;
				MTL_FAST_MATH = YES;
				ONLY_ACTIVE_ARCH = YES;
				PRODUCT_BUNDLE_IDENTIFIER = net.istumbler.labs.CanneryTests;
				PRODUCT_NAME = "$(TARGET_NAME)";
				SDKROOT = macosx;
				SWIFT_ACTIVE_COMPILATION_CONDITIONS = DEBUG;
				SWIFT_OPTIMIZATION_LEVEL = "-Onone";
				SWIFT_VERSION = 5.0;
				TEST_HOST = "$(BUILT_PRODUCTS_DIR)/Cannery.app/Contents/MacOS/Cannery";
			};
			name = Debug;
		};
		75D12D892378BF42003F2899 /* Release */ = {
			isa = XCBuildConfiguration;
			buildSettings = {
				ALWAYS_EMBED_SWIFT_STANDARD_LIBRARIES = YES;
				ALWAYS_SEARCH_USER_PATHS = NO;
				BUNDLE_LOADER = "$(TEST_HOST)";
				CLANG_ANALYZER_NONNULL = YES;
				CLANG_ANALYZER_NUMBER_OBJECT_CONVERSION = YES_AGGRESSIVE;
				CLANG_CXX_LANGUAGE_STANDARD = "gnu++14";
				CLANG_CXX_LIBRARY = "libc++";
				CLANG_ENABLE_MODULES = YES;
				CLANG_ENABLE_OBJC_ARC = YES;
				CLANG_ENABLE_OBJC_WEAK = YES;
				CLANG_WARN_BLOCK_CAPTURE_AUTORELEASING = YES;
				CLANG_WARN_BOOL_CONVERSION = YES;
				CLANG_WARN_COMMA = YES;
				CLANG_WARN_CONSTANT_CONVERSION = YES;
				CLANG_WARN_DEPRECATED_OBJC_IMPLEMENTATIONS = YES;
				CLANG_WARN_DIRECT_OBJC_ISA_USAGE = YES_ERROR;
				CLANG_WARN_DOCUMENTATION_COMMENTS = YES;
				CLANG_WARN_EMPTY_BODY = YES;
				CLANG_WARN_ENUM_CONVERSION = YES;
				CLANG_WARN_INFINITE_RECURSION = YES;
				CLANG_WARN_INT_CONVERSION = YES;
				CLANG_WARN_NON_LITERAL_NULL_CONVERSION = YES;
				CLANG_WARN_OBJC_IMPLICIT_RETAIN_SELF = YES;
				CLANG_WARN_OBJC_LITERAL_CONVERSION = YES;
				CLANG_WARN_OBJC_ROOT_CLASS = YES_ERROR;
				CLANG_WARN_RANGE_LOOP_ANALYSIS = YES;
				CLANG_WARN_STRICT_PROTOTYPES = YES;
				CLANG_WARN_SUSPICIOUS_MOVE = YES;
				CLANG_WARN_UNGUARDED_AVAILABILITY = YES_AGGRESSIVE;
				CLANG_WARN_UNREACHABLE_CODE = YES;
				CLANG_WARN__DUPLICATE_METHOD_MATCH = YES;
				CODE_SIGN_STYLE = Automatic;
				COMBINE_HIDPI_IMAGES = YES;
				COPY_PHASE_STRIP = NO;
				DEBUG_INFORMATION_FORMAT = "dwarf-with-dsym";
				DEVELOPMENT_TEAM = E8G8ARB44Z;
				ENABLE_NS_ASSERTIONS = NO;
				ENABLE_STRICT_OBJC_MSGSEND = YES;
				GCC_C_LANGUAGE_STANDARD = gnu11;
				GCC_NO_COMMON_BLOCKS = YES;
				GCC_WARN_64_TO_32_BIT_CONVERSION = YES;
				GCC_WARN_ABOUT_RETURN_TYPE = YES_ERROR;
				GCC_WARN_UNDECLARED_SELECTOR = YES;
				GCC_WARN_UNINITIALIZED_AUTOS = YES_AGGRESSIVE;
				GCC_WARN_UNUSED_FUNCTION = YES;
				GCC_WARN_UNUSED_VARIABLE = YES;
				INFOPLIST_FILE = CanneryTests/Info.plist;
				LD_RUNPATH_SEARCH_PATHS = "$(inherited) @executable_path/../Frameworks @loader_path/../Frameworks";
				MACOSX_DEPLOYMENT_TARGET = 10.15;
				MTL_ENABLE_DEBUG_INFO = NO;
				MTL_FAST_MATH = YES;
				PRODUCT_BUNDLE_IDENTIFIER = net.istumbler.labs.CanneryTests;
				PRODUCT_NAME = "$(TARGET_NAME)";
				SDKROOT = macosx;
				SWIFT_OPTIMIZATION_LEVEL = "-Owholemodule";
				SWIFT_VERSION = 5.0;
				TEST_HOST = "$(BUILT_PRODUCTS_DIR)/Cannery.app/Contents/MacOS/Cannery";
			};
			name = Release;
		};
		75EA39BA1B20D5A00058E49D /* Debug */ = {
			isa = XCBuildConfiguration;
			buildSettings = {
				CLANG_ANALYZER_LOCALIZABILITY_NONLOCALIZED = YES;
				CLANG_WARN_BLOCK_CAPTURE_AUTORELEASING = YES;
				CLANG_WARN_BOOL_CONVERSION = YES;
				CLANG_WARN_COMMA = YES;
				CLANG_WARN_CONSTANT_CONVERSION = YES;
				CLANG_WARN_DEPRECATED_OBJC_IMPLEMENTATIONS = YES;
				CLANG_WARN_EMPTY_BODY = YES;
				CLANG_WARN_ENUM_CONVERSION = YES;
				CLANG_WARN_INFINITE_RECURSION = YES;
				CLANG_WARN_INT_CONVERSION = YES;
				CLANG_WARN_NON_LITERAL_NULL_CONVERSION = YES;
				CLANG_WARN_OBJC_IMPLICIT_RETAIN_SELF = YES;
				CLANG_WARN_OBJC_LITERAL_CONVERSION = YES;
				CLANG_WARN_QUOTED_INCLUDE_IN_FRAMEWORK_HEADER = YES;
				CLANG_WARN_RANGE_LOOP_ANALYSIS = YES;
				CLANG_WARN_STRICT_PROTOTYPES = YES;
				CLANG_WARN_SUSPICIOUS_MOVE = YES;
				CLANG_WARN_UNREACHABLE_CODE = YES;
				CLANG_WARN__DUPLICATE_METHOD_MATCH = YES;
				ENABLE_STRICT_OBJC_MSGSEND = YES;
				ENABLE_TESTABILITY = YES;
				GCC_NO_COMMON_BLOCKS = YES;
				GCC_WARN_64_TO_32_BIT_CONVERSION = YES;
				GCC_WARN_ABOUT_RETURN_TYPE = YES;
				GCC_WARN_UNDECLARED_SELECTOR = YES;
				GCC_WARN_UNINITIALIZED_AUTOS = YES;
				GCC_WARN_UNUSED_FUNCTION = YES;
				GCC_WARN_UNUSED_VARIABLE = YES;
				IPHONEOS_DEPLOYMENT_TARGET = 12.0;
				MACOSX_DEPLOYMENT_TARGET = 10.10;
				ONLY_ACTIVE_ARCH = YES;
				TVOS_DEPLOYMENT_TARGET = 12.0;
				WATCHOS_DEPLOYMENT_TARGET = 4.0;
			};
			name = Debug;
		};
		75EA39BB1B20D5A00058E49D /* Release */ = {
			isa = XCBuildConfiguration;
			buildSettings = {
				CLANG_ANALYZER_LOCALIZABILITY_NONLOCALIZED = YES;
				CLANG_WARN_BLOCK_CAPTURE_AUTORELEASING = YES;
				CLANG_WARN_BOOL_CONVERSION = YES;
				CLANG_WARN_COMMA = YES;
				CLANG_WARN_CONSTANT_CONVERSION = YES;
				CLANG_WARN_DEPRECATED_OBJC_IMPLEMENTATIONS = YES;
				CLANG_WARN_EMPTY_BODY = YES;
				CLANG_WARN_ENUM_CONVERSION = YES;
				CLANG_WARN_INFINITE_RECURSION = YES;
				CLANG_WARN_INT_CONVERSION = YES;
				CLANG_WARN_NON_LITERAL_NULL_CONVERSION = YES;
				CLANG_WARN_OBJC_IMPLICIT_RETAIN_SELF = YES;
				CLANG_WARN_OBJC_LITERAL_CONVERSION = YES;
				CLANG_WARN_QUOTED_INCLUDE_IN_FRAMEWORK_HEADER = YES;
				CLANG_WARN_RANGE_LOOP_ANALYSIS = YES;
				CLANG_WARN_STRICT_PROTOTYPES = YES;
				CLANG_WARN_SUSPICIOUS_MOVE = YES;
				CLANG_WARN_UNREACHABLE_CODE = YES;
				CLANG_WARN__DUPLICATE_METHOD_MATCH = YES;
				ENABLE_STRICT_OBJC_MSGSEND = YES;
				GCC_NO_COMMON_BLOCKS = YES;
				GCC_WARN_64_TO_32_BIT_CONVERSION = YES;
				GCC_WARN_ABOUT_RETURN_TYPE = YES;
				GCC_WARN_UNDECLARED_SELECTOR = YES;
				GCC_WARN_UNINITIALIZED_AUTOS = YES;
				GCC_WARN_UNUSED_FUNCTION = YES;
				GCC_WARN_UNUSED_VARIABLE = YES;
				IPHONEOS_DEPLOYMENT_TARGET = 12.0;
				MACOSX_DEPLOYMENT_TARGET = 10.10;
				SWIFT_COMPILATION_MODE = wholemodule;
				TVOS_DEPLOYMENT_TARGET = 12.0;
				WATCHOS_DEPLOYMENT_TARGET = 4.0;
			};
			name = Release;
		};
/* End XCBuildConfiguration section */

/* Begin XCConfigurationList section */
		7507527221A9F2AF00DA776A /* Build configuration list for PBXAggregateTarget "Soup" */ = {
			isa = XCConfigurationList;
			buildConfigurations = (
				7507527021A9F2AF00DA776A /* Debug */,
				7507527121A9F2AF00DA776A /* Release */,
			);
			defaultConfigurationIsVisible = 0;
			defaultConfigurationName = Release;
		};
		7543240520A37870006EE620 /* Build configuration list for PBXNativeTarget "Soup (macOS)" */ = {
			isa = XCConfigurationList;
			buildConfigurations = (
				7543240620A37870006EE620 /* Debug */,
				7543240720A37870006EE620 /* Release */,
			);
			defaultConfigurationIsVisible = 0;
			defaultConfigurationName = Release;
		};
		7543242E20A39B5C006EE620 /* Build configuration list for PBXNativeTarget "addresses" */ = {
			isa = XCConfigurationList;
			buildConfigurations = (
				7543242F20A39B5C006EE620 /* Debug */,
				7543243020A39B5C006EE620 /* Release */,
			);
			defaultConfigurationIsVisible = 0;
			defaultConfigurationName = Release;
		};
		7580B7A6218188FE00D1E62F /* Build configuration list for PBXNativeTarget "Soup (iOS)" */ = {
			isa = XCConfigurationList;
			buildConfigurations = (
				7580B7A7218188FE00D1E62F /* Debug */,
				7580B7A8218188FE00D1E62F /* Release */,
			);
			defaultConfigurationIsVisible = 0;
			defaultConfigurationName = Release;
		};
		758880F221862FCA00488CE1 /* Build configuration list for PBXNativeTarget "Soup (tvOS)" */ = {
			isa = XCConfigurationList;
			buildConfigurations = (
				758880F321862FCA00488CE1 /* Debug */,
				758880F421862FCA00488CE1 /* Release */,
			);
			defaultConfigurationIsVisible = 0;
			defaultConfigurationName = Release;
		};
		75D12D8A2378BF42003F2899 /* Build configuration list for PBXNativeTarget "Cannery" */ = {
			isa = XCConfigurationList;
			buildConfigurations = (
				75D12D862378BF42003F2899 /* Debug */,
				75D12D872378BF42003F2899 /* Release */,
			);
			defaultConfigurationIsVisible = 0;
			defaultConfigurationName = Release;
		};
		75D12D8B2378BF42003F2899 /* Build configuration list for PBXNativeTarget "CanneryTests" */ = {
			isa = XCConfigurationList;
			buildConfigurations = (
				75D12D882378BF42003F2899 /* Debug */,
				75D12D892378BF42003F2899 /* Release */,
			);
			defaultConfigurationIsVisible = 0;
			defaultConfigurationName = Release;
		};
		75EA39B91B20D5A00058E49D /* Build configuration list for PBXProject "Soup" */ = {
			isa = XCConfigurationList;
			buildConfigurations = (
				75EA39BA1B20D5A00058E49D /* Debug */,
				75EA39BB1B20D5A00058E49D /* Release */,
			);
			defaultConfigurationIsVisible = 0;
			defaultConfigurationName = Release;
		};
/* End XCConfigurationList section */
	};
	rootObject = 75EA39B61B20D5A00058E49D /* Project object */;
}
